// !$*UTF8*$!
{
	archiveVersion = 1;
	classes = {
	};
	objectVersion = 77;
	objects = {

/* Begin PBXContainerItemProxy section */
		252B63AC2C99F16900A362C5 /* PBXContainerItemProxy */ = {
			isa = PBXContainerItemProxy;
			containerPortal = 252B63932C99F16700A362C5 /* Project object */;
			proxyType = 1;
			remoteGlobalIDString = 252B639A2C99F16700A362C5;
			remoteInfo = "Saca la Bici";
		};
		252B63B62C99F16900A362C5 /* PBXContainerItemProxy */ = {
			isa = PBXContainerItemProxy;
			containerPortal = 252B63932C99F16700A362C5 /* Project object */;
			proxyType = 1;
			remoteGlobalIDString = 252B639A2C99F16700A362C5;
			remoteInfo = "Saca la Bici";
		};
/* End PBXContainerItemProxy section */

/* Begin PBXFileReference section */
		252B639B2C99F16700A362C5 /* Saca la Bici.app */ = {isa = PBXFileReference; explicitFileType = wrapper.application; includeInIndex = 0; path = "Saca la Bici.app"; sourceTree = BUILT_PRODUCTS_DIR; };
		252B63AB2C99F16900A362C5 /* Saca la BiciTests.xctest */ = {isa = PBXFileReference; explicitFileType = wrapper.cfbundle; includeInIndex = 0; path = "Saca la BiciTests.xctest"; sourceTree = BUILT_PRODUCTS_DIR; };
		252B63B52C99F16900A362C5 /* Saca la BiciUITests.xctest */ = {isa = PBXFileReference; explicitFileType = wrapper.cfbundle; includeInIndex = 0; path = "Saca la BiciUITests.xctest"; sourceTree = BUILT_PRODUCTS_DIR; };
/* End PBXFileReference section */

/* Begin PBXFileSystemSynchronizedRootGroup section */
		252B639D2C99F16700A362C5 /* Saca la Bici */ = {
			isa = PBXFileSystemSynchronizedRootGroup;
			path = "Saca la Bici";
			sourceTree = "<group>";
		};
		252B63AE2C99F16900A362C5 /* Saca la BiciTests */ = {
			isa = PBXFileSystemSynchronizedRootGroup;
			path = "Saca la BiciTests";
			sourceTree = "<group>";
		};
		252B63B82C99F16900A362C5 /* Saca la BiciUITests */ = {
			isa = PBXFileSystemSynchronizedRootGroup;
			path = "Saca la BiciUITests";
			sourceTree = "<group>";
		};
/* End PBXFileSystemSynchronizedRootGroup section */

/* Begin PBXFrameworksBuildPhase section */
		252B63982C99F16700A362C5 /* Frameworks */ = {
			isa = PBXFrameworksBuildPhase;
			buildActionMask = 2147483647;
			files = (
			);
			runOnlyForDeploymentPostprocessing = 0;
		};
		252B63A82C99F16900A362C5 /* Frameworks */ = {
			isa = PBXFrameworksBuildPhase;
			buildActionMask = 2147483647;
			files = (
			);
			runOnlyForDeploymentPostprocessing = 0;
		};
		252B63B22C99F16900A362C5 /* Frameworks */ = {
			isa = PBXFrameworksBuildPhase;
			buildActionMask = 2147483647;
			files = (
			);
			runOnlyForDeploymentPostprocessing = 0;
		};
/* End PBXFrameworksBuildPhase section */

/* Begin PBXGroup section */
		252B63922C99F16700A362C5 = {
			isa = PBXGroup;
			children = (
				252B639D2C99F16700A362C5 /* Saca la Bici */,
				252B63AE2C99F16900A362C5 /* Saca la BiciTests */,
				252B63B82C99F16900A362C5 /* Saca la BiciUITests */,
				252B639C2C99F16700A362C5 /* Products */,
			);
			sourceTree = "<group>";
		};
		252B639C2C99F16700A362C5 /* Products */ = {
			isa = PBXGroup;
			children = (
				252B639B2C99F16700A362C5 /* Saca la Bici.app */,
				252B63AB2C99F16900A362C5 /* Saca la BiciTests.xctest */,
				252B63B52C99F16900A362C5 /* Saca la BiciUITests.xctest */,
			);
			name = Products;
			sourceTree = "<group>";
		};
/* End PBXGroup section */

/* Begin PBXNativeTarget section */
		252B639A2C99F16700A362C5 /* Saca la Bici */ = {
			isa = PBXNativeTarget;
			buildConfigurationList = 252B63BF2C99F16900A362C5 /* Build configuration list for PBXNativeTarget "Saca la Bici" */;
			buildPhases = (
				252B63972C99F16700A362C5 /* Sources */,
				252B63982C99F16700A362C5 /* Frameworks */,
				252B63992C99F16700A362C5 /* Resources */,
			);
			buildRules = (
			);
			dependencies = (
			);
			fileSystemSynchronizedGroups = (
				252B639D2C99F16700A362C5 /* Saca la Bici */,
			);
			name = "Saca la Bici";
			packageProductDependencies = (
			);
			productName = "Saca la Bici";
			productReference = 252B639B2C99F16700A362C5 /* Saca la Bici.app */;
			productType = "com.apple.product-type.application";
		};
		252B63AA2C99F16900A362C5 /* Saca la BiciTests */ = {
			isa = PBXNativeTarget;
			buildConfigurationList = 252B63C22C99F16900A362C5 /* Build configuration list for PBXNativeTarget "Saca la BiciTests" */;
			buildPhases = (
				252B63A72C99F16900A362C5 /* Sources */,
				252B63A82C99F16900A362C5 /* Frameworks */,
				252B63A92C99F16900A362C5 /* Resources */,
			);
			buildRules = (
			);
			dependencies = (
				252B63AD2C99F16900A362C5 /* PBXTargetDependency */,
			);
			fileSystemSynchronizedGroups = (
				252B63AE2C99F16900A362C5 /* Saca la BiciTests */,
			);
			name = "Saca la BiciTests";
			packageProductDependencies = (
			);
			productName = "Saca la BiciTests";
			productReference = 252B63AB2C99F16900A362C5 /* Saca la BiciTests.xctest */;
			productType = "com.apple.product-type.bundle.unit-test";
		};
		252B63B42C99F16900A362C5 /* Saca la BiciUITests */ = {
			isa = PBXNativeTarget;
			buildConfigurationList = 252B63C52C99F16900A362C5 /* Build configuration list for PBXNativeTarget "Saca la BiciUITests" */;
			buildPhases = (
				252B63B12C99F16900A362C5 /* Sources */,
				252B63B22C99F16900A362C5 /* Frameworks */,
				252B63B32C99F16900A362C5 /* Resources */,
			);
			buildRules = (
			);
			dependencies = (
				252B63B72C99F16900A362C5 /* PBXTargetDependency */,
			);
			fileSystemSynchronizedGroups = (
				252B63B82C99F16900A362C5 /* Saca la BiciUITests */,
			);
			name = "Saca la BiciUITests";
			packageProductDependencies = (
			);
			productName = "Saca la BiciUITests";
			productReference = 252B63B52C99F16900A362C5 /* Saca la BiciUITests.xctest */;
			productType = "com.apple.product-type.bundle.ui-testing";
		};
/* End PBXNativeTarget section */

/* Begin PBXProject section */
		252B63932C99F16700A362C5 /* Project object */ = {
			isa = PBXProject;
			attributes = {
				BuildIndependentTargetsInParallel = 1;
				LastSwiftUpdateCheck = 1600;
				LastUpgradeCheck = 1600;
				TargetAttributes = {
					252B639A2C99F16700A362C5 = {
						CreatedOnToolsVersion = 16.0;
					};
					252B63AA2C99F16900A362C5 = {
						CreatedOnToolsVersion = 16.0;
						TestTargetID = 252B639A2C99F16700A362C5;
					};
					252B63B42C99F16900A362C5 = {
						CreatedOnToolsVersion = 16.0;
						TestTargetID = 252B639A2C99F16700A362C5;
					};
				};
			};
			buildConfigurationList = 252B63962C99F16700A362C5 /* Build configuration list for PBXProject "Saca la Bici" */;
			developmentRegion = en;
			hasScannedForEncodings = 0;
			knownRegions = (
				en,
				Base,
			);
			mainGroup = 252B63922C99F16700A362C5;
			minimizedProjectReferenceProxies = 1;
			preferredProjectObjectVersion = 77;
			productRefGroup = 252B639C2C99F16700A362C5 /* Products */;
			projectDirPath = "";
			projectRoot = "";
			targets = (
				252B639A2C99F16700A362C5 /* Saca la Bici */,
				252B63AA2C99F16900A362C5 /* Saca la BiciTests */,
				252B63B42C99F16900A362C5 /* Saca la BiciUITests */,
			);
		};
/* End PBXProject section */

/* Begin PBXResourcesBuildPhase section */
		252B63992C99F16700A362C5 /* Resources */ = {
			isa = PBXResourcesBuildPhase;
			buildActionMask = 2147483647;
			files = (
			);
			runOnlyForDeploymentPostprocessing = 0;
		};
		252B63A92C99F16900A362C5 /* Resources */ = {
			isa = PBXResourcesBuildPhase;
			buildActionMask = 2147483647;
			files = (
			);
			runOnlyForDeploymentPostprocessing = 0;
		};
		252B63B32C99F16900A362C5 /* Resources */ = {
			isa = PBXResourcesBuildPhase;
			buildActionMask = 2147483647;
			files = (
			);
			runOnlyForDeploymentPostprocessing = 0;
		};
/* End PBXResourcesBuildPhase section */

/* Begin PBXSourcesBuildPhase section */
		252B63972C99F16700A362C5 /* Sources */ = {
			isa = PBXSourcesBuildPhase;
			buildActionMask = 2147483647;
			files = (
			);
			runOnlyForDeploymentPostprocessing = 0;
		};
		252B63A72C99F16900A362C5 /* Sources */ = {
			isa = PBXSourcesBuildPhase;
			buildActionMask = 2147483647;
			files = (
			);
			runOnlyForDeploymentPostprocessing = 0;
		};
		252B63B12C99F16900A362C5 /* Sources */ = {
			isa = PBXSourcesBuildPhase;
			buildActionMask = 2147483647;
			files = (
			);
			runOnlyForDeploymentPostprocessing = 0;
		};
/* End PBXSourcesBuildPhase section */

/* Begin PBXTargetDependency section */
		252B63AD2C99F16900A362C5 /* PBXTargetDependency */ = {
			isa = PBXTargetDependency;
			target = 252B639A2C99F16700A362C5 /* Saca la Bici */;
			targetProxy = 252B63AC2C99F16900A362C5 /* PBXContainerItemProxy */;
		};
		252B63B72C99F16900A362C5 /* PBXTargetDependency */ = {
			isa = PBXTargetDependency;
			target = 252B639A2C99F16700A362C5 /* Saca la Bici */;
			targetProxy = 252B63B62C99F16900A362C5 /* PBXContainerItemProxy */;
		};
/* End PBXTargetDependency section */

/* Begin XCBuildConfiguration section */
		252B63BD2C99F16900A362C5 /* Debug */ = {
			isa = XCBuildConfiguration;
			buildSettings = {
				ALWAYS_SEARCH_USER_PATHS = NO;
				ASSETCATALOG_COMPILER_GENERATE_SWIFT_ASSET_SYMBOL_EXTENSIONS = YES;
				CLANG_ANALYZER_NONNULL = YES;
				CLANG_ANALYZER_NUMBER_OBJECT_CONVERSION = YES_AGGRESSIVE;
				CLANG_CXX_LANGUAGE_STANDARD = "gnu++20";
				CLANG_ENABLE_MODULES = YES;
				CLANG_ENABLE_OBJC_ARC = YES;
				CLANG_ENABLE_OBJC_WEAK = YES;
				CLANG_WARN_BLOCK_CAPTURE_AUTORELEASING = YES;
				CLANG_WARN_BOOL_CONVERSION = YES;
				CLANG_WARN_COMMA = YES;
				CLANG_WARN_CONSTANT_CONVERSION = YES;
				CLANG_WARN_DEPRECATED_OBJC_IMPLEMENTATIONS = YES;
				CLANG_WARN_DIRECT_OBJC_ISA_USAGE = YES_ERROR;
				CLANG_WARN_DOCUMENTATION_COMMENTS = YES;
				CLANG_WARN_EMPTY_BODY = YES;
				CLANG_WARN_ENUM_CONVERSION = YES;
				CLANG_WARN_INFINITE_RECURSION = YES;
				CLANG_WARN_INT_CONVERSION = YES;
				CLANG_WARN_NON_LITERAL_NULL_CONVERSION = YES;
				CLANG_WARN_OBJC_IMPLICIT_RETAIN_SELF = YES;
				CLANG_WARN_OBJC_LITERAL_CONVERSION = YES;
				CLANG_WARN_OBJC_ROOT_CLASS = YES_ERROR;
				CLANG_WARN_QUOTED_INCLUDE_IN_FRAMEWORK_HEADER = YES;
				CLANG_WARN_RANGE_LOOP_ANALYSIS = YES;
				CLANG_WARN_STRICT_PROTOTYPES = YES;
				CLANG_WARN_SUSPICIOUS_MOVE = YES;
				CLANG_WARN_UNGUARDED_AVAILABILITY = YES_AGGRESSIVE;
				CLANG_WARN_UNREACHABLE_CODE = YES;
				CLANG_WARN__DUPLICATE_METHOD_MATCH = YES;
				COPY_PHASE_STRIP = NO;
				DEBUG_INFORMATION_FORMAT = dwarf;
				ENABLE_STRICT_OBJC_MSGSEND = YES;
				ENABLE_TESTABILITY = YES;
				ENABLE_USER_SCRIPT_SANDBOXING = YES;
				GCC_C_LANGUAGE_STANDARD = gnu17;
				GCC_DYNAMIC_NO_PIC = NO;
				GCC_NO_COMMON_BLOCKS = YES;
				GCC_OPTIMIZATION_LEVEL = 0;
				GCC_PREPROCESSOR_DEFINITIONS = (
					"DEBUG=1",
					"$(inherited)",
				);
				GCC_WARN_64_TO_32_BIT_CONVERSION = YES;
				GCC_WARN_ABOUT_RETURN_TYPE = YES_ERROR;
				GCC_WARN_UNDECLARED_SELECTOR = YES;
				GCC_WARN_UNINITIALIZED_AUTOS = YES_AGGRESSIVE;
				GCC_WARN_UNUSED_FUNCTION = YES;
				GCC_WARN_UNUSED_VARIABLE = YES;
				IPHONEOS_DEPLOYMENT_TARGET = 18.0;
				LOCALIZATION_PREFERS_STRING_CATALOGS = YES;
				MTL_ENABLE_DEBUG_INFO = INCLUDE_SOURCE;
				MTL_FAST_MATH = YES;
				ONLY_ACTIVE_ARCH = YES;
				SDKROOT = iphoneos;
				SWIFT_ACTIVE_COMPILATION_CONDITIONS = "DEBUG $(inherited)";
				SWIFT_OPTIMIZATION_LEVEL = "-Onone";
			};
			name = Debug;
		};
		252B63BE2C99F16900A362C5 /* Release */ = {
			isa = XCBuildConfiguration;
			buildSettings = {
				ALWAYS_SEARCH_USER_PATHS = NO;
				ASSETCATALOG_COMPILER_GENERATE_SWIFT_ASSET_SYMBOL_EXTENSIONS = YES;
				CLANG_ANALYZER_NONNULL = YES;
				CLANG_ANALYZER_NUMBER_OBJECT_CONVERSION = YES_AGGRESSIVE;
				CLANG_CXX_LANGUAGE_STANDARD = "gnu++20";
				CLANG_ENABLE_MODULES = YES;
				CLANG_ENABLE_OBJC_ARC = YES;
				CLANG_ENABLE_OBJC_WEAK = YES;
				CLANG_WARN_BLOCK_CAPTURE_AUTORELEASING = YES;
				CLANG_WARN_BOOL_CONVERSION = YES;
				CLANG_WARN_COMMA = YES;
				CLANG_WARN_CONSTANT_CONVERSION = YES;
				CLANG_WARN_DEPRECATED_OBJC_IMPLEMENTATIONS = YES;
				CLANG_WARN_DIRECT_OBJC_ISA_USAGE = YES_ERROR;
				CLANG_WARN_DOCUMENTATION_COMMENTS = YES;
				CLANG_WARN_EMPTY_BODY = YES;
				CLANG_WARN_ENUM_CONVERSION = YES;
				CLANG_WARN_INFINITE_RECURSION = YES;
				CLANG_WARN_INT_CONVERSION = YES;
				CLANG_WARN_NON_LITERAL_NULL_CONVERSION = YES;
				CLANG_WARN_OBJC_IMPLICIT_RETAIN_SELF = YES;
				CLANG_WARN_OBJC_LITERAL_CONVERSION = YES;
				CLANG_WARN_OBJC_ROOT_CLASS = YES_ERROR;
				CLANG_WARN_QUOTED_INCLUDE_IN_FRAMEWORK_HEADER = YES;
				CLANG_WARN_RANGE_LOOP_ANALYSIS = YES;
				CLANG_WARN_STRICT_PROTOTYPES = YES;
				CLANG_WARN_SUSPICIOUS_MOVE = YES;
				CLANG_WARN_UNGUARDED_AVAILABILITY = YES_AGGRESSIVE;
				CLANG_WARN_UNREACHABLE_CODE = YES;
				CLANG_WARN__DUPLICATE_METHOD_MATCH = YES;
				COPY_PHASE_STRIP = NO;
				DEBUG_INFORMATION_FORMAT = "dwarf-with-dsym";
				ENABLE_NS_ASSERTIONS = NO;
				ENABLE_STRICT_OBJC_MSGSEND = YES;
				ENABLE_USER_SCRIPT_SANDBOXING = YES;
				GCC_C_LANGUAGE_STANDARD = gnu17;
				GCC_NO_COMMON_BLOCKS = YES;
				GCC_WARN_64_TO_32_BIT_CONVERSION = YES;
				GCC_WARN_ABOUT_RETURN_TYPE = YES_ERROR;
				GCC_WARN_UNDECLARED_SELECTOR = YES;
				GCC_WARN_UNINITIALIZED_AUTOS = YES_AGGRESSIVE;
				GCC_WARN_UNUSED_FUNCTION = YES;
				GCC_WARN_UNUSED_VARIABLE = YES;
				IPHONEOS_DEPLOYMENT_TARGET = 18.0;
				LOCALIZATION_PREFERS_STRING_CATALOGS = YES;
				MTL_ENABLE_DEBUG_INFO = NO;
				MTL_FAST_MATH = YES;
				SDKROOT = iphoneos;
				SWIFT_COMPILATION_MODE = wholemodule;
				VALIDATE_PRODUCT = YES;
			};
			name = Release;
		};
		252B63C02C99F16900A362C5 /* Debug */ = {
			isa = XCBuildConfiguration;
			buildSettings = {
				ASSETCATALOG_COMPILER_APPICON_NAME = AppIcon;
				ASSETCATALOG_COMPILER_GLOBAL_ACCENT_COLOR_NAME = AccentColor;
				CODE_SIGN_STYLE = Automatic;
				CURRENT_PROJECT_VERSION = 1;
				DEVELOPMENT_ASSET_PATHS = "\"Saca la Bici/Preview Content\"";
				DEVELOPMENT_TEAM = 43GHW8N2DC;
				ENABLE_PREVIEWS = YES;
				GENERATE_INFOPLIST_FILE = YES;
				INFOPLIST_KEY_UIApplicationSceneManifest_Generation = YES;
				INFOPLIST_KEY_UIApplicationSupportsIndirectInputEvents = YES;
				INFOPLIST_KEY_UILaunchScreen_Generation = YES;
				INFOPLIST_KEY_UISupportedInterfaceOrientations_iPad = "UIInterfaceOrientationPortrait UIInterfaceOrientationPortraitUpsideDown UIInterfaceOrientationLandscapeLeft UIInterfaceOrientationLandscapeRight";
				INFOPLIST_KEY_UISupportedInterfaceOrientations_iPhone = "UIInterfaceOrientationPortrait UIInterfaceOrientationLandscapeLeft UIInterfaceOrientationLandscapeRight";
				LD_RUNPATH_SEARCH_PATHS = (
					"$(inherited)",
					"@executable_path/Frameworks",
				);
				MARKETING_VERSION = 1.0;
				PRODUCT_BUNDLE_IDENTIFIER = "com.SacalaBici.Jesus.Saca-la-Bici";
				PRODUCT_NAME = "$(TARGET_NAME)";
				SWIFT_EMIT_LOC_STRINGS = YES;
				SWIFT_VERSION = 5.0;
				TARGETED_DEVICE_FAMILY = "1,2";
			};
			name = Debug;
		};
		252B63C12C99F16900A362C5 /* Release */ = {
			isa = XCBuildConfiguration;
			buildSettings = {
				ASSETCATALOG_COMPILER_APPICON_NAME = AppIcon;
				ASSETCATALOG_COMPILER_GLOBAL_ACCENT_COLOR_NAME = AccentColor;
				CODE_SIGN_STYLE = Automatic;
				CURRENT_PROJECT_VERSION = 1;
				DEVELOPMENT_ASSET_PATHS = "\"Saca la Bici/Preview Content\"";
				DEVELOPMENT_TEAM = 43GHW8N2DC;
				ENABLE_PREVIEWS = YES;
				GENERATE_INFOPLIST_FILE = YES;
				INFOPLIST_KEY_UIApplicationSceneManifest_Generation = YES;
				INFOPLIST_KEY_UIApplicationSupportsIndirectInputEvents = YES;
				INFOPLIST_KEY_UILaunchScreen_Generation = YES;
				INFOPLIST_KEY_UISupportedInterfaceOrientations_iPad = "UIInterfaceOrientationPortrait UIInterfaceOrientationPortraitUpsideDown UIInterfaceOrientationLandscapeLeft UIInterfaceOrientationLandscapeRight";
				INFOPLIST_KEY_UISupportedInterfaceOrientations_iPhone = "UIInterfaceOrientationPortrait UIInterfaceOrientationLandscapeLeft UIInterfaceOrientationLandscapeRight";
				LD_RUNPATH_SEARCH_PATHS = (
					"$(inherited)",
					"@executable_path/Frameworks",
				);
				MARKETING_VERSION = 1.0;
				PRODUCT_BUNDLE_IDENTIFIER = "com.SacalaBici.Jesus.Saca-la-Bici";
				PRODUCT_NAME = "$(TARGET_NAME)";
				SWIFT_EMIT_LOC_STRINGS = YES;
				SWIFT_VERSION = 5.0;
				TARGETED_DEVICE_FAMILY = "1,2";
			};
			name = Release;
		};
		252B63C32C99F16900A362C5 /* Debug */ = {
			isa = XCBuildConfiguration;
			buildSettings = {
				BUNDLE_LOADER = "$(TEST_HOST)";
				CODE_SIGN_STYLE = Automatic;
				CURRENT_PROJECT_VERSION = 1;
				DEVELOPMENT_TEAM = 43GHW8N2DC;
				GENERATE_INFOPLIST_FILE = YES;
				IPHONEOS_DEPLOYMENT_TARGET = 18.0;
				MARKETING_VERSION = 1.0;
				PRODUCT_BUNDLE_IDENTIFIER = "com.SacalaBici.Jesus.Saca-la-BiciTests";
				PRODUCT_NAME = "$(TARGET_NAME)";
				SWIFT_EMIT_LOC_STRINGS = NO;
				SWIFT_VERSION = 5.0;
				TARGETED_DEVICE_FAMILY = "1,2";
				TEST_HOST = "$(BUILT_PRODUCTS_DIR)/Saca la Bici.app/$(BUNDLE_EXECUTABLE_FOLDER_PATH)/Saca la Bici";
			};
			name = Debug;
		};
		252B63C42C99F16900A362C5 /* Release */ = {
			isa = XCBuildConfiguration;
			buildSettings = {
				BUNDLE_LOADER = "$(TEST_HOST)";
				CODE_SIGN_STYLE = Automatic;
				CURRENT_PROJECT_VERSION = 1;
				DEVELOPMENT_TEAM = 43GHW8N2DC;
				GENERATE_INFOPLIST_FILE = YES;
				IPHONEOS_DEPLOYMENT_TARGET = 18.0;
				MARKETING_VERSION = 1.0;
				PRODUCT_BUNDLE_IDENTIFIER = "com.SacalaBici.Jesus.Saca-la-BiciTests";
				PRODUCT_NAME = "$(TARGET_NAME)";
				SWIFT_EMIT_LOC_STRINGS = NO;
				SWIFT_VERSION = 5.0;
				TARGETED_DEVICE_FAMILY = "1,2";
				TEST_HOST = "$(BUILT_PRODUCTS_DIR)/Saca la Bici.app/$(BUNDLE_EXECUTABLE_FOLDER_PATH)/Saca la Bici";
			};
			name = Release;
		};
		252B63C62C99F16900A362C5 /* Debug */ = {
			isa = XCBuildConfiguration;
			buildSettings = {
				CODE_SIGN_STYLE = Automatic;
				CURRENT_PROJECT_VERSION = 1;
				DEVELOPMENT_TEAM = 43GHW8N2DC;
				GENERATE_INFOPLIST_FILE = YES;
				MARKETING_VERSION = 1.0;
				PRODUCT_BUNDLE_IDENTIFIER = "com.SacalaBici.Jesus.Saca-la-BiciUITests";
				PRODUCT_NAME = "$(TARGET_NAME)";
				SWIFT_EMIT_LOC_STRINGS = NO;
				SWIFT_VERSION = 5.0;
				TARGETED_DEVICE_FAMILY = "1,2";
				TEST_TARGET_NAME = "Saca la Bici";
			};
			name = Debug;
		};
		252B63C72C99F16900A362C5 /* Release */ = {
			isa = XCBuildConfiguration;
			buildSettings = {
				CODE_SIGN_STYLE = Automatic;
				CURRENT_PROJECT_VERSION = 1;
				DEVELOPMENT_TEAM = 43GHW8N2DC;
				GENERATE_INFOPLIST_FILE = YES;
				MARKETING_VERSION = 1.0;
				PRODUCT_BUNDLE_IDENTIFIER = "com.SacalaBici.Jesus.Saca-la-BiciUITests";
				PRODUCT_NAME = "$(TARGET_NAME)";
				SWIFT_EMIT_LOC_STRINGS = NO;
				SWIFT_VERSION = 5.0;
				TARGETED_DEVICE_FAMILY = "1,2";
				TEST_TARGET_NAME = "Saca la Bici";
			};
			name = Release;
		};
/* End XCBuildConfiguration section */

/* Begin XCConfigurationList section */
		252B63962C99F16700A362C5 /* Build configuration list for PBXProject "Saca la Bici" */ = {
			isa = XCConfigurationList;
			buildConfigurations = (
				252B63BD2C99F16900A362C5 /* Debug */,
				252B63BE2C99F16900A362C5 /* Release */,
			);
			defaultConfigurationIsVisible = 0;
			defaultConfigurationName = Release;
		};
		252B63BF2C99F16900A362C5 /* Build configuration list for PBXNativeTarget "Saca la Bici" */ = {
			isa = XCConfigurationList;
			buildConfigurations = (
				252B63C02C99F16900A362C5 /* Debug */,
				252B63C12C99F16900A362C5 /* Release */,
			);
			defaultConfigurationIsVisible = 0;
			defaultConfigurationName = Release;
		};
		252B63C22C99F16900A362C5 /* Build configuration list for PBXNativeTarget "Saca la BiciTests" */ = {
			isa = XCConfigurationList;
			buildConfigurations = (
				252B63C32C99F16900A362C5 /* Debug */,
				252B63C42C99F16900A362C5 /* Release */,
			);
			defaultConfigurationIsVisible = 0;
			defaultConfigurationName = Release;
		};
		252B63C52C99F16900A362C5 /* Build configuration list for PBXNativeTarget "Saca la BiciUITests" */ = {
			isa = XCConfigurationList;
			buildConfigurations = (
				252B63C62C99F16900A362C5 /* Debug */,
				252B63C72C99F16900A362C5 /* Release */,
			);
			defaultConfigurationIsVisible = 0;
			defaultConfigurationName = Release;
		};
/* End XCConfigurationList section */
	};
	rootObject = 252B63932C99F16700A362C5 /* Project object */;
}
