// !$*UTF8*$!
{
	archiveVersion = 1;
	classes = {
	};
	objectVersion = 77;
	objects = {

/* Begin PBXBuildFile section */
		252B64832C99FC5E00A362C5 /* Assets.xcassets in Resources */ = {isa = PBXBuildFile; fileRef = 252B647F2C99FC5E00A362C5 /* Assets.xcassets */; };
		252B64852C99FC5E00A362C5 /* Saca_la_BiciApp.swift in Sources */ = {isa = PBXBuildFile; fileRef = 252B64812C99FC5E00A362C5 /* Saca_la_BiciApp.swift */; };
		252B64872C99FC5E00A362C5 /* Saca_la_BiciTests.swift in Sources */ = {isa = PBXBuildFile; fileRef = 252B64862C99FC5E00A362C5 /* Saca_la_BiciTests.swift */; };
		252B648A2C99FC5E00A362C5 /* Saca_la_BiciUITests.swift in Sources */ = {isa = PBXBuildFile; fileRef = 252B64882C99FC5E00A362C5 /* Saca_la_BiciUITests.swift */; };
		252B648B2C99FC5E00A362C5 /* Saca_la_BiciUITestsLaunchTests.swift in Sources */ = {isa = PBXBuildFile; fileRef = 252B64892C99FC5E00A362C5 /* Saca_la_BiciUITestsLaunchTests.swift */; };
		252B64902C99FCD800A362C5 /* Preview Assets.xcassets in Resources */ = {isa = PBXBuildFile; fileRef = 252B648E2C99FCD800A362C5 /* Preview Assets.xcassets */; };
		252B64D12C99FE5900A362C5 /* SessionCoordinatorView.swift in Sources */ = {isa = PBXBuildFile; fileRef = 252B64C72C99FE5900A362C5 /* SessionCoordinatorView.swift */; };
		252B64D22C99FE5900A362C5 /* UIApplicationExtensions.swift in Sources */ = {isa = PBXBuildFile; fileRef = 252B64CE2C99FE5900A362C5 /* UIApplicationExtensions.swift */; };
		252B64D32C99FE5900A362C5 /* SignUpStep1View.swift in Sources */ = {isa = PBXBuildFile; fileRef = 252B64C92C99FE5900A362C5 /* SignUpStep1View.swift */; };
		252B64D42C99FE5900A362C5 /* SignUpStep2View.swift in Sources */ = {isa = PBXBuildFile; fileRef = 252B64CA2C99FE5900A362C5 /* SignUpStep2View.swift */; };
		252B64D52C99FE5900A362C5 /* SignUpStep3View.swift in Sources */ = {isa = PBXBuildFile; fileRef = 252B64CB2C99FE5900A362C5 /* SignUpStep3View.swift */; };
		252B64D62C99FE5900A362C5 /* MenuTabs.swift in Sources */ = {isa = PBXBuildFile; fileRef = 252B64C82C99FE5900A362C5 /* MenuTabs.swift */; };
		252B64D72C99FE5900A362C5 /* ResultView.swift in Sources */ = {isa = PBXBuildFile; fileRef = 252B64C62C99FE5900A362C5 /* ResultView.swift */; };
		252B64D82C99FE5900A362C5 /* MainLoginView.swift in Sources */ = {isa = PBXBuildFile; fileRef = 252B64CC2C99FE5900A362C5 /* MainLoginView.swift */; };
		252B64DB2C99FE5900A362C5 /* LoginView.swift in Sources */ = {isa = PBXBuildFile; fileRef = 252B64C52C99FE5900A362C5 /* LoginView.swift */; };
		252B64E02C99FE6F00A362C5 /* LoginRequirement.swift in Sources */ = {isa = PBXBuildFile; fileRef = 252B64DD2C99FE6F00A362C5 /* LoginRequirement.swift */; };
		252B64E12C99FE6F00A362C5 /* SignUpRequirement.swift in Sources */ = {isa = PBXBuildFile; fileRef = 252B64DE2C99FE6F00A362C5 /* SignUpRequirement.swift */; };
		252B64EB2C99FE7200A362C5 /* User.swift in Sources */ = {isa = PBXBuildFile; fileRef = 252B64E32C99FE7200A362C5 /* User.swift */; };
		252B64ED2C99FE7200A362C5 /* APIRoutes.swift in Sources */ = {isa = PBXBuildFile; fileRef = 252B64E22C99FE7200A362C5 /* APIRoutes.swift */; };
		252B64EE2C99FE7200A362C5 /* SessionAPIService.swift in Sources */ = {isa = PBXBuildFile; fileRef = 252B64E42C99FE7200A362C5 /* SessionAPIService.swift */; };
		252B64EF2C99FE7200A362C5 /* SessionRepository.swift in Sources */ = {isa = PBXBuildFile; fileRef = 252B64E82C99FE7200A362C5 /* SessionRepository.swift */; };
		252B64F32C99FF1000A362C5 /* Alamofire in Frameworks */ = {isa = PBXBuildFile; productRef = 252B64F22C99FF1000A362C5 /* Alamofire */; };
		252B64F62C99FFBD00A362C5 /* FirebaseAuth in Frameworks */ = {isa = PBXBuildFile; productRef = 252B64F52C99FFBD00A362C5 /* FirebaseAuth */; };
		252B64F82C99FFBD00A362C5 /* FirebaseAuthCombine-Community in Frameworks */ = {isa = PBXBuildFile; productRef = 252B64F72C99FFBD00A362C5 /* FirebaseAuthCombine-Community */; };
		252B64FB2C99FFE200A362C5 /* GoogleSignIn in Frameworks */ = {isa = PBXBuildFile; productRef = 252B64FA2C99FFE200A362C5 /* GoogleSignIn */; };
		252B64FD2C99FFE200A362C5 /* GoogleSignInSwift in Frameworks */ = {isa = PBXBuildFile; productRef = 252B64FC2C99FFE200A362C5 /* GoogleSignInSwift */; };
		AE41A6CA2C9A609300921BDF /* SessionManager.swift in Sources */ = {isa = PBXBuildFile; fileRef = AE41A6C82C9A609300921BDF /* SessionManager.swift */; };
		AE41A6CB2C9A609300921BDF /* SignUpViewModel.swift in Sources */ = {isa = PBXBuildFile; fileRef = AE41A6C92C9A609300921BDF /* SignUpViewModel.swift */; };
		AE41A6CC2C9A609300921BDF /* LoginViewModel.swift in Sources */ = {isa = PBXBuildFile; fileRef = AE41A6C72C9A609300921BDF /* LoginViewModel.swift */; };
		AE41A6D92C9A613800921BDF /* AnuncioViewModel.swift in Sources */ = {isa = PBXBuildFile; fileRef = AE41A6D82C9A612F00921BDF /* AnuncioViewModel.swift */; };
		AE41A6DD2C9A62F400921BDF /* ConsultarAnuncioRequirement.swift in Sources */ = {isa = PBXBuildFile; fileRef = AE41A6DC2C9A62E400921BDF /* ConsultarAnuncioRequirement.swift */; };
		AE41A6E12C9A633100921BDF /* AnuncioRepository.swift in Sources */ = {isa = PBXBuildFile; fileRef = AE41A6E02C9A632A00921BDF /* AnuncioRepository.swift */; };
		AE41A6E32C9A637200921BDF /* AnuncioAPIService.swift in Sources */ = {isa = PBXBuildFile; fileRef = AE41A6E22C9A636B00921BDF /* AnuncioAPIService.swift */; };
		AE41A6E52C9A648B00921BDF /* consultarAnuncioView.swift in Sources */ = {isa = PBXBuildFile; fileRef = AE41A6E42C9A648B00921BDF /* consultarAnuncioView.swift */; };
		AE41A6E72C9A679700921BDF /* Anuncio.swift in Sources */ = {isa = PBXBuildFile; fileRef = AE41A6E62C9A679000921BDF /* Anuncio.swift */; };
		AE41A6E92C9A6AA200921BDF /* AnadirAnuncioView.swift in Sources */ = {isa = PBXBuildFile; fileRef = AE41A6E82C9A6AA200921BDF /* AnadirAnuncioView.swift */; };
		AEE34B862C9FA5BD00C2EECE /* GoogleService-Info.plist in Resources */ = {isa = PBXBuildFile; fileRef = AEE34B852C9FA5BD00C2EECE /* GoogleService-Info.plist */; };
		AEE34B8A2C9FA61800C2EECE /* modificarAnuncioView.swift in Sources */ = {isa = PBXBuildFile; fileRef = AEE34B892C9FA61800C2EECE /* modificarAnuncioView.swift */; };
/* End PBXBuildFile section */

/* Begin PBXContainerItemProxy section */
		252B63AC2C99F16900A362C5 /* PBXContainerItemProxy */ = {
			isa = PBXContainerItemProxy;
			containerPortal = 252B63932C99F16700A362C5 /* Project object */;
			proxyType = 1;
			remoteGlobalIDString = 252B639A2C99F16700A362C5;
			remoteInfo = "Saca la Bici";
		};
		252B63B62C99F16900A362C5 /* PBXContainerItemProxy */ = {
			isa = PBXContainerItemProxy;
			containerPortal = 252B63932C99F16700A362C5 /* Project object */;
			proxyType = 1;
			remoteGlobalIDString = 252B639A2C99F16700A362C5;
			remoteInfo = "Saca la Bici";
		};
/* End PBXContainerItemProxy section */

/* Begin PBXFileReference section */
		252B639B2C99F16700A362C5 /* Saca la Bici.app */ = {isa = PBXFileReference; explicitFileType = wrapper.application; includeInIndex = 0; path = "Saca la Bici.app"; sourceTree = BUILT_PRODUCTS_DIR; };
		252B63AB2C99F16900A362C5 /* Saca la BiciTests.xctest */ = {isa = PBXFileReference; explicitFileType = wrapper.cfbundle; includeInIndex = 0; path = "Saca la BiciTests.xctest"; sourceTree = BUILT_PRODUCTS_DIR; };
		252B63B52C99F16900A362C5 /* Saca la BiciUITests.xctest */ = {isa = PBXFileReference; explicitFileType = wrapper.cfbundle; includeInIndex = 0; path = "Saca la BiciUITests.xctest"; sourceTree = BUILT_PRODUCTS_DIR; };
		252B647F2C99FC5E00A362C5 /* Assets.xcassets */ = {isa = PBXFileReference; lastKnownFileType = folder.assetcatalog; path = Assets.xcassets; sourceTree = "<group>"; };
		252B64812C99FC5E00A362C5 /* Saca_la_BiciApp.swift */ = {isa = PBXFileReference; lastKnownFileType = sourcecode.swift; path = Saca_la_BiciApp.swift; sourceTree = "<group>"; };
		252B64862C99FC5E00A362C5 /* Saca_la_BiciTests.swift */ = {isa = PBXFileReference; lastKnownFileType = sourcecode.swift; path = Saca_la_BiciTests.swift; sourceTree = "<group>"; };
		252B64882C99FC5E00A362C5 /* Saca_la_BiciUITests.swift */ = {isa = PBXFileReference; lastKnownFileType = sourcecode.swift; path = Saca_la_BiciUITests.swift; sourceTree = "<group>"; };
		252B64892C99FC5E00A362C5 /* Saca_la_BiciUITestsLaunchTests.swift */ = {isa = PBXFileReference; lastKnownFileType = sourcecode.swift; path = Saca_la_BiciUITestsLaunchTests.swift; sourceTree = "<group>"; };
		252B648E2C99FCD800A362C5 /* Preview Assets.xcassets */ = {isa = PBXFileReference; lastKnownFileType = folder.assetcatalog; path = "Preview Assets.xcassets"; sourceTree = "<group>"; };
		252B64C52C99FE5900A362C5 /* LoginView.swift */ = {isa = PBXFileReference; lastKnownFileType = sourcecode.swift; path = LoginView.swift; sourceTree = "<group>"; };
		252B64C62C99FE5900A362C5 /* ResultView.swift */ = {isa = PBXFileReference; lastKnownFileType = sourcecode.swift; path = ResultView.swift; sourceTree = "<group>"; };
		252B64C72C99FE5900A362C5 /* SessionCoordinatorView.swift */ = {isa = PBXFileReference; lastKnownFileType = sourcecode.swift; path = SessionCoordinatorView.swift; sourceTree = "<group>"; };
		252B64C82C99FE5900A362C5 /* MenuTabs.swift */ = {isa = PBXFileReference; lastKnownFileType = sourcecode.swift; path = MenuTabs.swift; sourceTree = "<group>"; };
		252B64C92C99FE5900A362C5 /* SignUpStep1View.swift */ = {isa = PBXFileReference; lastKnownFileType = sourcecode.swift; path = SignUpStep1View.swift; sourceTree = "<group>"; };
		252B64CA2C99FE5900A362C5 /* SignUpStep2View.swift */ = {isa = PBXFileReference; lastKnownFileType = sourcecode.swift; path = SignUpStep2View.swift; sourceTree = "<group>"; };
		252B64CB2C99FE5900A362C5 /* SignUpStep3View.swift */ = {isa = PBXFileReference; lastKnownFileType = sourcecode.swift; path = SignUpStep3View.swift; sourceTree = "<group>"; };
		252B64CC2C99FE5900A362C5 /* MainLoginView.swift */ = {isa = PBXFileReference; lastKnownFileType = sourcecode.swift; path = MainLoginView.swift; sourceTree = "<group>"; };
		252B64CE2C99FE5900A362C5 /* UIApplicationExtensions.swift */ = {isa = PBXFileReference; lastKnownFileType = sourcecode.swift; path = UIApplicationExtensions.swift; sourceTree = "<group>"; };
		252B64DD2C99FE6F00A362C5 /* LoginRequirement.swift */ = {isa = PBXFileReference; lastKnownFileType = sourcecode.swift; path = LoginRequirement.swift; sourceTree = "<group>"; };
		252B64DE2C99FE6F00A362C5 /* SignUpRequirement.swift */ = {isa = PBXFileReference; lastKnownFileType = sourcecode.swift; path = SignUpRequirement.swift; sourceTree = "<group>"; };
		252B64E22C99FE7200A362C5 /* APIRoutes.swift */ = {isa = PBXFileReference; lastKnownFileType = sourcecode.swift; path = APIRoutes.swift; sourceTree = "<group>"; };
		252B64E32C99FE7200A362C5 /* User.swift */ = {isa = PBXFileReference; lastKnownFileType = sourcecode.swift; path = User.swift; sourceTree = "<group>"; };
		252B64E42C99FE7200A362C5 /* SessionAPIService.swift */ = {isa = PBXFileReference; lastKnownFileType = sourcecode.swift; path = SessionAPIService.swift; sourceTree = "<group>"; };
		252B64E82C99FE7200A362C5 /* SessionRepository.swift */ = {isa = PBXFileReference; lastKnownFileType = sourcecode.swift; path = SessionRepository.swift; sourceTree = "<group>"; };
		252B65042C9A297700A362C5 /* Saca-la-Bici-Info.plist */ = {isa = PBXFileReference; lastKnownFileType = text.plist.xml; path = "Saca-la-Bici-Info.plist"; sourceTree = SOURCE_ROOT; };
		AE41A6C72C9A609300921BDF /* LoginViewModel.swift */ = {isa = PBXFileReference; lastKnownFileType = sourcecode.swift; path = LoginViewModel.swift; sourceTree = "<group>"; };
		AE41A6C82C9A609300921BDF /* SessionManager.swift */ = {isa = PBXFileReference; lastKnownFileType = sourcecode.swift; path = SessionManager.swift; sourceTree = "<group>"; };
		AE41A6C92C9A609300921BDF /* SignUpViewModel.swift */ = {isa = PBXFileReference; lastKnownFileType = sourcecode.swift; path = SignUpViewModel.swift; sourceTree = "<group>"; };
		AE41A6D82C9A612F00921BDF /* AnuncioViewModel.swift */ = {isa = PBXFileReference; lastKnownFileType = sourcecode.swift; path = AnuncioViewModel.swift; sourceTree = "<group>"; };
		AE41A6DC2C9A62E400921BDF /* ConsultarAnuncioRequirement.swift */ = {isa = PBXFileReference; lastKnownFileType = sourcecode.swift; path = ConsultarAnuncioRequirement.swift; sourceTree = "<group>"; };
		AE41A6E02C9A632A00921BDF /* AnuncioRepository.swift */ = {isa = PBXFileReference; lastKnownFileType = sourcecode.swift; path = AnuncioRepository.swift; sourceTree = "<group>"; };
		AE41A6E22C9A636B00921BDF /* AnuncioAPIService.swift */ = {isa = PBXFileReference; lastKnownFileType = sourcecode.swift; path = AnuncioAPIService.swift; sourceTree = "<group>"; };
		AE41A6E42C9A648B00921BDF /* consultarAnuncioView.swift */ = {isa = PBXFileReference; lastKnownFileType = sourcecode.swift; path = consultarAnuncioView.swift; sourceTree = "<group>"; };
		AE41A6E62C9A679000921BDF /* Anuncio.swift */ = {isa = PBXFileReference; lastKnownFileType = sourcecode.swift; path = Anuncio.swift; sourceTree = "<group>"; };
		AE41A6E82C9A6AA200921BDF /* AnadirAnuncioView.swift */ = {isa = PBXFileReference; lastKnownFileType = sourcecode.swift; path = AnadirAnuncioView.swift; sourceTree = "<group>"; };
		AEE34B852C9FA5BD00C2EECE /* GoogleService-Info.plist */ = {isa = PBXFileReference; lastKnownFileType = text.plist.xml; path = "GoogleService-Info.plist"; sourceTree = "<group>"; };
		AEE34B892C9FA61800C2EECE /* modificarAnuncioView.swift */ = {isa = PBXFileReference; lastKnownFileType = sourcecode.swift; path = modificarAnuncioView.swift; sourceTree = "<group>"; };
/* End PBXFileReference section */

/* Begin PBXFrameworksBuildPhase section */
		252B63982C99F16700A362C5 /* Frameworks */ = {
			isa = PBXFrameworksBuildPhase;
			buildActionMask = 2147483647;
			files = (
				252B64FD2C99FFE200A362C5 /* GoogleSignInSwift in Frameworks */,
				252B64F32C99FF1000A362C5 /* Alamofire in Frameworks */,
				252B64FB2C99FFE200A362C5 /* GoogleSignIn in Frameworks */,
				252B64F82C99FFBD00A362C5 /* FirebaseAuthCombine-Community in Frameworks */,
				252B64F62C99FFBD00A362C5 /* FirebaseAuth in Frameworks */,
			);
			runOnlyForDeploymentPostprocessing = 0;
		};
		252B63A82C99F16900A362C5 /* Frameworks */ = {
			isa = PBXFrameworksBuildPhase;
			buildActionMask = 2147483647;
			files = (
			);
			runOnlyForDeploymentPostprocessing = 0;
		};
		252B63B22C99F16900A362C5 /* Frameworks */ = {
			isa = PBXFrameworksBuildPhase;
			buildActionMask = 2147483647;
			files = (
			);
			runOnlyForDeploymentPostprocessing = 0;
		};
/* End PBXFrameworksBuildPhase section */

/* Begin PBXGroup section */
		252B63922C99F16700A362C5 = {
			isa = PBXGroup;
			children = (
				252B64922C99FD0F00A362C5 /* Saca la Bici */,
				252B648D2C99FCAE00A362C5 /* Saca la BiciTests */,
				252B648C2C99FC8300A362C5 /* Saca la BiciUITests */,
				252B639C2C99F16700A362C5 /* Products */,
			);
			sourceTree = "<group>";
		};
		252B639C2C99F16700A362C5 /* Products */ = {
			isa = PBXGroup;
			children = (
				252B639B2C99F16700A362C5 /* Saca la Bici.app */,
				252B63AB2C99F16900A362C5 /* Saca la BiciTests.xctest */,
				252B63B52C99F16900A362C5 /* Saca la BiciUITests.xctest */,
			);
			name = Products;
			sourceTree = "<group>";
		};
		252B648C2C99FC8300A362C5 /* Saca la BiciUITests */ = {
			isa = PBXGroup;
			children = (
				252B64892C99FC5E00A362C5 /* Saca_la_BiciUITestsLaunchTests.swift */,
				252B64882C99FC5E00A362C5 /* Saca_la_BiciUITests.swift */,
			);
			path = "Saca la BiciUITests";
			sourceTree = "<group>";
		};
		252B648D2C99FCAE00A362C5 /* Saca la BiciTests */ = {
			isa = PBXGroup;
			children = (
				252B64862C99FC5E00A362C5 /* Saca_la_BiciTests.swift */,
			);
			path = "Saca la BiciTests";
			sourceTree = "<group>";
		};
		252B64922C99FD0F00A362C5 /* Saca la Bici */ = {
			isa = PBXGroup;
			children = (
				252B64812C99FC5E00A362C5 /* Saca_la_BiciApp.swift */,
				252B64D02C99FE5900A362C5 /* Framework */,
				252B64DF2C99FE6F00A362C5 /* Domain */,
				252B64EA2C99FE7200A362C5 /* Data */,
				AEE34B852C9FA5BD00C2EECE /* GoogleService-Info.plist */,
				252B65042C9A297700A362C5 /* Saca-la-Bici-Info.plist */,
				252B647F2C99FC5E00A362C5 /* Assets.xcassets */,
				252B64932C99FD2C00A362C5 /* Preview Content */,
			);
			path = "Saca la Bici";
			sourceTree = "<group>";
		};
		252B64932C99FD2C00A362C5 /* Preview Content */ = {
			isa = PBXGroup;
			children = (
				252B648E2C99FCD800A362C5 /* Preview Assets.xcassets */,
			);
			path = "Preview Content";
			sourceTree = "<group>";
		};
		252B64CD2C99FE5900A362C5 /* Views */ = {
			isa = PBXGroup;
			children = (
				AE41A6DA2C9A629800921BDF /* Anuncios */,
				252B65052C9A37D600A362C5 /* Session */,
				252B64C62C99FE5900A362C5 /* ResultView.swift */,
				252B64C82C99FE5900A362C5 /* MenuTabs.swift */,
			);
			path = Views;
			sourceTree = "<group>";
		};
		252B64CF2C99FE5900A362C5 /* Extensions */ = {
			isa = PBXGroup;
			children = (
				252B64CE2C99FE5900A362C5 /* UIApplicationExtensions.swift */,
			);
			path = Extensions;
			sourceTree = "<group>";
		};
		252B64D02C99FE5900A362C5 /* Framework */ = {
			isa = PBXGroup;
			children = (
				AE41A6C52C9A607600921BDF /* ViewModels */,
				252B64CD2C99FE5900A362C5 /* Views */,
				252B64CF2C99FE5900A362C5 /* Extensions */,
			);
			path = Framework;
			sourceTree = "<group>";
		};
		252B64DF2C99FE6F00A362C5 /* Domain */ = {
			isa = PBXGroup;
			children = (
				AE41A6DB2C9A62DB00921BDF /* Anuncios */,
				252B64FF2C9A021D00A362C5 /* Session */,
			);
			path = Domain;
			sourceTree = "<group>";
		};
		252B64E62C99FE7200A362C5 /* Network */ = {
			isa = PBXGroup;
			children = (
				AE41A6E22C9A636B00921BDF /* AnuncioAPIService.swift */,
				252B64E42C99FE7200A362C5 /* SessionAPIService.swift */,
			);
			path = Network;
			sourceTree = "<group>";
		};
		252B64E72C99FE7200A362C5 /* Models */ = {
			isa = PBXGroup;
			children = (
				AE41A6E62C9A679000921BDF /* Anuncio.swift */,
				AE41A6E02C9A632A00921BDF /* AnuncioRepository.swift */,
				252B64E22C99FE7200A362C5 /* APIRoutes.swift */,
				252B64E32C99FE7200A362C5 /* User.swift */,
				252B64E62C99FE7200A362C5 /* Network */,
			);
			path = Models;
			sourceTree = "<group>";
		};
		252B64EA2C99FE7200A362C5 /* Data */ = {
			isa = PBXGroup;
			children = (
				252B64E72C99FE7200A362C5 /* Models */,
				252B64E82C99FE7200A362C5 /* SessionRepository.swift */,
			);
			path = Data;
			sourceTree = "<group>";
		};
		252B64FF2C9A021D00A362C5 /* Session */ = {
			isa = PBXGroup;
			children = (
				252B64DD2C99FE6F00A362C5 /* LoginRequirement.swift */,
				252B64DE2C99FE6F00A362C5 /* SignUpRequirement.swift */,
			);
			path = Session;
			sourceTree = "<group>";
		};
		252B65052C9A37D600A362C5 /* Session */ = {
			isa = PBXGroup;
			children = (
				252B64CC2C99FE5900A362C5 /* MainLoginView.swift */,
				252B64C52C99FE5900A362C5 /* LoginView.swift */,
				252B64C92C99FE5900A362C5 /* SignUpStep1View.swift */,
				252B64CA2C99FE5900A362C5 /* SignUpStep2View.swift */,
				252B64CB2C99FE5900A362C5 /* SignUpStep3View.swift */,
				252B64C72C99FE5900A362C5 /* SessionCoordinatorView.swift */,
			);
			path = Session;
			sourceTree = "<group>";
		};
		AE41A6C52C9A607600921BDF /* ViewModels */ = {
			isa = PBXGroup;
			children = (
				AE41A6D52C9A60E000921BDF /* Anuncios */,
				AE41A6C62C9A607E00921BDF /* Session */,
			);
			path = ViewModels;
			sourceTree = "<group>";
		};
		AE41A6C62C9A607E00921BDF /* Session */ = {
			isa = PBXGroup;
			children = (
				AE41A6C72C9A609300921BDF /* LoginViewModel.swift */,
				AE41A6C82C9A609300921BDF /* SessionManager.swift */,
				AE41A6C92C9A609300921BDF /* SignUpViewModel.swift */,
			);
			path = Session;
			sourceTree = "<group>";
		};
		AE41A6D52C9A60E000921BDF /* Anuncios */ = {
			isa = PBXGroup;
			children = (
				AE41A6D82C9A612F00921BDF /* AnuncioViewModel.swift */,
			);
			path = Anuncios;
			sourceTree = "<group>";
		};
		AE41A6DA2C9A629800921BDF /* Anuncios */ = {
			isa = PBXGroup;
			children = (
				AE41A6E82C9A6AA200921BDF /* AnadirAnuncioView.swift */,
				AE41A6E42C9A648B00921BDF /* consultarAnuncioView.swift */,
				AEE34B892C9FA61800C2EECE /* modificarAnuncioView.swift */,
			);
			path = Anuncios;
			sourceTree = "<group>";
		};
		AE41A6DB2C9A62DB00921BDF /* Anuncios */ = {
			isa = PBXGroup;
			children = (
				AE41A6DC2C9A62E400921BDF /* ConsultarAnuncioRequirement.swift */,
			);
			path = Anuncios;
			sourceTree = "<group>";
		};
/* End PBXGroup section */

/* Begin PBXNativeTarget section */
		252B639A2C99F16700A362C5 /* Saca la Bici */ = {
			isa = PBXNativeTarget;
			buildConfigurationList = 252B63BF2C99F16900A362C5 /* Build configuration list for PBXNativeTarget "Saca la Bici" */;
			buildPhases = (
				252B63972C99F16700A362C5 /* Sources */,
				252B63982C99F16700A362C5 /* Frameworks */,
				252B63992C99F16700A362C5 /* Resources */,
			);
			buildRules = (
			);
			dependencies = (
			);
			name = "Saca la Bici";
			packageProductDependencies = (
				252B64F22C99FF1000A362C5 /* Alamofire */,
				252B64F52C99FFBD00A362C5 /* FirebaseAuth */,
				252B64F72C99FFBD00A362C5 /* FirebaseAuthCombine-Community */,
				252B64FA2C99FFE200A362C5 /* GoogleSignIn */,
				252B64FC2C99FFE200A362C5 /* GoogleSignInSwift */,
			);
			productName = "Saca la Bici";
			productReference = 252B639B2C99F16700A362C5 /* Saca la Bici.app */;
			productType = "com.apple.product-type.application";
		};
		252B63AA2C99F16900A362C5 /* Saca la BiciTests */ = {
			isa = PBXNativeTarget;
			buildConfigurationList = 252B63C22C99F16900A362C5 /* Build configuration list for PBXNativeTarget "Saca la BiciTests" */;
			buildPhases = (
				252B63A72C99F16900A362C5 /* Sources */,
				252B63A82C99F16900A362C5 /* Frameworks */,
				252B63A92C99F16900A362C5 /* Resources */,
			);
			buildRules = (
			);
			dependencies = (
				252B63AD2C99F16900A362C5 /* PBXTargetDependency */,
			);
			name = "Saca la BiciTests";
			packageProductDependencies = (
			);
			productName = "Saca la BiciTests";
			productReference = 252B63AB2C99F16900A362C5 /* Saca la BiciTests.xctest */;
			productType = "com.apple.product-type.bundle.unit-test";
		};
		252B63B42C99F16900A362C5 /* Saca la BiciUITests */ = {
			isa = PBXNativeTarget;
			buildConfigurationList = 252B63C52C99F16900A362C5 /* Build configuration list for PBXNativeTarget "Saca la BiciUITests" */;
			buildPhases = (
				252B63B12C99F16900A362C5 /* Sources */,
				252B63B22C99F16900A362C5 /* Frameworks */,
				252B63B32C99F16900A362C5 /* Resources */,
			);
			buildRules = (
			);
			dependencies = (
				252B63B72C99F16900A362C5 /* PBXTargetDependency */,
			);
			name = "Saca la BiciUITests";
			packageProductDependencies = (
			);
			productName = "Saca la BiciUITests";
			productReference = 252B63B52C99F16900A362C5 /* Saca la BiciUITests.xctest */;
			productType = "com.apple.product-type.bundle.ui-testing";
		};
/* End PBXNativeTarget section */

/* Begin PBXProject section */
		252B63932C99F16700A362C5 /* Project object */ = {
			isa = PBXProject;
			attributes = {
				BuildIndependentTargetsInParallel = 1;
				LastSwiftUpdateCheck = 1600;
				LastUpgradeCheck = 1600;
				TargetAttributes = {
					252B639A2C99F16700A362C5 = {
						CreatedOnToolsVersion = 16.0;
					};
					252B63AA2C99F16900A362C5 = {
						CreatedOnToolsVersion = 16.0;
						TestTargetID = 252B639A2C99F16700A362C5;
					};
					252B63B42C99F16900A362C5 = {
						CreatedOnToolsVersion = 16.0;
						TestTargetID = 252B639A2C99F16700A362C5;
					};
				};
			};
			buildConfigurationList = 252B63962C99F16700A362C5 /* Build configuration list for PBXProject "Saca la Bici" */;
			developmentRegion = en;
			hasScannedForEncodings = 0;
			knownRegions = (
				en,
				Base,
			);
			mainGroup = 252B63922C99F16700A362C5;
			minimizedProjectReferenceProxies = 1;
			packageReferences = (
				252B64F12C99FF1000A362C5 /* XCRemoteSwiftPackageReference "Alamofire" */,
				252B64F42C99FFBD00A362C5 /* XCRemoteSwiftPackageReference "firebase-ios-sdk" */,
				252B64F92C99FFE200A362C5 /* XCRemoteSwiftPackageReference "GoogleSignIn-iOS" */,
			);
			preferredProjectObjectVersion = 77;
			productRefGroup = 252B639C2C99F16700A362C5 /* Products */;
			projectDirPath = "";
			projectRoot = "";
			targets = (
				252B639A2C99F16700A362C5 /* Saca la Bici */,
				252B63AA2C99F16900A362C5 /* Saca la BiciTests */,
				252B63B42C99F16900A362C5 /* Saca la BiciUITests */,
			);
		};
/* End PBXProject section */

/* Begin PBXResourcesBuildPhase section */
		252B63992C99F16700A362C5 /* Resources */ = {
			isa = PBXResourcesBuildPhase;
			buildActionMask = 2147483647;
			files = (
				252B64902C99FCD800A362C5 /* Preview Assets.xcassets in Resources */,
				252B64832C99FC5E00A362C5 /* Assets.xcassets in Resources */,
				AEE34B862C9FA5BD00C2EECE /* GoogleService-Info.plist in Resources */,
			);
			runOnlyForDeploymentPostprocessing = 0;
		};
		252B63A92C99F16900A362C5 /* Resources */ = {
			isa = PBXResourcesBuildPhase;
			buildActionMask = 2147483647;
			files = (
			);
			runOnlyForDeploymentPostprocessing = 0;
		};
		252B63B32C99F16900A362C5 /* Resources */ = {
			isa = PBXResourcesBuildPhase;
			buildActionMask = 2147483647;
			files = (
			);
			runOnlyForDeploymentPostprocessing = 0;
		};
/* End PBXResourcesBuildPhase section */

/* Begin PBXSourcesBuildPhase section */
		252B63972C99F16700A362C5 /* Sources */ = {
			isa = PBXSourcesBuildPhase;
			buildActionMask = 2147483647;
			files = (
				252B64852C99FC5E00A362C5 /* Saca_la_BiciApp.swift in Sources */,
				252B64D12C99FE5900A362C5 /* SessionCoordinatorView.swift in Sources */,
				252B64D22C99FE5900A362C5 /* UIApplicationExtensions.swift in Sources */,
				252B64D32C99FE5900A362C5 /* SignUpStep1View.swift in Sources */,
				252B64D42C99FE5900A362C5 /* SignUpStep2View.swift in Sources */,
				252B64EB2C99FE7200A362C5 /* User.swift in Sources */,
				AEE34B8A2C9FA61800C2EECE /* modificarAnuncioView.swift in Sources */,
				252B64ED2C99FE7200A362C5 /* APIRoutes.swift in Sources */,
				252B64EE2C99FE7200A362C5 /* SessionAPIService.swift in Sources */,
				252B64EF2C99FE7200A362C5 /* SessionRepository.swift in Sources */,
				AE41A6E92C9A6AA200921BDF /* AnadirAnuncioView.swift in Sources */,
				AE41A6E52C9A648B00921BDF /* consultarAnuncioView.swift in Sources */,
				252B64D52C99FE5900A362C5 /* SignUpStep3View.swift in Sources */,
				AE41A6D92C9A613800921BDF /* AnuncioViewModel.swift in Sources */,
				AE41A6CA2C9A609300921BDF /* SessionManager.swift in Sources */,
				AE41A6DD2C9A62F400921BDF /* ConsultarAnuncioRequirement.swift in Sources */,
				AE41A6CB2C9A609300921BDF /* SignUpViewModel.swift in Sources */,
				AE41A6CC2C9A609300921BDF /* LoginViewModel.swift in Sources */,
				252B64D62C99FE5900A362C5 /* MenuTabs.swift in Sources */,
				252B64D72C99FE5900A362C5 /* ResultView.swift in Sources */,
				AE41A6E72C9A679700921BDF /* Anuncio.swift in Sources */,
				AE41A6E12C9A633100921BDF /* AnuncioRepository.swift in Sources */,
				252B64D82C99FE5900A362C5 /* MainLoginView.swift in Sources */,
				252B64DB2C99FE5900A362C5 /* LoginView.swift in Sources */,
				252B64E02C99FE6F00A362C5 /* LoginRequirement.swift in Sources */,
				AE41A6E32C9A637200921BDF /* AnuncioAPIService.swift in Sources */,
				252B64E12C99FE6F00A362C5 /* SignUpRequirement.swift in Sources */,
			);
			runOnlyForDeploymentPostprocessing = 0;
		};
		252B63A72C99F16900A362C5 /* Sources */ = {
			isa = PBXSourcesBuildPhase;
			buildActionMask = 2147483647;
			files = (
				252B64872C99FC5E00A362C5 /* Saca_la_BiciTests.swift in Sources */,
			);
			runOnlyForDeploymentPostprocessing = 0;
		};
		252B63B12C99F16900A362C5 /* Sources */ = {
			isa = PBXSourcesBuildPhase;
			buildActionMask = 2147483647;
			files = (
				252B648A2C99FC5E00A362C5 /* Saca_la_BiciUITests.swift in Sources */,
				252B648B2C99FC5E00A362C5 /* Saca_la_BiciUITestsLaunchTests.swift in Sources */,
			);
			runOnlyForDeploymentPostprocessing = 0;
		};
/* End PBXSourcesBuildPhase section */

/* Begin PBXTargetDependency section */
		252B63AD2C99F16900A362C5 /* PBXTargetDependency */ = {
			isa = PBXTargetDependency;
			target = 252B639A2C99F16700A362C5 /* Saca la Bici */;
			targetProxy = 252B63AC2C99F16900A362C5 /* PBXContainerItemProxy */;
		};
		252B63B72C99F16900A362C5 /* PBXTargetDependency */ = {
			isa = PBXTargetDependency;
			target = 252B639A2C99F16700A362C5 /* Saca la Bici */;
			targetProxy = 252B63B62C99F16900A362C5 /* PBXContainerItemProxy */;
		};
/* End PBXTargetDependency section */

/* Begin XCBuildConfiguration section */
		252B63BD2C99F16900A362C5 /* Debug */ = {
			isa = XCBuildConfiguration;
			buildSettings = {
				ALWAYS_SEARCH_USER_PATHS = NO;
				ASSETCATALOG_COMPILER_GENERATE_SWIFT_ASSET_SYMBOL_EXTENSIONS = YES;
				CLANG_ANALYZER_NONNULL = YES;
				CLANG_ANALYZER_NUMBER_OBJECT_CONVERSION = YES_AGGRESSIVE;
				CLANG_CXX_LANGUAGE_STANDARD = "gnu++20";
				CLANG_ENABLE_MODULES = YES;
				CLANG_ENABLE_OBJC_ARC = YES;
				CLANG_ENABLE_OBJC_WEAK = YES;
				CLANG_WARN_BLOCK_CAPTURE_AUTORELEASING = YES;
				CLANG_WARN_BOOL_CONVERSION = YES;
				CLANG_WARN_COMMA = YES;
				CLANG_WARN_CONSTANT_CONVERSION = YES;
				CLANG_WARN_DEPRECATED_OBJC_IMPLEMENTATIONS = YES;
				CLANG_WARN_DIRECT_OBJC_ISA_USAGE = YES_ERROR;
				CLANG_WARN_DOCUMENTATION_COMMENTS = YES;
				CLANG_WARN_EMPTY_BODY = YES;
				CLANG_WARN_ENUM_CONVERSION = YES;
				CLANG_WARN_INFINITE_RECURSION = YES;
				CLANG_WARN_INT_CONVERSION = YES;
				CLANG_WARN_NON_LITERAL_NULL_CONVERSION = YES;
				CLANG_WARN_OBJC_IMPLICIT_RETAIN_SELF = YES;
				CLANG_WARN_OBJC_LITERAL_CONVERSION = YES;
				CLANG_WARN_OBJC_ROOT_CLASS = YES_ERROR;
				CLANG_WARN_QUOTED_INCLUDE_IN_FRAMEWORK_HEADER = YES;
				CLANG_WARN_RANGE_LOOP_ANALYSIS = YES;
				CLANG_WARN_STRICT_PROTOTYPES = YES;
				CLANG_WARN_SUSPICIOUS_MOVE = YES;
				CLANG_WARN_UNGUARDED_AVAILABILITY = YES_AGGRESSIVE;
				CLANG_WARN_UNREACHABLE_CODE = YES;
				CLANG_WARN__DUPLICATE_METHOD_MATCH = YES;
				COPY_PHASE_STRIP = NO;
				DEBUG_INFORMATION_FORMAT = dwarf;
				ENABLE_STRICT_OBJC_MSGSEND = YES;
				ENABLE_TESTABILITY = YES;
				ENABLE_USER_SCRIPT_SANDBOXING = YES;
				GCC_C_LANGUAGE_STANDARD = gnu17;
				GCC_DYNAMIC_NO_PIC = NO;
				GCC_NO_COMMON_BLOCKS = YES;
				GCC_OPTIMIZATION_LEVEL = 0;
				GCC_PREPROCESSOR_DEFINITIONS = (
					"DEBUG=1",
					"$(inherited)",
				);
				GCC_WARN_64_TO_32_BIT_CONVERSION = YES;
				GCC_WARN_ABOUT_RETURN_TYPE = YES_ERROR;
				GCC_WARN_UNDECLARED_SELECTOR = YES;
				GCC_WARN_UNINITIALIZED_AUTOS = YES_AGGRESSIVE;
				GCC_WARN_UNUSED_FUNCTION = YES;
				GCC_WARN_UNUSED_VARIABLE = YES;
				IPHONEOS_DEPLOYMENT_TARGET = 18.0;
				LOCALIZATION_PREFERS_STRING_CATALOGS = YES;
				MTL_ENABLE_DEBUG_INFO = INCLUDE_SOURCE;
				MTL_FAST_MATH = YES;
				ONLY_ACTIVE_ARCH = YES;
				SDKROOT = iphoneos;
				SWIFT_ACTIVE_COMPILATION_CONDITIONS = "DEBUG $(inherited)";
				SWIFT_OPTIMIZATION_LEVEL = "-Onone";
			};
			name = Debug;
		};
		252B63BE2C99F16900A362C5 /* Release */ = {
			isa = XCBuildConfiguration;
			buildSettings = {
				ALWAYS_SEARCH_USER_PATHS = NO;
				ASSETCATALOG_COMPILER_GENERATE_SWIFT_ASSET_SYMBOL_EXTENSIONS = YES;
				CLANG_ANALYZER_NONNULL = YES;
				CLANG_ANALYZER_NUMBER_OBJECT_CONVERSION = YES_AGGRESSIVE;
				CLANG_CXX_LANGUAGE_STANDARD = "gnu++20";
				CLANG_ENABLE_MODULES = YES;
				CLANG_ENABLE_OBJC_ARC = YES;
				CLANG_ENABLE_OBJC_WEAK = YES;
				CLANG_WARN_BLOCK_CAPTURE_AUTORELEASING = YES;
				CLANG_WARN_BOOL_CONVERSION = YES;
				CLANG_WARN_COMMA = YES;
				CLANG_WARN_CONSTANT_CONVERSION = YES;
				CLANG_WARN_DEPRECATED_OBJC_IMPLEMENTATIONS = YES;
				CLANG_WARN_DIRECT_OBJC_ISA_USAGE = YES_ERROR;
				CLANG_WARN_DOCUMENTATION_COMMENTS = YES;
				CLANG_WARN_EMPTY_BODY = YES;
				CLANG_WARN_ENUM_CONVERSION = YES;
				CLANG_WARN_INFINITE_RECURSION = YES;
				CLANG_WARN_INT_CONVERSION = YES;
				CLANG_WARN_NON_LITERAL_NULL_CONVERSION = YES;
				CLANG_WARN_OBJC_IMPLICIT_RETAIN_SELF = YES;
				CLANG_WARN_OBJC_LITERAL_CONVERSION = YES;
				CLANG_WARN_OBJC_ROOT_CLASS = YES_ERROR;
				CLANG_WARN_QUOTED_INCLUDE_IN_FRAMEWORK_HEADER = YES;
				CLANG_WARN_RANGE_LOOP_ANALYSIS = YES;
				CLANG_WARN_STRICT_PROTOTYPES = YES;
				CLANG_WARN_SUSPICIOUS_MOVE = YES;
				CLANG_WARN_UNGUARDED_AVAILABILITY = YES_AGGRESSIVE;
				CLANG_WARN_UNREACHABLE_CODE = YES;
				CLANG_WARN__DUPLICATE_METHOD_MATCH = YES;
				COPY_PHASE_STRIP = NO;
				DEBUG_INFORMATION_FORMAT = "dwarf-with-dsym";
				ENABLE_NS_ASSERTIONS = NO;
				ENABLE_STRICT_OBJC_MSGSEND = YES;
				ENABLE_USER_SCRIPT_SANDBOXING = YES;
				GCC_C_LANGUAGE_STANDARD = gnu17;
				GCC_NO_COMMON_BLOCKS = YES;
				GCC_WARN_64_TO_32_BIT_CONVERSION = YES;
				GCC_WARN_ABOUT_RETURN_TYPE = YES_ERROR;
				GCC_WARN_UNDECLARED_SELECTOR = YES;
				GCC_WARN_UNINITIALIZED_AUTOS = YES_AGGRESSIVE;
				GCC_WARN_UNUSED_FUNCTION = YES;
				GCC_WARN_UNUSED_VARIABLE = YES;
				IPHONEOS_DEPLOYMENT_TARGET = 18.0;
				LOCALIZATION_PREFERS_STRING_CATALOGS = YES;
				MTL_ENABLE_DEBUG_INFO = NO;
				MTL_FAST_MATH = YES;
				SDKROOT = iphoneos;
				SWIFT_COMPILATION_MODE = wholemodule;
				VALIDATE_PRODUCT = YES;
			};
			name = Release;
		};
		252B63C02C99F16900A362C5 /* Debug */ = {
			isa = XCBuildConfiguration;
			buildSettings = {
				ASSETCATALOG_COMPILER_APPICON_NAME = AppIcon;
				ASSETCATALOG_COMPILER_GLOBAL_ACCENT_COLOR_NAME = AccentColor;
				CODE_SIGN_STYLE = Automatic;
				CURRENT_PROJECT_VERSION = 1;
				DEVELOPMENT_ASSET_PATHS = "\"Saca la Bici/Preview Content\"";
				DEVELOPMENT_TEAM = SBLRJW3H37;
				ENABLE_PREVIEWS = YES;
				GENERATE_INFOPLIST_FILE = YES;
				INFOPLIST_FILE = "Saca-la-Bici-Info.plist";
				INFOPLIST_KEY_UIApplicationSceneManifest_Generation = YES;
				INFOPLIST_KEY_UIApplicationSupportsIndirectInputEvents = YES;
				INFOPLIST_KEY_UILaunchScreen_Generation = YES;
				INFOPLIST_KEY_UISupportedInterfaceOrientations_iPad = "UIInterfaceOrientationPortrait UIInterfaceOrientationPortraitUpsideDown UIInterfaceOrientationLandscapeLeft UIInterfaceOrientationLandscapeRight";
				INFOPLIST_KEY_UISupportedInterfaceOrientations_iPhone = "UIInterfaceOrientationPortrait UIInterfaceOrientationLandscapeLeft UIInterfaceOrientationLandscapeRight";
				LD_RUNPATH_SEARCH_PATHS = (
					"$(inherited)",
					"@executable_path/Frameworks",
				);
				MARKETING_VERSION = 1.0;
				PRODUCT_BUNDLE_IDENTIFIER = "com.SacalaBici.Majo.Saca-la-Bici";
				PRODUCT_NAME = "$(TARGET_NAME)";
				SWIFT_EMIT_LOC_STRINGS = YES;
				SWIFT_VERSION = 5.0;
				TARGETED_DEVICE_FAMILY = "1,2";
			};
			name = Debug;
		};
		252B63C12C99F16900A362C5 /* Release */ = {
			isa = XCBuildConfiguration;
			buildSettings = {
				ASSETCATALOG_COMPILER_APPICON_NAME = AppIcon;
				ASSETCATALOG_COMPILER_GLOBAL_ACCENT_COLOR_NAME = AccentColor;
				CODE_SIGN_STYLE = Automatic;
				CURRENT_PROJECT_VERSION = 1;
				DEVELOPMENT_ASSET_PATHS = "\"Saca la Bici/Preview Content\"";
				DEVELOPMENT_TEAM = SBLRJW3H37;
				ENABLE_PREVIEWS = YES;
				GENERATE_INFOPLIST_FILE = YES;
				INFOPLIST_FILE = "Saca-la-Bici-Info.plist";
				INFOPLIST_KEY_UIApplicationSceneManifest_Generation = YES;
				INFOPLIST_KEY_UIApplicationSupportsIndirectInputEvents = YES;
				INFOPLIST_KEY_UILaunchScreen_Generation = YES;
				INFOPLIST_KEY_UISupportedInterfaceOrientations_iPad = "UIInterfaceOrientationPortrait UIInterfaceOrientationPortraitUpsideDown UIInterfaceOrientationLandscapeLeft UIInterfaceOrientationLandscapeRight";
				INFOPLIST_KEY_UISupportedInterfaceOrientations_iPhone = "UIInterfaceOrientationPortrait UIInterfaceOrientationLandscapeLeft UIInterfaceOrientationLandscapeRight";
				LD_RUNPATH_SEARCH_PATHS = (
					"$(inherited)",
					"@executable_path/Frameworks",
				);
				MARKETING_VERSION = 1.0;
				PRODUCT_BUNDLE_IDENTIFIER = "com.SacalaBici.Majo.Saca-la-Bici";
				PRODUCT_NAME = "$(TARGET_NAME)";
				SWIFT_EMIT_LOC_STRINGS = YES;
				SWIFT_VERSION = 5.0;
				TARGETED_DEVICE_FAMILY = "1,2";
			};
			name = Release;
		};
		252B63C32C99F16900A362C5 /* Debug */ = {
			isa = XCBuildConfiguration;
			buildSettings = {
				BUNDLE_LOADER = "$(TEST_HOST)";
				CODE_SIGN_STYLE = Automatic;
				CURRENT_PROJECT_VERSION = 1;
				DEVELOPMENT_TEAM = 43GHW8N2DC;
				GENERATE_INFOPLIST_FILE = YES;
				IPHONEOS_DEPLOYMENT_TARGET = 18.0;
				MARKETING_VERSION = 1.0;
				PRODUCT_BUNDLE_IDENTIFIER = "com.SacalaBici.Jesus.Saca-la-BiciTests";
				PRODUCT_NAME = "$(TARGET_NAME)";
				SWIFT_EMIT_LOC_STRINGS = NO;
				SWIFT_VERSION = 5.0;
				TARGETED_DEVICE_FAMILY = "1,2";
				TEST_HOST = "$(BUILT_PRODUCTS_DIR)/Saca la Bici.app/$(BUNDLE_EXECUTABLE_FOLDER_PATH)/Saca la Bici";
			};
			name = Debug;
		};
		252B63C42C99F16900A362C5 /* Release */ = {
			isa = XCBuildConfiguration;
			buildSettings = {
				BUNDLE_LOADER = "$(TEST_HOST)";
				CODE_SIGN_STYLE = Automatic;
				CURRENT_PROJECT_VERSION = 1;
				DEVELOPMENT_TEAM = 43GHW8N2DC;
				GENERATE_INFOPLIST_FILE = YES;
				IPHONEOS_DEPLOYMENT_TARGET = 18.0;
				MARKETING_VERSION = 1.0;
				PRODUCT_BUNDLE_IDENTIFIER = "com.SacalaBici.Jesus.Saca-la-BiciTests";
				PRODUCT_NAME = "$(TARGET_NAME)";
				SWIFT_EMIT_LOC_STRINGS = NO;
				SWIFT_VERSION = 5.0;
				TARGETED_DEVICE_FAMILY = "1,2";
				TEST_HOST = "$(BUILT_PRODUCTS_DIR)/Saca la Bici.app/$(BUNDLE_EXECUTABLE_FOLDER_PATH)/Saca la Bici";
			};
			name = Release;
		};
		252B63C62C99F16900A362C5 /* Debug */ = {
			isa = XCBuildConfiguration;
			buildSettings = {
				CODE_SIGN_STYLE = Automatic;
				CURRENT_PROJECT_VERSION = 1;
				DEVELOPMENT_TEAM = 43GHW8N2DC;
				GENERATE_INFOPLIST_FILE = YES;
				MARKETING_VERSION = 1.0;
				PRODUCT_BUNDLE_IDENTIFIER = "com.SacalaBici.Jesus.Saca-la-BiciUITests";
				PRODUCT_NAME = "$(TARGET_NAME)";
				SWIFT_EMIT_LOC_STRINGS = NO;
				SWIFT_VERSION = 5.0;
				TARGETED_DEVICE_FAMILY = "1,2";
				TEST_TARGET_NAME = "Saca la Bici";
			};
			name = Debug;
		};
		252B63C72C99F16900A362C5 /* Release */ = {
			isa = XCBuildConfiguration;
			buildSettings = {
				CODE_SIGN_STYLE = Automatic;
				CURRENT_PROJECT_VERSION = 1;
				DEVELOPMENT_TEAM = 43GHW8N2DC;
				GENERATE_INFOPLIST_FILE = YES;
				MARKETING_VERSION = 1.0;
				PRODUCT_BUNDLE_IDENTIFIER = "com.SacalaBici.Jesus.Saca-la-BiciUITests";
				PRODUCT_NAME = "$(TARGET_NAME)";
				SWIFT_EMIT_LOC_STRINGS = NO;
				SWIFT_VERSION = 5.0;
				TARGETED_DEVICE_FAMILY = "1,2";
				TEST_TARGET_NAME = "Saca la Bici";
			};
			name = Release;
		};
/* End XCBuildConfiguration section */

/* Begin XCConfigurationList section */
		252B63962C99F16700A362C5 /* Build configuration list for PBXProject "Saca la Bici" */ = {
			isa = XCConfigurationList;
			buildConfigurations = (
				252B63BD2C99F16900A362C5 /* Debug */,
				252B63BE2C99F16900A362C5 /* Release */,
			);
			defaultConfigurationIsVisible = 0;
			defaultConfigurationName = Release;
		};
		252B63BF2C99F16900A362C5 /* Build configuration list for PBXNativeTarget "Saca la Bici" */ = {
			isa = XCConfigurationList;
			buildConfigurations = (
				252B63C02C99F16900A362C5 /* Debug */,
				252B63C12C99F16900A362C5 /* Release */,
			);
			defaultConfigurationIsVisible = 0;
			defaultConfigurationName = Release;
		};
		252B63C22C99F16900A362C5 /* Build configuration list for PBXNativeTarget "Saca la BiciTests" */ = {
			isa = XCConfigurationList;
			buildConfigurations = (
				252B63C32C99F16900A362C5 /* Debug */,
				252B63C42C99F16900A362C5 /* Release */,
			);
			defaultConfigurationIsVisible = 0;
			defaultConfigurationName = Release;
		};
		252B63C52C99F16900A362C5 /* Build configuration list for PBXNativeTarget "Saca la BiciUITests" */ = {
			isa = XCConfigurationList;
			buildConfigurations = (
				252B63C62C99F16900A362C5 /* Debug */,
				252B63C72C99F16900A362C5 /* Release */,
			);
			defaultConfigurationIsVisible = 0;
			defaultConfigurationName = Release;
		};
/* End XCConfigurationList section */

/* Begin XCRemoteSwiftPackageReference section */
		252B64F12C99FF1000A362C5 /* XCRemoteSwiftPackageReference "Alamofire" */ = {
			isa = XCRemoteSwiftPackageReference;
			repositoryURL = "https://github.com/Alamofire/Alamofire.git";
			requirement = {
				kind = upToNextMajorVersion;
				minimumVersion = 5.9.1;
			};
		};
		252B64F42C99FFBD00A362C5 /* XCRemoteSwiftPackageReference "firebase-ios-sdk" */ = {
			isa = XCRemoteSwiftPackageReference;
			repositoryURL = "https://github.com/firebase/firebase-ios-sdk";
			requirement = {
				kind = upToNextMajorVersion;
				minimumVersion = 11.2.0;
			};
		};
		252B64F92C99FFE200A362C5 /* XCRemoteSwiftPackageReference "GoogleSignIn-iOS" */ = {
			isa = XCRemoteSwiftPackageReference;
			repositoryURL = "https://github.com/google/GoogleSignIn-iOS";
			requirement = {
				kind = upToNextMajorVersion;
				minimumVersion = 8.0.0;
			};
		};
/* End XCRemoteSwiftPackageReference section */

/* Begin XCSwiftPackageProductDependency section */
		252B64F22C99FF1000A362C5 /* Alamofire */ = {
			isa = XCSwiftPackageProductDependency;
			package = 252B64F12C99FF1000A362C5 /* XCRemoteSwiftPackageReference "Alamofire" */;
			productName = Alamofire;
		};
		252B64F52C99FFBD00A362C5 /* FirebaseAuth */ = {
			isa = XCSwiftPackageProductDependency;
			package = 252B64F42C99FFBD00A362C5 /* XCRemoteSwiftPackageReference "firebase-ios-sdk" */;
			productName = FirebaseAuth;
		};
		252B64F72C99FFBD00A362C5 /* FirebaseAuthCombine-Community */ = {
			isa = XCSwiftPackageProductDependency;
			package = 252B64F42C99FFBD00A362C5 /* XCRemoteSwiftPackageReference "firebase-ios-sdk" */;
			productName = "FirebaseAuthCombine-Community";
		};
		252B64FA2C99FFE200A362C5 /* GoogleSignIn */ = {
			isa = XCSwiftPackageProductDependency;
			package = 252B64F92C99FFE200A362C5 /* XCRemoteSwiftPackageReference "GoogleSignIn-iOS" */;
			productName = GoogleSignIn;
		};
		252B64FC2C99FFE200A362C5 /* GoogleSignInSwift */ = {
			isa = XCSwiftPackageProductDependency;
			package = 252B64F92C99FFE200A362C5 /* XCRemoteSwiftPackageReference "GoogleSignIn-iOS" */;
			productName = GoogleSignInSwift;
		};
/* End XCSwiftPackageProductDependency section */
	};
	rootObject = 252B63932C99F16700A362C5 /* Project object */;
}
