// !$*UTF8*$!
{
	archiveVersion = 1;
	classes = {
	};
	objectVersion = 77;
	objects = {

/* Begin PBXBuildFile section */
		2509D74D2CB489F2008DF692 /* ModificarRolRequirement.swift in Sources */ = {isa = PBXBuildFile; fileRef = 2509D74C2CB489F2008DF692 /* ModificarRolRequirement.swift */; };
		2510D1FB2CB04C9C004C29CC /* RegistrarActividadRequirement.swift in Sources */ = {isa = PBXBuildFile; fileRef = 2510D1FA2CB04C93004C29CC /* RegistrarActividadRequirement.swift */; };
		2510D1FD2CB04CE4004C29CC /* ActividadesPaths.swift in Sources */ = {isa = PBXBuildFile; fileRef = 2510D1FC2CB04CDF004C29CC /* ActividadesPaths.swift */; };
		2510D2012CB04E31004C29CC /* DescripcionActividadView.swift in Sources */ = {isa = PBXBuildFile; fileRef = 2510D2002CB04E2B004C29CC /* DescripcionActividadView.swift */; };
		2510D2032CB04E69004C29CC /* RegistrarActividadView.swift in Sources */ = {isa = PBXBuildFile; fileRef = 2510D2022CB04E60004C29CC /* RegistrarActividadView.swift */; };
		2510D2052CB04E8B004C29CC /* RodadaRutaView.swift in Sources */ = {isa = PBXBuildFile; fileRef = 2510D2042CB04E87004C29CC /* RodadaRutaView.swift */; };
		2510D2072CB04F0B004C29CC /* DurationPicker.swift in Sources */ = {isa = PBXBuildFile; fileRef = 2510D2062CB04F08004C29CC /* DurationPicker.swift */; };
		2510D2092CB04F2E004C29CC /* FechaPicker.swift in Sources */ = {isa = PBXBuildFile; fileRef = 2510D2082CB04F2A004C29CC /* FechaPicker.swift */; };
		2510D20B2CB04F3E004C29CC /* HoraPicker.swift in Sources */ = {isa = PBXBuildFile; fileRef = 2510D20A2CB04F3C004C29CC /* HoraPicker.swift */; };
		2510D20E2CB050F6004C29CC /* DurationPicker in Frameworks */ = {isa = PBXBuildFile; productRef = 2510D20D2CB050F6004C29CC /* DurationPicker */; };
		2510D2112CB060E7004C29CC /* SDWebImageSwiftUI in Frameworks */ = {isa = PBXBuildFile; productRef = 2510D2102CB060E7004C29CC /* SDWebImageSwiftUI */; };
		2512D3A02CAFAB20003BCA6A /* IconSelection.swift in Sources */ = {isa = PBXBuildFile; fileRef = 2512D39F2CAFAB18003BCA6A /* IconSelection.swift */; };
		2512D3A22CAFAB6B003BCA6A /* MedalsView.swift in Sources */ = {isa = PBXBuildFile; fileRef = 2512D3A12CAFAB65003BCA6A /* MedalsView.swift */; };
		2512D3A42CAFAB90003BCA6A /* EventView.swift in Sources */ = {isa = PBXBuildFile; fileRef = 2512D3A32CAFAB88003BCA6A /* EventView.swift */; };
		251C5FD42CAF360800CFAC87 /* ImagePicker.swift in Sources */ = {isa = PBXBuildFile; fileRef = 251C5FD32CAF360300CFAC87 /* ImagePicker.swift */; };
		252B64832C99FC5E00A362C5 /* Assets.xcassets in Resources */ = {isa = PBXBuildFile; fileRef = 252B647F2C99FC5E00A362C5 /* Assets.xcassets */; };
		252B64852C99FC5E00A362C5 /* Saca_la_BiciApp.swift in Sources */ = {isa = PBXBuildFile; fileRef = 252B64812C99FC5E00A362C5 /* Saca_la_BiciApp.swift */; };
		252B64872C99FC5E00A362C5 /* Saca_la_BiciTests.swift in Sources */ = {isa = PBXBuildFile; fileRef = 252B64862C99FC5E00A362C5 /* Saca_la_BiciTests.swift */; };
		252B648A2C99FC5E00A362C5 /* Saca_la_BiciUITests.swift in Sources */ = {isa = PBXBuildFile; fileRef = 252B64882C99FC5E00A362C5 /* Saca_la_BiciUITests.swift */; };
		252B648B2C99FC5E00A362C5 /* Saca_la_BiciUITestsLaunchTests.swift in Sources */ = {isa = PBXBuildFile; fileRef = 252B64892C99FC5E00A362C5 /* Saca_la_BiciUITestsLaunchTests.swift */; };
		252B64902C99FCD800A362C5 /* Preview Assets.xcassets in Resources */ = {isa = PBXBuildFile; fileRef = 252B648E2C99FCD800A362C5 /* Preview Assets.xcassets */; };
		252B64D12C99FE5900A362C5 /* SessionCoordinatorView.swift in Sources */ = {isa = PBXBuildFile; fileRef = 252B64C72C99FE5900A362C5 /* SessionCoordinatorView.swift */; };
		252B64D22C99FE5900A362C5 /* UIApplicationExtensions.swift in Sources */ = {isa = PBXBuildFile; fileRef = 252B64CE2C99FE5900A362C5 /* UIApplicationExtensions.swift */; };
		252B64D32C99FE5900A362C5 /* SignUpStep1View.swift in Sources */ = {isa = PBXBuildFile; fileRef = 252B64C92C99FE5900A362C5 /* SignUpStep1View.swift */; };
		252B64D42C99FE5900A362C5 /* SignUpStep2View.swift in Sources */ = {isa = PBXBuildFile; fileRef = 252B64CA2C99FE5900A362C5 /* SignUpStep2View.swift */; };
		252B64D52C99FE5900A362C5 /* SignUpStep3View.swift in Sources */ = {isa = PBXBuildFile; fileRef = 252B64CB2C99FE5900A362C5 /* SignUpStep3View.swift */; };
		252B64D62C99FE5900A362C5 /* MenuTabs.swift in Sources */ = {isa = PBXBuildFile; fileRef = 252B64C82C99FE5900A362C5 /* MenuTabs.swift */; };
		252B64D72C99FE5900A362C5 /* ResultView.swift in Sources */ = {isa = PBXBuildFile; fileRef = 252B64C62C99FE5900A362C5 /* ResultView.swift */; };
		252B64D82C99FE5900A362C5 /* MainLoginView.swift in Sources */ = {isa = PBXBuildFile; fileRef = 252B64CC2C99FE5900A362C5 /* MainLoginView.swift */; };
		252B64D92C99FE5900A362C5 /* SessionManager.swift in Sources */ = {isa = PBXBuildFile; fileRef = 252B64C32C99FE5900A362C5 /* SessionManager.swift */; };
		252B64DA2C99FE5900A362C5 /* SignUpViewModel.swift in Sources */ = {isa = PBXBuildFile; fileRef = 252B64C22C99FE5900A362C5 /* SignUpViewModel.swift */; };
		252B64DB2C99FE5900A362C5 /* LoginView.swift in Sources */ = {isa = PBXBuildFile; fileRef = 252B64C52C99FE5900A362C5 /* LoginView.swift */; };
		252B64DC2C99FE5900A362C5 /* LoginViewModel.swift in Sources */ = {isa = PBXBuildFile; fileRef = 252B64C12C99FE5900A362C5 /* LoginViewModel.swift */; };
		252B64E02C99FE6F00A362C5 /* LoginRequirement.swift in Sources */ = {isa = PBXBuildFile; fileRef = 252B64DD2C99FE6F00A362C5 /* LoginRequirement.swift */; };
		252B64E12C99FE6F00A362C5 /* SignUpRequirement.swift in Sources */ = {isa = PBXBuildFile; fileRef = 252B64DE2C99FE6F00A362C5 /* SignUpRequirement.swift */; };
		252B64EB2C99FE7200A362C5 /* User.swift in Sources */ = {isa = PBXBuildFile; fileRef = 252B64E32C99FE7200A362C5 /* User.swift */; };
		252B64ED2C99FE7200A362C5 /* APIRoutes.swift in Sources */ = {isa = PBXBuildFile; fileRef = 252B64E22C99FE7200A362C5 /* APIRoutes.swift */; };
		252B64EE2C99FE7200A362C5 /* SessionAPIService.swift in Sources */ = {isa = PBXBuildFile; fileRef = 252B64E42C99FE7200A362C5 /* SessionAPIService.swift */; };
		252B64EF2C99FE7200A362C5 /* SessionRepository.swift in Sources */ = {isa = PBXBuildFile; fileRef = 252B64E82C99FE7200A362C5 /* SessionRepository.swift */; };
		252B64F32C99FF1000A362C5 /* Alamofire in Frameworks */ = {isa = PBXBuildFile; productRef = 252B64F22C99FF1000A362C5 /* Alamofire */; };
		252B64F62C99FFBD00A362C5 /* FirebaseAuth in Frameworks */ = {isa = PBXBuildFile; productRef = 252B64F52C99FFBD00A362C5 /* FirebaseAuth */; };
		252B64F82C99FFBD00A362C5 /* FirebaseAuthCombine-Community in Frameworks */ = {isa = PBXBuildFile; productRef = 252B64F72C99FFBD00A362C5 /* FirebaseAuthCombine-Community */; };
		252B64FB2C99FFE200A362C5 /* GoogleSignIn in Frameworks */ = {isa = PBXBuildFile; productRef = 252B64FA2C99FFE200A362C5 /* GoogleSignIn */; };
		252B64FD2C99FFE200A362C5 /* GoogleSignInSwift in Frameworks */ = {isa = PBXBuildFile; productRef = 252B64FC2C99FFE200A362C5 /* GoogleSignInSwift */; };
		252B65092C9A3C9C00A362C5 /* CompletarDatosStep1View.swift in Sources */ = {isa = PBXBuildFile; fileRef = 252B65082C9A3C9C00A362C5 /* CompletarDatosStep1View.swift */; };
		2552B8F22CB799F8007FDC82 /* ProfileImageView.swift in Sources */ = {isa = PBXBuildFile; fileRef = 2552B8F12CB799F8007FDC82 /* ProfileImageView.swift */; };
		256EE2EF2CADB92400425181 /* TextoLimiteMultilineField.swift in Sources */ = {isa = PBXBuildFile; fileRef = 256EE2EE2CADB92400425181 /* TextoLimiteMultilineField.swift */; };
		25858A102CB0AF5400A7719C /* ActividadViewModel.swift in Sources */ = {isa = PBXBuildFile; fileRef = 25858A0F2CB0AF4E00A7719C /* ActividadViewModel.swift */; };
		25858A122CB0AFE300A7719C /* ActividadIndividualView.swift in Sources */ = {isa = PBXBuildFile; fileRef = 25858A112CB0AFE300A7719C /* ActividadIndividualView.swift */; };
		25858A142CB0B87600A7719C /* ActividadIndividualViewModel.swift in Sources */ = {isa = PBXBuildFile; fileRef = 25858A132CB0B87600A7719C /* ActividadIndividualViewModel.swift */; };
		25858A162CB0BEF000A7719C /* ConsultarActividadIndividualRequirement.swift in Sources */ = {isa = PBXBuildFile; fileRef = 25858A152CB0BEF000A7719C /* ConsultarActividadIndividualRequirement.swift */; };
		25858A182CB0DBC700A7719C /* ActividadInfoView.swift in Sources */ = {isa = PBXBuildFile; fileRef = 25858A172CB0DBC700A7719C /* ActividadInfoView.swift */; };
		259CBB9A2C9E29C00067B550 /* AppleCryptoHelpers.swift in Sources */ = {isa = PBXBuildFile; fileRef = 259CBB992C9E29C00067B550 /* AppleCryptoHelpers.swift */; };
		259CBBA02CA0E44A0067B550 /* SessionPaths.swift in Sources */ = {isa = PBXBuildFile; fileRef = 259CBB9F2CA0E44A0067B550 /* SessionPaths.swift */; };
		259EF8B72CA23899007CE3FE /* UserProfileSessionAPIService.swift in Sources */ = {isa = PBXBuildFile; fileRef = 259EF8B62CA23899007CE3FE /* UserProfileSessionAPIService.swift */; };
		25A7BE4C2CA4F11A00FCB8B6 /* PasswordRecoveryView.swift in Sources */ = {isa = PBXBuildFile; fileRef = 25A7BE4B2CA4F11A00FCB8B6 /* PasswordRecoveryView.swift */; };
		25A7BE4F2CA61C0600FCB8B6 /* ConfigurationView.swift in Sources */ = {isa = PBXBuildFile; fileRef = 25A7BE4E2CA61C0600FCB8B6 /* ConfigurationView.swift */; };
		25A7BE512CA61C9500FCB8B6 /* ProfileView.swift in Sources */ = {isa = PBXBuildFile; fileRef = 25A7BE502CA61C9500FCB8B6 /* ProfileView.swift */; };
		25A7BE542CA649F600FCB8B6 /* BotonSection.swift in Sources */ = {isa = PBXBuildFile; fileRef = 25A7BE532CA649F600FCB8B6 /* BotonSection.swift */; };
		25A7BE562CA64AEA00FCB8B6 /* ConfigurationPaths.swift in Sources */ = {isa = PBXBuildFile; fileRef = 25A7BE552CA64AEA00FCB8B6 /* ConfigurationPaths.swift */; };
		25A7BE582CA664A800FCB8B6 /* SeguridadAccesoView.swift in Sources */ = {isa = PBXBuildFile; fileRef = 25A7BE572CA664A800FCB8B6 /* SeguridadAccesoView.swift */; };
		25A7BE5C2CA7713A00FCB8B6 /* FirebaseTokenManager.swift in Sources */ = {isa = PBXBuildFile; fileRef = 25A7BE5B2CA7713A00FCB8B6 /* FirebaseTokenManager.swift */; };
		25A7BE602CA775CF00FCB8B6 /* FirebaseMessaging in Frameworks */ = {isa = PBXBuildFile; productRef = 25A7BE5F2CA775CF00FCB8B6 /* FirebaseMessaging */; };
		25A7BE622CA9B17C00FCB8B6 /* NotificationManager.swift in Sources */ = {isa = PBXBuildFile; fileRef = 25A7BE612CA9B17C00FCB8B6 /* NotificationManager.swift */; };
		25C302BA2C9A8C99005AD742 /* CustomButton.swift in Sources */ = {isa = PBXBuildFile; fileRef = 25C302B92C9A8C99005AD742 /* CustomButton.swift */; };
		25C302BC2C9A8F8A005AD742 /* FechaNacimientoPicker.swift in Sources */ = {isa = PBXBuildFile; fileRef = 25C302BB2C9A8F8A005AD742 /* FechaNacimientoPicker.swift */; };
		25C302BE2C9A905F005AD742 /* TipoSangrePicker.swift in Sources */ = {isa = PBXBuildFile; fileRef = 25C302BD2C9A905F005AD742 /* TipoSangrePicker.swift */; };
		25C302C02C9A91A3005AD742 /* TextoLimiteField.swift in Sources */ = {isa = PBXBuildFile; fileRef = 25C302BF2C9A91A3005AD742 /* TextoLimiteField.swift */; };
		25C302C22C9A9390005AD742 /* TelefonoEmergenciaField.swift in Sources */ = {isa = PBXBuildFile; fileRef = 25C302C12C9A9390005AD742 /* TelefonoEmergenciaField.swift */; };
		25C302C42C9A9515005AD742 /* PasswordField.swift in Sources */ = {isa = PBXBuildFile; fileRef = 25C302C32C9A9515005AD742 /* PasswordField.swift */; };
		25C302C62C9A9780005AD742 /* EmailField.swift in Sources */ = {isa = PBXBuildFile; fileRef = 25C302C52C9A9780005AD742 /* EmailField.swift */; };
		25C302C82C9A9E7C005AD742 /* CompletarDatosStep2View.swift in Sources */ = {isa = PBXBuildFile; fileRef = 25C302C72C9A9E7C005AD742 /* CompletarDatosStep2View.swift */; };
		25C302CA2C9AAF9A005AD742 /* ExternalLoginButton.swift in Sources */ = {isa = PBXBuildFile; fileRef = 25C302C92C9AAF9A005AD742 /* ExternalLoginButton.swift */; };
		25D0E5132CA326B800B431A9 /* GoogleService-Info.plist in Resources */ = {isa = PBXBuildFile; fileRef = 25D0E5122CA326B800B431A9 /* GoogleService-Info.plist */; };
		25D0E5152CA37BE200B431A9 /* ReestablecerContraseñaView.swift in Sources */ = {isa = PBXBuildFile; fileRef = 25D0E5142CA37BE200B431A9 /* ReestablecerContraseñaView.swift */; };
		25D0E5172CA3813600B431A9 /* RestablecerContraseñaViewModel.swift in Sources */ = {isa = PBXBuildFile; fileRef = 25D0E5162CA3813600B431A9 /* RestablecerContraseñaViewModel.swift */; };
		25D0E5192CA38C6C00B431A9 /* RestablecerContraseñaRequirement.swift in Sources */ = {isa = PBXBuildFile; fileRef = 25D0E5182CA38C6C00B431A9 /* RestablecerContraseñaRequirement.swift */; };
		25F3681B2C9B62CD003322CF /* ImagenAmarillaFondo.swift in Sources */ = {isa = PBXBuildFile; fileRef = 25F3681A2C9B62CD003322CF /* ImagenAmarillaFondo.swift */; };
		25F3681D2C9B7B49003322CF /* TituloComponent.swift in Sources */ = {isa = PBXBuildFile; fileRef = 25F3681C2C9B7B49003322CF /* TituloComponent.swift */; };
		25F3681F2C9B8032003322CF /* MainViewButton.swift in Sources */ = {isa = PBXBuildFile; fileRef = 25F3681E2C9B8032003322CF /* MainViewButton.swift */; };
		25F368212C9BAEA3003322CF /* LoadingView.swift in Sources */ = {isa = PBXBuildFile; fileRef = 25F368202C9BAEA3003322CF /* LoadingView.swift */; };
		6DD117262CAE5C790084314A /* ConsultarPerfilPropioViewModel.swift in Sources */ = {isa = PBXBuildFile; fileRef = 6DD117252CAE5C6A0084314A /* ConsultarPerfilPropioViewModel.swift */; };
		6DD1172B2CAE61190084314A /* ConsultarPerfilPropioRequirement.swift in Sources */ = {isa = PBXBuildFile; fileRef = 6DD1172A2CAE60000084314A /* ConsultarPerfilPropioRequirement.swift */; };
		6DD1172E2CAE61D40084314A /* Profile.swift in Sources */ = {isa = PBXBuildFile; fileRef = 6DD1172D2CAE61CF0084314A /* Profile.swift */; };
		6DD117302CAE62170084314A /* ProfileRepository.swift in Sources */ = {isa = PBXBuildFile; fileRef = 6DD1172F2CAE620F0084314A /* ProfileRepository.swift */; };
		6DD117322CAE62A70084314A /* ProfileAPIService.swift in Sources */ = {isa = PBXBuildFile; fileRef = 6DD117312CAE62850084314A /* ProfileAPIService.swift */; };
		7B9C5ED12CA9D94900441541 /* FAQView.swift in Sources */ = {isa = PBXBuildFile; fileRef = 7B9C5ED02CA9D94900441541 /* FAQView.swift */; };
		7B9C5ED42CA9E4D600441541 /* FAQViewModel.swift in Sources */ = {isa = PBXBuildFile; fileRef = 7B9C5ED32CA9E4D600441541 /* FAQViewModel.swift */; };
		7B9C5ED62CA9E5C000441541 /* FAQModelo.swift in Sources */ = {isa = PBXBuildFile; fileRef = 7B9C5ED52CA9E5C000441541 /* FAQModelo.swift */; };
		7B9C5EDA2CA9F08900441541 /* FAQAPIService.swift in Sources */ = {isa = PBXBuildFile; fileRef = 7B9C5ED92CA9F08900441541 /* FAQAPIService.swift */; };
		7B9C5EDC2CAA219800441541 /* FAQCard.swift in Sources */ = {isa = PBXBuildFile; fileRef = 7B9C5EDB2CAA219800441541 /* FAQCard.swift */; };
		7B9C5EDE2CAA257E00441541 /* FAQDetailView.swift in Sources */ = {isa = PBXBuildFile; fileRef = 7B9C5EDD2CAA257E00441541 /* FAQDetailView.swift */; };
		7B9C5EE02CAA4FB400441541 /* AddFAQView.swift in Sources */ = {isa = PBXBuildFile; fileRef = 7B9C5EDF2CAA4FB400441541 /* AddFAQView.swift */; };
		7B9C5EE42CAA571000441541 /* AddFAQViewModel.swift in Sources */ = {isa = PBXBuildFile; fileRef = 7B9C5EE32CAA571000441541 /* AddFAQViewModel.swift */; };
		7B9C5EEC2CAB754100441541 /* FAQDetailViewModel.swift in Sources */ = {isa = PBXBuildFile; fileRef = 7B9C5EEB2CAB754100441541 /* FAQDetailViewModel.swift */; };
		7B9C5EEE2CAC9A8100441541 /* UpdateFAQView.swift in Sources */ = {isa = PBXBuildFile; fileRef = 7B9C5EED2CAC9A8100441541 /* UpdateFAQView.swift */; };
		7B9C5EF22CACBFEA00441541 /* UpdateFAQViewModel.swift in Sources */ = {isa = PBXBuildFile; fileRef = 7B9C5EF12CACBFEA00441541 /* UpdateFAQViewModel.swift */; };
		7B9C5EF82CACF66800441541 /* FAQRepository.swift in Sources */ = {isa = PBXBuildFile; fileRef = 7B9C5EF72CACF66800441541 /* FAQRepository.swift */; };
		AE41A6D92C9A613800921BDF /* AnuncioViewModel.swift in Sources */ = {isa = PBXBuildFile; fileRef = AE41A6D82C9A612F00921BDF /* AnuncioViewModel.swift */; };
		AE41A6DD2C9A62F400921BDF /* ConsultarAnuncioRequirement.swift in Sources */ = {isa = PBXBuildFile; fileRef = AE41A6DC2C9A62E400921BDF /* ConsultarAnuncioRequirement.swift */; };
		AE41A6E12C9A633100921BDF /* AnuncioRepository.swift in Sources */ = {isa = PBXBuildFile; fileRef = AE41A6E02C9A632A00921BDF /* AnuncioRepository.swift */; };
		AE41A6E32C9A637200921BDF /* AnuncioAPIService.swift in Sources */ = {isa = PBXBuildFile; fileRef = AE41A6E22C9A636B00921BDF /* AnuncioAPIService.swift */; };
		AE41A6E52C9A648B00921BDF /* consultarAnuncioView.swift in Sources */ = {isa = PBXBuildFile; fileRef = AE41A6E42C9A648B00921BDF /* consultarAnuncioView.swift */; };
		AE41A6E72C9A679700921BDF /* Anuncio.swift in Sources */ = {isa = PBXBuildFile; fileRef = AE41A6E62C9A679000921BDF /* Anuncio.swift */; };
		AE41A6E92C9A6AA200921BDF /* AnadirAnuncioView.swift in Sources */ = {isa = PBXBuildFile; fileRef = AE41A6E82C9A6AA200921BDF /* AnadirAnuncioView.swift */; };
		AE5BA0472CB1B19900AE8C0E /* ConsultarUsuariosViewModel.swift in Sources */ = {isa = PBXBuildFile; fileRef = AE5BA0462CB1B18D00AE8C0E /* ConsultarUsuariosViewModel.swift */; };
		AE5BA04B2CB1B1BC00AE8C0E /* ConsultarUsuariosView.swift in Sources */ = {isa = PBXBuildFile; fileRef = AE5BA04A2CB1B1B400AE8C0E /* ConsultarUsuariosView.swift */; };
		AE5BA04D2CB1B1E300AE8C0E /* ConsultarUsuariosRequirement.swift in Sources */ = {isa = PBXBuildFile; fileRef = AE5BA04C2CB1B1D800AE8C0E /* ConsultarUsuariosRequirement.swift */; };
		AE5BA04F2CB1B1FD00AE8C0E /* UsuariosRepository.swift in Sources */ = {isa = PBXBuildFile; fileRef = AE5BA04E2CB1B1F200AE8C0E /* UsuariosRepository.swift */; };
		AE5BA0512CB1B23A00AE8C0E /* ConsultarUsuarios.swift in Sources */ = {isa = PBXBuildFile; fileRef = AE5BA0502CB1B23300AE8C0E /* ConsultarUsuarios.swift */; };
		AE5BA0532CB1B27100AE8C0E /* UsuariosAPIService.swift in Sources */ = {isa = PBXBuildFile; fileRef = AE5BA0522CB1B26800AE8C0E /* UsuariosAPIService.swift */; };
		AE8E78862CA9E3B7007F7365 /* Actividades.swift in Sources */ = {isa = PBXBuildFile; fileRef = AE8E78852CA9E3B3007F7365 /* Actividades.swift */; };
		AE8E78882CA9E457007F7365 /* ActividadesRepository.swift in Sources */ = {isa = PBXBuildFile; fileRef = AE8E78872CA9E450007F7365 /* ActividadesRepository.swift */; };
		AE8E788B2CA9E4B7007F7365 /* UserSessionManager.swift in Sources */ = {isa = PBXBuildFile; fileRef = AE8E788A2CA9E4B4007F7365 /* UserSessionManager.swift */; };
		AE8E788D2CA9E4D9007F7365 /* ActividadesAPIService.swift in Sources */ = {isa = PBXBuildFile; fileRef = AE8E788C2CA9E4CF007F7365 /* ActividadesAPIService.swift */; };
		AE8E78902CA9E527007F7365 /* ConsultarActividadesRequirement.swift in Sources */ = {isa = PBXBuildFile; fileRef = AE8E788F2CA9E520007F7365 /* ConsultarActividadesRequirement.swift */; };
		AE8E78932CA9E567007F7365 /* EventosViewModel.swift in Sources */ = {isa = PBXBuildFile; fileRef = AE8E78922CA9E562007F7365 /* EventosViewModel.swift */; };
		AE8E78952CA9E57F007F7365 /* RodadasViewModel.swift in Sources */ = {isa = PBXBuildFile; fileRef = AE8E78942CA9E57A007F7365 /* RodadasViewModel.swift */; };
		AE8E78972CA9E59E007F7365 /* TalleresViewModel.swift in Sources */ = {isa = PBXBuildFile; fileRef = AE8E78962CA9E599007F7365 /* TalleresViewModel.swift */; };
		AE8E78A62CA9E645007F7365 /* activityCardView.swift in Sources */ = {isa = PBXBuildFile; fileRef = AE8E78A52CA9E63C007F7365 /* activityCardView.swift */; };
		AE8E78A82CA9E650007F7365 /* eventosView.swift in Sources */ = {isa = PBXBuildFile; fileRef = AE8E78A72CA9E649007F7365 /* eventosView.swift */; };
		AE8E78AA2CA9E659007F7365 /* rodadasView.swift in Sources */ = {isa = PBXBuildFile; fileRef = AE8E78A92CA9E653007F7365 /* rodadasView.swift */; };
		AE8E78AC2CA9E662007F7365 /* talleresView.swift in Sources */ = {isa = PBXBuildFile; fileRef = AE8E78AB2CA9E65C007F7365 /* talleresView.swift */; };
		AE9D1EE02CB73EDB00750DC4 /* LinksComponent.swift in Sources */ = {isa = PBXBuildFile; fileRef = AE9D1EDF2CB73ECE00750DC4 /* LinksComponent.swift */; };
		AEE34B8A2C9FA61800C2EECE /* modificarAnuncioView.swift in Sources */ = {isa = PBXBuildFile; fileRef = AEE34B892C9FA61800C2EECE /* modificarAnuncioView.swift */; };
		AEF4467D2CA9F5D70004D5E8 /* ActividadesView.swift in Sources */ = {isa = PBXBuildFile; fileRef = AEF4467C2CA9F5D20004D5E8 /* ActividadesView.swift */; };
		AEF4467F2CA9F7B20004D5E8 /* FechaManager.swift in Sources */ = {isa = PBXBuildFile; fileRef = AEF4467E2CA9F7AD0004D5E8 /* FechaManager.swift */; };
		AEF446822CA9FE7E0004D5E8 /* ColorManager.swift in Sources */ = {isa = PBXBuildFile; fileRef = AEF446812CA9FE7B0004D5E8 /* ColorManager.swift */; };
		AEFD01A22CB33200003B37C3 /* InscribirActividadRequirement.swift in Sources */ = {isa = PBXBuildFile; fileRef = AEFD01A12CB331F6003B37C3 /* InscribirActividadRequirement.swift */; };
/* End PBXBuildFile section */

/* Begin PBXContainerItemProxy section */
		252B63AC2C99F16900A362C5 /* PBXContainerItemProxy */ = {
			isa = PBXContainerItemProxy;
			containerPortal = 252B63932C99F16700A362C5 /* Project object */;
			proxyType = 1;
			remoteGlobalIDString = 252B639A2C99F16700A362C5;
			remoteInfo = "Saca la Bici";
		};
		252B63B62C99F16900A362C5 /* PBXContainerItemProxy */ = {
			isa = PBXContainerItemProxy;
			containerPortal = 252B63932C99F16700A362C5 /* Project object */;
			proxyType = 1;
			remoteGlobalIDString = 252B639A2C99F16700A362C5;
			remoteInfo = "Saca la Bici";
		};
/* End PBXContainerItemProxy section */

/* Begin PBXFileReference section */
		2509D74C2CB489F2008DF692 /* ModificarRolRequirement.swift */ = {isa = PBXFileReference; lastKnownFileType = sourcecode.swift; path = ModificarRolRequirement.swift; sourceTree = "<group>"; };
		2510D1FA2CB04C93004C29CC /* RegistrarActividadRequirement.swift */ = {isa = PBXFileReference; lastKnownFileType = sourcecode.swift; path = RegistrarActividadRequirement.swift; sourceTree = "<group>"; };
		2510D1FC2CB04CDF004C29CC /* ActividadesPaths.swift */ = {isa = PBXFileReference; lastKnownFileType = sourcecode.swift; path = ActividadesPaths.swift; sourceTree = "<group>"; };
		2510D2002CB04E2B004C29CC /* DescripcionActividadView.swift */ = {isa = PBXFileReference; lastKnownFileType = sourcecode.swift; path = DescripcionActividadView.swift; sourceTree = "<group>"; };
		2510D2022CB04E60004C29CC /* RegistrarActividadView.swift */ = {isa = PBXFileReference; lastKnownFileType = sourcecode.swift; path = RegistrarActividadView.swift; sourceTree = "<group>"; };
		2510D2042CB04E87004C29CC /* RodadaRutaView.swift */ = {isa = PBXFileReference; lastKnownFileType = sourcecode.swift; path = RodadaRutaView.swift; sourceTree = "<group>"; };
		2510D2062CB04F08004C29CC /* DurationPicker.swift */ = {isa = PBXFileReference; lastKnownFileType = sourcecode.swift; path = DurationPicker.swift; sourceTree = "<group>"; };
		2510D2082CB04F2A004C29CC /* FechaPicker.swift */ = {isa = PBXFileReference; lastKnownFileType = sourcecode.swift; path = FechaPicker.swift; sourceTree = "<group>"; };
		2510D20A2CB04F3C004C29CC /* HoraPicker.swift */ = {isa = PBXFileReference; lastKnownFileType = sourcecode.swift; path = HoraPicker.swift; sourceTree = "<group>"; };
		2512D39F2CAFAB18003BCA6A /* IconSelection.swift */ = {isa = PBXFileReference; lastKnownFileType = sourcecode.swift; path = IconSelection.swift; sourceTree = "<group>"; };
		2512D3A12CAFAB65003BCA6A /* MedalsView.swift */ = {isa = PBXFileReference; lastKnownFileType = sourcecode.swift; path = MedalsView.swift; sourceTree = "<group>"; };
		2512D3A32CAFAB88003BCA6A /* EventView.swift */ = {isa = PBXFileReference; lastKnownFileType = sourcecode.swift; path = EventView.swift; sourceTree = "<group>"; };
		251C5FD32CAF360300CFAC87 /* ImagePicker.swift */ = {isa = PBXFileReference; lastKnownFileType = sourcecode.swift; path = ImagePicker.swift; sourceTree = "<group>"; };
		252B639B2C99F16700A362C5 /* Saca la Bici.app */ = {isa = PBXFileReference; explicitFileType = wrapper.application; includeInIndex = 0; path = "Saca la Bici.app"; sourceTree = BUILT_PRODUCTS_DIR; };
		252B63AB2C99F16900A362C5 /* Saca la BiciTests.xctest */ = {isa = PBXFileReference; explicitFileType = wrapper.cfbundle; includeInIndex = 0; path = "Saca la BiciTests.xctest"; sourceTree = BUILT_PRODUCTS_DIR; };
		252B63B52C99F16900A362C5 /* Saca la BiciUITests.xctest */ = {isa = PBXFileReference; explicitFileType = wrapper.cfbundle; includeInIndex = 0; path = "Saca la BiciUITests.xctest"; sourceTree = BUILT_PRODUCTS_DIR; };
		252B647F2C99FC5E00A362C5 /* Assets.xcassets */ = {isa = PBXFileReference; lastKnownFileType = folder.assetcatalog; path = Assets.xcassets; sourceTree = "<group>"; };
		252B64812C99FC5E00A362C5 /* Saca_la_BiciApp.swift */ = {isa = PBXFileReference; lastKnownFileType = sourcecode.swift; path = Saca_la_BiciApp.swift; sourceTree = "<group>"; };
		252B64862C99FC5E00A362C5 /* Saca_la_BiciTests.swift */ = {isa = PBXFileReference; lastKnownFileType = sourcecode.swift; path = Saca_la_BiciTests.swift; sourceTree = "<group>"; };
		252B64882C99FC5E00A362C5 /* Saca_la_BiciUITests.swift */ = {isa = PBXFileReference; lastKnownFileType = sourcecode.swift; path = Saca_la_BiciUITests.swift; sourceTree = "<group>"; };
		252B64892C99FC5E00A362C5 /* Saca_la_BiciUITestsLaunchTests.swift */ = {isa = PBXFileReference; lastKnownFileType = sourcecode.swift; path = Saca_la_BiciUITestsLaunchTests.swift; sourceTree = "<group>"; };
		252B648E2C99FCD800A362C5 /* Preview Assets.xcassets */ = {isa = PBXFileReference; lastKnownFileType = folder.assetcatalog; path = "Preview Assets.xcassets"; sourceTree = "<group>"; };
		252B64C12C99FE5900A362C5 /* LoginViewModel.swift */ = {isa = PBXFileReference; lastKnownFileType = sourcecode.swift; path = LoginViewModel.swift; sourceTree = "<group>"; };
		252B64C22C99FE5900A362C5 /* SignUpViewModel.swift */ = {isa = PBXFileReference; lastKnownFileType = sourcecode.swift; path = SignUpViewModel.swift; sourceTree = "<group>"; };
		252B64C32C99FE5900A362C5 /* SessionManager.swift */ = {isa = PBXFileReference; lastKnownFileType = sourcecode.swift; path = SessionManager.swift; sourceTree = "<group>"; };
		252B64C52C99FE5900A362C5 /* LoginView.swift */ = {isa = PBXFileReference; lastKnownFileType = sourcecode.swift; path = LoginView.swift; sourceTree = "<group>"; };
		252B64C62C99FE5900A362C5 /* ResultView.swift */ = {isa = PBXFileReference; lastKnownFileType = sourcecode.swift; path = ResultView.swift; sourceTree = "<group>"; };
		252B64C72C99FE5900A362C5 /* SessionCoordinatorView.swift */ = {isa = PBXFileReference; lastKnownFileType = sourcecode.swift; path = SessionCoordinatorView.swift; sourceTree = "<group>"; };
		252B64C82C99FE5900A362C5 /* MenuTabs.swift */ = {isa = PBXFileReference; lastKnownFileType = sourcecode.swift; path = MenuTabs.swift; sourceTree = "<group>"; };
		252B64C92C99FE5900A362C5 /* SignUpStep1View.swift */ = {isa = PBXFileReference; lastKnownFileType = sourcecode.swift; path = SignUpStep1View.swift; sourceTree = "<group>"; };
		252B64CA2C99FE5900A362C5 /* SignUpStep2View.swift */ = {isa = PBXFileReference; lastKnownFileType = sourcecode.swift; path = SignUpStep2View.swift; sourceTree = "<group>"; };
		252B64CB2C99FE5900A362C5 /* SignUpStep3View.swift */ = {isa = PBXFileReference; lastKnownFileType = sourcecode.swift; path = SignUpStep3View.swift; sourceTree = "<group>"; };
		252B64CC2C99FE5900A362C5 /* MainLoginView.swift */ = {isa = PBXFileReference; lastKnownFileType = sourcecode.swift; path = MainLoginView.swift; sourceTree = "<group>"; };
		252B64CE2C99FE5900A362C5 /* UIApplicationExtensions.swift */ = {isa = PBXFileReference; lastKnownFileType = sourcecode.swift; path = UIApplicationExtensions.swift; sourceTree = "<group>"; };
		252B64DD2C99FE6F00A362C5 /* LoginRequirement.swift */ = {isa = PBXFileReference; lastKnownFileType = sourcecode.swift; path = LoginRequirement.swift; sourceTree = "<group>"; };
		252B64DE2C99FE6F00A362C5 /* SignUpRequirement.swift */ = {isa = PBXFileReference; lastKnownFileType = sourcecode.swift; path = SignUpRequirement.swift; sourceTree = "<group>"; };
		252B64E22C99FE7200A362C5 /* APIRoutes.swift */ = {isa = PBXFileReference; lastKnownFileType = sourcecode.swift; path = APIRoutes.swift; sourceTree = "<group>"; };
		252B64E32C99FE7200A362C5 /* User.swift */ = {isa = PBXFileReference; lastKnownFileType = sourcecode.swift; path = User.swift; sourceTree = "<group>"; };
		252B64E42C99FE7200A362C5 /* SessionAPIService.swift */ = {isa = PBXFileReference; lastKnownFileType = sourcecode.swift; path = SessionAPIService.swift; sourceTree = "<group>"; };
		252B64E82C99FE7200A362C5 /* SessionRepository.swift */ = {isa = PBXFileReference; lastKnownFileType = sourcecode.swift; path = SessionRepository.swift; sourceTree = "<group>"; };
		252B65042C9A297700A362C5 /* Saca-la-Bici-Info.plist */ = {isa = PBXFileReference; lastKnownFileType = text.plist.xml; path = "Saca-la-Bici-Info.plist"; sourceTree = SOURCE_ROOT; };
		252B65082C9A3C9C00A362C5 /* CompletarDatosStep1View.swift */ = {isa = PBXFileReference; lastKnownFileType = sourcecode.swift; path = CompletarDatosStep1View.swift; sourceTree = "<group>"; };
		2552B8F12CB799F8007FDC82 /* ProfileImageView.swift */ = {isa = PBXFileReference; lastKnownFileType = sourcecode.swift; path = ProfileImageView.swift; sourceTree = "<group>"; };
		256EE2EE2CADB92400425181 /* TextoLimiteMultilineField.swift */ = {isa = PBXFileReference; lastKnownFileType = sourcecode.swift; path = TextoLimiteMultilineField.swift; sourceTree = "<group>"; };
		25858A0F2CB0AF4E00A7719C /* ActividadViewModel.swift */ = {isa = PBXFileReference; lastKnownFileType = sourcecode.swift; path = ActividadViewModel.swift; sourceTree = "<group>"; };
		25858A112CB0AFE300A7719C /* ActividadIndividualView.swift */ = {isa = PBXFileReference; lastKnownFileType = sourcecode.swift; path = ActividadIndividualView.swift; sourceTree = "<group>"; };
		25858A132CB0B87600A7719C /* ActividadIndividualViewModel.swift */ = {isa = PBXFileReference; lastKnownFileType = sourcecode.swift; path = ActividadIndividualViewModel.swift; sourceTree = "<group>"; };
		25858A152CB0BEF000A7719C /* ConsultarActividadIndividualRequirement.swift */ = {isa = PBXFileReference; lastKnownFileType = sourcecode.swift; path = ConsultarActividadIndividualRequirement.swift; sourceTree = "<group>"; };
		25858A172CB0DBC700A7719C /* ActividadInfoView.swift */ = {isa = PBXFileReference; lastKnownFileType = sourcecode.swift; path = ActividadInfoView.swift; sourceTree = "<group>"; };
		259CBB982C9E0E5A0067B550 /* Saca la Bici.entitlements */ = {isa = PBXFileReference; lastKnownFileType = text.plist.entitlements; path = "Saca la Bici.entitlements"; sourceTree = "<group>"; };
		259CBB992C9E29C00067B550 /* AppleCryptoHelpers.swift */ = {isa = PBXFileReference; lastKnownFileType = sourcecode.swift; path = AppleCryptoHelpers.swift; sourceTree = "<group>"; };
		259CBB9F2CA0E44A0067B550 /* SessionPaths.swift */ = {isa = PBXFileReference; lastKnownFileType = sourcecode.swift; path = SessionPaths.swift; sourceTree = "<group>"; };
		259EF8B62CA23899007CE3FE /* UserProfileSessionAPIService.swift */ = {isa = PBXFileReference; lastKnownFileType = sourcecode.swift; path = UserProfileSessionAPIService.swift; sourceTree = "<group>"; };
		25A7BE4B2CA4F11A00FCB8B6 /* PasswordRecoveryView.swift */ = {isa = PBXFileReference; lastKnownFileType = sourcecode.swift; path = PasswordRecoveryView.swift; sourceTree = "<group>"; };
		25A7BE4E2CA61C0600FCB8B6 /* ConfigurationView.swift */ = {isa = PBXFileReference; lastKnownFileType = sourcecode.swift; path = ConfigurationView.swift; sourceTree = "<group>"; };
		25A7BE502CA61C9500FCB8B6 /* ProfileView.swift */ = {isa = PBXFileReference; lastKnownFileType = sourcecode.swift; path = ProfileView.swift; sourceTree = "<group>"; };
		25A7BE532CA649F600FCB8B6 /* BotonSection.swift */ = {isa = PBXFileReference; lastKnownFileType = sourcecode.swift; path = BotonSection.swift; sourceTree = "<group>"; };
		25A7BE552CA64AEA00FCB8B6 /* ConfigurationPaths.swift */ = {isa = PBXFileReference; lastKnownFileType = sourcecode.swift; path = ConfigurationPaths.swift; sourceTree = "<group>"; };
		25A7BE572CA664A800FCB8B6 /* SeguridadAccesoView.swift */ = {isa = PBXFileReference; lastKnownFileType = sourcecode.swift; path = SeguridadAccesoView.swift; sourceTree = "<group>"; };
		25A7BE5B2CA7713A00FCB8B6 /* FirebaseTokenManager.swift */ = {isa = PBXFileReference; lastKnownFileType = sourcecode.swift; path = FirebaseTokenManager.swift; sourceTree = "<group>"; };
		25A7BE612CA9B17C00FCB8B6 /* NotificationManager.swift */ = {isa = PBXFileReference; lastKnownFileType = sourcecode.swift; path = NotificationManager.swift; sourceTree = "<group>"; };
		25C302B92C9A8C99005AD742 /* CustomButton.swift */ = {isa = PBXFileReference; lastKnownFileType = sourcecode.swift; path = CustomButton.swift; sourceTree = "<group>"; };
		25C302BB2C9A8F8A005AD742 /* FechaNacimientoPicker.swift */ = {isa = PBXFileReference; lastKnownFileType = sourcecode.swift; path = FechaNacimientoPicker.swift; sourceTree = "<group>"; };
		25C302BD2C9A905F005AD742 /* TipoSangrePicker.swift */ = {isa = PBXFileReference; lastKnownFileType = sourcecode.swift; path = TipoSangrePicker.swift; sourceTree = "<group>"; };
		25C302BF2C9A91A3005AD742 /* TextoLimiteField.swift */ = {isa = PBXFileReference; lastKnownFileType = sourcecode.swift; path = TextoLimiteField.swift; sourceTree = "<group>"; };
		25C302C12C9A9390005AD742 /* TelefonoEmergenciaField.swift */ = {isa = PBXFileReference; lastKnownFileType = sourcecode.swift; path = TelefonoEmergenciaField.swift; sourceTree = "<group>"; };
		25C302C32C9A9515005AD742 /* PasswordField.swift */ = {isa = PBXFileReference; lastKnownFileType = sourcecode.swift; path = PasswordField.swift; sourceTree = "<group>"; };
		25C302C52C9A9780005AD742 /* EmailField.swift */ = {isa = PBXFileReference; lastKnownFileType = sourcecode.swift; path = EmailField.swift; sourceTree = "<group>"; };
		25C302C72C9A9E7C005AD742 /* CompletarDatosStep2View.swift */ = {isa = PBXFileReference; lastKnownFileType = sourcecode.swift; path = CompletarDatosStep2View.swift; sourceTree = "<group>"; };
		25C302C92C9AAF9A005AD742 /* ExternalLoginButton.swift */ = {isa = PBXFileReference; lastKnownFileType = sourcecode.swift; path = ExternalLoginButton.swift; sourceTree = "<group>"; };
		25D0E5122CA326B800B431A9 /* GoogleService-Info.plist */ = {isa = PBXFileReference; lastKnownFileType = text.plist.xml; path = "GoogleService-Info.plist"; sourceTree = "<group>"; };
		25D0E5142CA37BE200B431A9 /* ReestablecerContraseñaView.swift */ = {isa = PBXFileReference; lastKnownFileType = sourcecode.swift; path = "ReestablecerContraseñaView.swift"; sourceTree = "<group>"; };
		25D0E5162CA3813600B431A9 /* RestablecerContraseñaViewModel.swift */ = {isa = PBXFileReference; lastKnownFileType = sourcecode.swift; path = "RestablecerContraseñaViewModel.swift"; sourceTree = "<group>"; };
		25D0E5182CA38C6C00B431A9 /* RestablecerContraseñaRequirement.swift */ = {isa = PBXFileReference; lastKnownFileType = sourcecode.swift; path = "RestablecerContraseñaRequirement.swift"; sourceTree = "<group>"; };
		25F3681A2C9B62CD003322CF /* ImagenAmarillaFondo.swift */ = {isa = PBXFileReference; lastKnownFileType = sourcecode.swift; path = ImagenAmarillaFondo.swift; sourceTree = "<group>"; };
		25F3681C2C9B7B49003322CF /* TituloComponent.swift */ = {isa = PBXFileReference; lastKnownFileType = sourcecode.swift; path = TituloComponent.swift; sourceTree = "<group>"; };
		25F3681E2C9B8032003322CF /* MainViewButton.swift */ = {isa = PBXFileReference; lastKnownFileType = sourcecode.swift; path = MainViewButton.swift; sourceTree = "<group>"; };
		25F368202C9BAEA3003322CF /* LoadingView.swift */ = {isa = PBXFileReference; lastKnownFileType = sourcecode.swift; path = LoadingView.swift; sourceTree = "<group>"; };
		6DD117252CAE5C6A0084314A /* ConsultarPerfilPropioViewModel.swift */ = {isa = PBXFileReference; lastKnownFileType = sourcecode.swift; path = ConsultarPerfilPropioViewModel.swift; sourceTree = "<group>"; };
		6DD1172A2CAE60000084314A /* ConsultarPerfilPropioRequirement.swift */ = {isa = PBXFileReference; lastKnownFileType = sourcecode.swift; path = ConsultarPerfilPropioRequirement.swift; sourceTree = "<group>"; };
		6DD1172D2CAE61CF0084314A /* Profile.swift */ = {isa = PBXFileReference; lastKnownFileType = sourcecode.swift; path = Profile.swift; sourceTree = "<group>"; };
		6DD1172F2CAE620F0084314A /* ProfileRepository.swift */ = {isa = PBXFileReference; lastKnownFileType = sourcecode.swift; path = ProfileRepository.swift; sourceTree = "<group>"; };
		6DD117312CAE62850084314A /* ProfileAPIService.swift */ = {isa = PBXFileReference; lastKnownFileType = sourcecode.swift; path = ProfileAPIService.swift; sourceTree = "<group>"; };
		7B9C5ED02CA9D94900441541 /* FAQView.swift */ = {isa = PBXFileReference; lastKnownFileType = sourcecode.swift; path = FAQView.swift; sourceTree = "<group>"; };
		7B9C5ED32CA9E4D600441541 /* FAQViewModel.swift */ = {isa = PBXFileReference; lastKnownFileType = sourcecode.swift; path = FAQViewModel.swift; sourceTree = "<group>"; };
		7B9C5ED52CA9E5C000441541 /* FAQModelo.swift */ = {isa = PBXFileReference; lastKnownFileType = sourcecode.swift; path = FAQModelo.swift; sourceTree = "<group>"; };
		7B9C5ED92CA9F08900441541 /* FAQAPIService.swift */ = {isa = PBXFileReference; lastKnownFileType = sourcecode.swift; path = FAQAPIService.swift; sourceTree = "<group>"; };
		7B9C5EDB2CAA219800441541 /* FAQCard.swift */ = {isa = PBXFileReference; lastKnownFileType = sourcecode.swift; path = FAQCard.swift; sourceTree = "<group>"; };
		7B9C5EDD2CAA257E00441541 /* FAQDetailView.swift */ = {isa = PBXFileReference; lastKnownFileType = sourcecode.swift; path = FAQDetailView.swift; sourceTree = "<group>"; };
		7B9C5EDF2CAA4FB400441541 /* AddFAQView.swift */ = {isa = PBXFileReference; lastKnownFileType = sourcecode.swift; path = AddFAQView.swift; sourceTree = "<group>"; };
		7B9C5EE32CAA571000441541 /* AddFAQViewModel.swift */ = {isa = PBXFileReference; lastKnownFileType = sourcecode.swift; path = AddFAQViewModel.swift; sourceTree = "<group>"; };
		7B9C5EEB2CAB754100441541 /* FAQDetailViewModel.swift */ = {isa = PBXFileReference; lastKnownFileType = sourcecode.swift; path = FAQDetailViewModel.swift; sourceTree = "<group>"; };
		7B9C5EED2CAC9A8100441541 /* UpdateFAQView.swift */ = {isa = PBXFileReference; lastKnownFileType = sourcecode.swift; path = UpdateFAQView.swift; sourceTree = "<group>"; };
		7B9C5EF12CACBFEA00441541 /* UpdateFAQViewModel.swift */ = {isa = PBXFileReference; lastKnownFileType = sourcecode.swift; path = UpdateFAQViewModel.swift; sourceTree = "<group>"; };
		7B9C5EF72CACF66800441541 /* FAQRepository.swift */ = {isa = PBXFileReference; lastKnownFileType = sourcecode.swift; path = FAQRepository.swift; sourceTree = "<group>"; };
		AE41A6D82C9A612F00921BDF /* AnuncioViewModel.swift */ = {isa = PBXFileReference; lastKnownFileType = sourcecode.swift; path = AnuncioViewModel.swift; sourceTree = "<group>"; };
		AE41A6DC2C9A62E400921BDF /* ConsultarAnuncioRequirement.swift */ = {isa = PBXFileReference; lastKnownFileType = sourcecode.swift; path = ConsultarAnuncioRequirement.swift; sourceTree = "<group>"; };
		AE41A6E02C9A632A00921BDF /* AnuncioRepository.swift */ = {isa = PBXFileReference; lastKnownFileType = sourcecode.swift; path = AnuncioRepository.swift; sourceTree = "<group>"; };
		AE41A6E22C9A636B00921BDF /* AnuncioAPIService.swift */ = {isa = PBXFileReference; lastKnownFileType = sourcecode.swift; path = AnuncioAPIService.swift; sourceTree = "<group>"; };
		AE41A6E42C9A648B00921BDF /* consultarAnuncioView.swift */ = {isa = PBXFileReference; lastKnownFileType = sourcecode.swift; path = consultarAnuncioView.swift; sourceTree = "<group>"; };
		AE41A6E62C9A679000921BDF /* Anuncio.swift */ = {isa = PBXFileReference; lastKnownFileType = sourcecode.swift; path = Anuncio.swift; sourceTree = "<group>"; };
		AE41A6E82C9A6AA200921BDF /* AnadirAnuncioView.swift */ = {isa = PBXFileReference; lastKnownFileType = sourcecode.swift; path = AnadirAnuncioView.swift; sourceTree = "<group>"; };
		AE5BA0462CB1B18D00AE8C0E /* ConsultarUsuariosViewModel.swift */ = {isa = PBXFileReference; lastKnownFileType = sourcecode.swift; path = ConsultarUsuariosViewModel.swift; sourceTree = "<group>"; };
		AE5BA04A2CB1B1B400AE8C0E /* ConsultarUsuariosView.swift */ = {isa = PBXFileReference; lastKnownFileType = sourcecode.swift; path = ConsultarUsuariosView.swift; sourceTree = "<group>"; };
		AE5BA04C2CB1B1D800AE8C0E /* ConsultarUsuariosRequirement.swift */ = {isa = PBXFileReference; lastKnownFileType = sourcecode.swift; path = ConsultarUsuariosRequirement.swift; sourceTree = "<group>"; };
		AE5BA04E2CB1B1F200AE8C0E /* UsuariosRepository.swift */ = {isa = PBXFileReference; lastKnownFileType = sourcecode.swift; path = UsuariosRepository.swift; sourceTree = "<group>"; };
		AE5BA0502CB1B23300AE8C0E /* ConsultarUsuarios.swift */ = {isa = PBXFileReference; lastKnownFileType = sourcecode.swift; path = ConsultarUsuarios.swift; sourceTree = "<group>"; };
		AE5BA0522CB1B26800AE8C0E /* UsuariosAPIService.swift */ = {isa = PBXFileReference; lastKnownFileType = sourcecode.swift; path = UsuariosAPIService.swift; sourceTree = "<group>"; };
		AE8E78852CA9E3B3007F7365 /* Actividades.swift */ = {isa = PBXFileReference; lastKnownFileType = sourcecode.swift; path = Actividades.swift; sourceTree = "<group>"; };
		AE8E78872CA9E450007F7365 /* ActividadesRepository.swift */ = {isa = PBXFileReference; lastKnownFileType = sourcecode.swift; path = ActividadesRepository.swift; sourceTree = "<group>"; };
		AE8E788A2CA9E4B4007F7365 /* UserSessionManager.swift */ = {isa = PBXFileReference; lastKnownFileType = sourcecode.swift; path = UserSessionManager.swift; sourceTree = "<group>"; };
		AE8E788C2CA9E4CF007F7365 /* ActividadesAPIService.swift */ = {isa = PBXFileReference; lastKnownFileType = sourcecode.swift; path = ActividadesAPIService.swift; sourceTree = "<group>"; };
		AE8E788F2CA9E520007F7365 /* ConsultarActividadesRequirement.swift */ = {isa = PBXFileReference; lastKnownFileType = sourcecode.swift; path = ConsultarActividadesRequirement.swift; sourceTree = "<group>"; };
		AE8E78922CA9E562007F7365 /* EventosViewModel.swift */ = {isa = PBXFileReference; lastKnownFileType = sourcecode.swift; path = EventosViewModel.swift; sourceTree = "<group>"; };
		AE8E78942CA9E57A007F7365 /* RodadasViewModel.swift */ = {isa = PBXFileReference; lastKnownFileType = sourcecode.swift; path = RodadasViewModel.swift; sourceTree = "<group>"; };
		AE8E78962CA9E599007F7365 /* TalleresViewModel.swift */ = {isa = PBXFileReference; lastKnownFileType = sourcecode.swift; path = TalleresViewModel.swift; sourceTree = "<group>"; };
		AE8E78A52CA9E63C007F7365 /* activityCardView.swift */ = {isa = PBXFileReference; lastKnownFileType = sourcecode.swift; path = activityCardView.swift; sourceTree = "<group>"; };
		AE8E78A72CA9E649007F7365 /* eventosView.swift */ = {isa = PBXFileReference; lastKnownFileType = sourcecode.swift; path = eventosView.swift; sourceTree = "<group>"; };
		AE8E78A92CA9E653007F7365 /* rodadasView.swift */ = {isa = PBXFileReference; lastKnownFileType = sourcecode.swift; path = rodadasView.swift; sourceTree = "<group>"; };
		AE8E78AB2CA9E65C007F7365 /* talleresView.swift */ = {isa = PBXFileReference; lastKnownFileType = sourcecode.swift; path = talleresView.swift; sourceTree = "<group>"; };
		AE9D1EDF2CB73ECE00750DC4 /* LinksComponent.swift */ = {isa = PBXFileReference; lastKnownFileType = sourcecode.swift; path = LinksComponent.swift; sourceTree = "<group>"; };
		AEE34B892C9FA61800C2EECE /* modificarAnuncioView.swift */ = {isa = PBXFileReference; lastKnownFileType = sourcecode.swift; path = modificarAnuncioView.swift; sourceTree = "<group>"; };
		AEF4467C2CA9F5D20004D5E8 /* ActividadesView.swift */ = {isa = PBXFileReference; lastKnownFileType = sourcecode.swift; path = ActividadesView.swift; sourceTree = "<group>"; };
		AEF4467E2CA9F7AD0004D5E8 /* FechaManager.swift */ = {isa = PBXFileReference; lastKnownFileType = sourcecode.swift; path = FechaManager.swift; sourceTree = "<group>"; };
		AEF446812CA9FE7B0004D5E8 /* ColorManager.swift */ = {isa = PBXFileReference; lastKnownFileType = sourcecode.swift; path = ColorManager.swift; sourceTree = "<group>"; };
		AEFD01A12CB331F6003B37C3 /* InscribirActividadRequirement.swift */ = {isa = PBXFileReference; lastKnownFileType = sourcecode.swift; path = InscribirActividadRequirement.swift; sourceTree = "<group>"; };
/* End PBXFileReference section */

/* Begin PBXFrameworksBuildPhase section */
		252B63982C99F16700A362C5 /* Frameworks */ = {
			isa = PBXFrameworksBuildPhase;
			buildActionMask = 2147483647;
			files = (
				25A7BE602CA775CF00FCB8B6 /* FirebaseMessaging in Frameworks */,
				2510D20E2CB050F6004C29CC /* DurationPicker in Frameworks */,
				252B64FD2C99FFE200A362C5 /* GoogleSignInSwift in Frameworks */,
				252B64F32C99FF1000A362C5 /* Alamofire in Frameworks */,
				2510D2112CB060E7004C29CC /* SDWebImageSwiftUI in Frameworks */,
				252B64FB2C99FFE200A362C5 /* GoogleSignIn in Frameworks */,
				252B64F82C99FFBD00A362C5 /* FirebaseAuthCombine-Community in Frameworks */,
				252B64F62C99FFBD00A362C5 /* FirebaseAuth in Frameworks */,
			);
			runOnlyForDeploymentPostprocessing = 0;
		};
		252B63A82C99F16900A362C5 /* Frameworks */ = {
			isa = PBXFrameworksBuildPhase;
			buildActionMask = 2147483647;
			files = (
			);
			runOnlyForDeploymentPostprocessing = 0;
		};
		252B63B22C99F16900A362C5 /* Frameworks */ = {
			isa = PBXFrameworksBuildPhase;
			buildActionMask = 2147483647;
			files = (
			);
			runOnlyForDeploymentPostprocessing = 0;
		};
/* End PBXFrameworksBuildPhase section */

/* Begin PBXGroup section */
		2510D2122CB075EC004C29CC /* Paths */ = {
			isa = PBXGroup;
			children = (
				259CBB9F2CA0E44A0067B550 /* SessionPaths.swift */,
				25A7BE552CA64AEA00FCB8B6 /* ConfigurationPaths.swift */,
				2510D1FC2CB04CDF004C29CC /* ActividadesPaths.swift */,
			);
			path = Paths;
			sourceTree = "<group>";
		};
		251C5FCE2CAF2F1100CFAC87 /* Fields */ = {
			isa = PBXGroup;
			children = (
				25C302BF2C9A91A3005AD742 /* TextoLimiteField.swift */,
				256EE2EE2CADB92400425181 /* TextoLimiteMultilineField.swift */,
				25C302C12C9A9390005AD742 /* TelefonoEmergenciaField.swift */,
				25C302C32C9A9515005AD742 /* PasswordField.swift */,
				25C302C52C9A9780005AD742 /* EmailField.swift */,
			);
			path = Fields;
			sourceTree = "<group>";
		};
		251C5FCF2CAF2F2B00CFAC87 /* Picker */ = {
			isa = PBXGroup;
			children = (
				2510D2082CB04F2A004C29CC /* FechaPicker.swift */,
				2510D2062CB04F08004C29CC /* DurationPicker.swift */,
				251C5FD32CAF360300CFAC87 /* ImagePicker.swift */,
				25C302BB2C9A8F8A005AD742 /* FechaNacimientoPicker.swift */,
				2510D20A2CB04F3C004C29CC /* HoraPicker.swift */,
				25C302BD2C9A905F005AD742 /* TipoSangrePicker.swift */,
				2512D39F2CAFAB18003BCA6A /* IconSelection.swift */,
			);
			path = Picker;
			sourceTree = "<group>";
		};
		251C5FD02CAF2F4F00CFAC87 /* Button */ = {
			isa = PBXGroup;
			children = (
				25A7BE532CA649F600FCB8B6 /* BotonSection.swift */,
				25C302B92C9A8C99005AD742 /* CustomButton.swift */,
				25F3681E2C9B8032003322CF /* MainViewButton.swift */,
				25C302C92C9AAF9A005AD742 /* ExternalLoginButton.swift */,
			);
			path = Button;
			sourceTree = "<group>";
		};
		251C5FD22CAF2F7600CFAC87 /* Cards */ = {
			isa = PBXGroup;
			children = (
				2512D3A32CAFAB88003BCA6A /* EventView.swift */,
				2512D3A12CAFAB65003BCA6A /* MedalsView.swift */,
				7B9C5EDB2CAA219800441541 /* FAQCard.swift */,
				AE8E78A52CA9E63C007F7365 /* activityCardView.swift */,
				25858A172CB0DBC700A7719C /* ActividadInfoView.swift */,
				2552B8F12CB799F8007FDC82 /* ProfileImageView.swift */,
			);
			path = Cards;
			sourceTree = "<group>";
		};
		252B63922C99F16700A362C5 = {
			isa = PBXGroup;
			children = (
				252B64922C99FD0F00A362C5 /* Saca la Bici */,
				252B648D2C99FCAE00A362C5 /* Saca la BiciTests */,
				252B648C2C99FC8300A362C5 /* Saca la BiciUITests */,
				252B639C2C99F16700A362C5 /* Products */,
			);
			sourceTree = "<group>";
		};
		252B639C2C99F16700A362C5 /* Products */ = {
			isa = PBXGroup;
			children = (
				252B639B2C99F16700A362C5 /* Saca la Bici.app */,
				252B63AB2C99F16900A362C5 /* Saca la BiciTests.xctest */,
				252B63B52C99F16900A362C5 /* Saca la BiciUITests.xctest */,
			);
			name = Products;
			sourceTree = "<group>";
		};
		252B648C2C99FC8300A362C5 /* Saca la BiciUITests */ = {
			isa = PBXGroup;
			children = (
				252B64892C99FC5E00A362C5 /* Saca_la_BiciUITestsLaunchTests.swift */,
				252B64882C99FC5E00A362C5 /* Saca_la_BiciUITests.swift */,
			);
			path = "Saca la BiciUITests";
			sourceTree = "<group>";
		};
		252B648D2C99FCAE00A362C5 /* Saca la BiciTests */ = {
			isa = PBXGroup;
			children = (
				252B64862C99FC5E00A362C5 /* Saca_la_BiciTests.swift */,
			);
			path = "Saca la BiciTests";
			sourceTree = "<group>";
		};
		252B64922C99FD0F00A362C5 /* Saca la Bici */ = {
			isa = PBXGroup;
			children = (
				259CBB982C9E0E5A0067B550 /* Saca la Bici.entitlements */,
				252B64812C99FC5E00A362C5 /* Saca_la_BiciApp.swift */,
				252B64D02C99FE5900A362C5 /* Framework */,
				252B64DF2C99FE6F00A362C5 /* Domain */,
				252B64EA2C99FE7200A362C5 /* Data */,
				252B65042C9A297700A362C5 /* Saca-la-Bici-Info.plist */,
				25D0E5122CA326B800B431A9 /* GoogleService-Info.plist */,
				252B647F2C99FC5E00A362C5 /* Assets.xcassets */,
				252B64932C99FD2C00A362C5 /* Preview Content */,
			);
			path = "Saca la Bici";
			sourceTree = "<group>";
		};
		252B64932C99FD2C00A362C5 /* Preview Content */ = {
			isa = PBXGroup;
			children = (
				252B648E2C99FCD800A362C5 /* Preview Assets.xcassets */,
			);
			path = "Preview Content";
			sourceTree = "<group>";
		};
		252B64C42C99FE5900A362C5 /* ViewModels */ = {
			isa = PBXGroup;
			children = (
				AE8E78912CA9E558007F7365 /* Actividades */,
				7B9C5ED22CA9E4C700441541 /* Profile */,
				252B64FE2C9A01FD00A362C5 /* Session */,
				AE41A6D52C9A60E000921BDF /* Anuncios */,
			);
			path = ViewModels;
			sourceTree = "<group>";
		};
		252B64CD2C99FE5900A362C5 /* Views */ = {
			isa = PBXGroup;
			children = (
				25C302B82C9A8B95005AD742 /* Components */,
				AE8E78982CA9E5C2007F7365 /* Actividades */,
				252B65052C9A37D600A362C5 /* Session */,
				AE41A6DA2C9A629800921BDF /* Anuncios */,
				25A7BE4D2CA61BEE00FCB8B6 /* Profile */,
				252B64C62C99FE5900A362C5 /* ResultView.swift */,
				252B64C82C99FE5900A362C5 /* MenuTabs.swift */,
				25F368202C9BAEA3003322CF /* LoadingView.swift */,
			);
			path = Views;
			sourceTree = "<group>";
		};
		252B64CF2C99FE5900A362C5 /* Extensions */ = {
			isa = PBXGroup;
			children = (
				252B64CE2C99FE5900A362C5 /* UIApplicationExtensions.swift */,
				259CBB992C9E29C00067B550 /* AppleCryptoHelpers.swift */,
			);
			path = Extensions;
			sourceTree = "<group>";
		};
		252B64D02C99FE5900A362C5 /* Framework */ = {
			isa = PBXGroup;
			children = (
				252B64C42C99FE5900A362C5 /* ViewModels */,
				252B64CD2C99FE5900A362C5 /* Views */,
				AE8E78892CA9E4A2007F7365 /* Managers */,
				252B64CF2C99FE5900A362C5 /* Extensions */,
			);
			path = Framework;
			sourceTree = "<group>";
		};
		252B64DF2C99FE6F00A362C5 /* Domain */ = {
			isa = PBXGroup;
			children = (
				6DD117272CAE5F880084314A /* Profile */,
				AE8E788E2CA9E516007F7365 /* Actividades */,
				252B64FF2C9A021D00A362C5 /* Session */,
				AE41A6DB2C9A62DB00921BDF /* Anuncios */,
			);
			path = Domain;
			sourceTree = "<group>";
		};
		252B64E62C99FE7200A362C5 /* Network */ = {
			isa = PBXGroup;
			children = (
				AE5BA0522CB1B26800AE8C0E /* UsuariosAPIService.swift */,
				6DD117312CAE62850084314A /* ProfileAPIService.swift */,
				AE8E788C2CA9E4CF007F7365 /* ActividadesAPIService.swift */,
				252B64E42C99FE7200A362C5 /* SessionAPIService.swift */,
				259EF8B62CA23899007CE3FE /* UserProfileSessionAPIService.swift */,
				AE41A6E22C9A636B00921BDF /* AnuncioAPIService.swift */,
				25A7BE5B2CA7713A00FCB8B6 /* FirebaseTokenManager.swift */,
				7B9C5ED92CA9F08900441541 /* FAQAPIService.swift */,
			);
			path = Network;
			sourceTree = "<group>";
		};
		252B64E72C99FE7200A362C5 /* Models */ = {
			isa = PBXGroup;
			children = (
				252B650D2C9A427D00A362C5 /* Objects */,
				252B64E62C99FE7200A362C5 /* Network */,
			);
			path = Models;
			sourceTree = "<group>";
		};
		252B64EA2C99FE7200A362C5 /* Data */ = {
			isa = PBXGroup;
			children = (
				252B650C2C9A426200A362C5 /* Repositories */,
				252B64E72C99FE7200A362C5 /* Models */,
			);
			path = Data;
			sourceTree = "<group>";
		};
		252B64FE2C9A01FD00A362C5 /* Session */ = {
			isa = PBXGroup;
			children = (
				252B64C12C99FE5900A362C5 /* LoginViewModel.swift */,
				252B64C22C99FE5900A362C5 /* SignUpViewModel.swift */,
				25D0E5162CA3813600B431A9 /* RestablecerContraseñaViewModel.swift */,
				252B64C32C99FE5900A362C5 /* SessionManager.swift */,
				25A7BE612CA9B17C00FCB8B6 /* NotificationManager.swift */,
			);
			path = Session;
			sourceTree = "<group>";
		};
		252B64FF2C9A021D00A362C5 /* Session */ = {
			isa = PBXGroup;
			children = (
				252B64DD2C99FE6F00A362C5 /* LoginRequirement.swift */,
				252B64DE2C99FE6F00A362C5 /* SignUpRequirement.swift */,
				25D0E5182CA38C6C00B431A9 /* RestablecerContraseñaRequirement.swift */,
			);
			path = Session;
			sourceTree = "<group>";
		};
		252B65052C9A37D600A362C5 /* Session */ = {
			isa = PBXGroup;
			children = (
				252B64CC2C99FE5900A362C5 /* MainLoginView.swift */,
				252B64C52C99FE5900A362C5 /* LoginView.swift */,
				252B64C92C99FE5900A362C5 /* SignUpStep1View.swift */,
				252B64CA2C99FE5900A362C5 /* SignUpStep2View.swift */,
				252B64CB2C99FE5900A362C5 /* SignUpStep3View.swift */,
				252B65082C9A3C9C00A362C5 /* CompletarDatosStep1View.swift */,
				25C302C72C9A9E7C005AD742 /* CompletarDatosStep2View.swift */,
				25D0E5142CA37BE200B431A9 /* ReestablecerContraseñaView.swift */,
				25A7BE4B2CA4F11A00FCB8B6 /* PasswordRecoveryView.swift */,
				252B64C72C99FE5900A362C5 /* SessionCoordinatorView.swift */,
			);
			path = Session;
			sourceTree = "<group>";
		};
		252B650C2C9A426200A362C5 /* Repositories */ = {
			isa = PBXGroup;
			children = (
				AE5BA04E2CB1B1F200AE8C0E /* UsuariosRepository.swift */,
				6DD1172F2CAE620F0084314A /* ProfileRepository.swift */,
				AE8E78872CA9E450007F7365 /* ActividadesRepository.swift */,
				252B64E82C99FE7200A362C5 /* SessionRepository.swift */,
				AE41A6E02C9A632A00921BDF /* AnuncioRepository.swift */,
				7B9C5EF72CACF66800441541 /* FAQRepository.swift */,
			);
			path = Repositories;
			sourceTree = "<group>";
		};
		252B650D2C9A427D00A362C5 /* Objects */ = {
			isa = PBXGroup;
			children = (
				2510D2122CB075EC004C29CC /* Paths */,
				252B64E22C99FE7200A362C5 /* APIRoutes.swift */,
				6DD1172D2CAE61CF0084314A /* Profile.swift */,
				AE8E78852CA9E3B3007F7365 /* Actividades.swift */,
				252B64E32C99FE7200A362C5 /* User.swift */,
				AE41A6E62C9A679000921BDF /* Anuncio.swift */,
				7B9C5ED52CA9E5C000441541 /* FAQModelo.swift */,
				AE5BA0502CB1B23300AE8C0E /* ConsultarUsuarios.swift */,
			);
			path = Objects;
			sourceTree = "<group>";
		};
		25A7BE4D2CA61BEE00FCB8B6 /* Profile */ = {
			isa = PBXGroup;
			children = (
				AE5BA04A2CB1B1B400AE8C0E /* ConsultarUsuariosView.swift */,
				25A7BE502CA61C9500FCB8B6 /* ProfileView.swift */,
				25A7BE4E2CA61C0600FCB8B6 /* ConfigurationView.swift */,
				25A7BE572CA664A800FCB8B6 /* SeguridadAccesoView.swift */,
				7B9C5EDF2CAA4FB400441541 /* AddFAQView.swift */,
				7B9C5EED2CAC9A8100441541 /* UpdateFAQView.swift */,
				7B9C5ED02CA9D94900441541 /* FAQView.swift */,
				7B9C5EDD2CAA257E00441541 /* FAQDetailView.swift */,
			);
			path = Profile;
			sourceTree = "<group>";
		};
		25C302B82C9A8B95005AD742 /* Components */ = {
			isa = PBXGroup;
			children = (
				AE9D1EDF2CB73ECE00750DC4 /* LinksComponent.swift */,
				251C5FCF2CAF2F2B00CFAC87 /* Picker */,
				251C5FCE2CAF2F1100CFAC87 /* Fields */,
				251C5FD02CAF2F4F00CFAC87 /* Button */,
				251C5FD22CAF2F7600CFAC87 /* Cards */,
				25F3681A2C9B62CD003322CF /* ImagenAmarillaFondo.swift */,
				25F3681C2C9B7B49003322CF /* TituloComponent.swift */,
			);
			path = Components;
			sourceTree = "<group>";
		};
		6DD117272CAE5F880084314A /* Profile */ = {
			isa = PBXGroup;
			children = (
				AE5BA04C2CB1B1D800AE8C0E /* ConsultarUsuariosRequirement.swift */,
				6DD1172A2CAE60000084314A /* ConsultarPerfilPropioRequirement.swift */,
				2509D74C2CB489F2008DF692 /* ModificarRolRequirement.swift */,
			);
			path = Profile;
			sourceTree = "<group>";
		};
		7B9C5ED22CA9E4C700441541 /* Profile */ = {
			isa = PBXGroup;
			children = (
				AE5BA0462CB1B18D00AE8C0E /* ConsultarUsuariosViewModel.swift */,
				6DD117252CAE5C6A0084314A /* ConsultarPerfilPropioViewModel.swift */,
				7B9C5ED32CA9E4D600441541 /* FAQViewModel.swift */,
				7B9C5EEB2CAB754100441541 /* FAQDetailViewModel.swift */,
				7B9C5EE32CAA571000441541 /* AddFAQViewModel.swift */,
				7B9C5EF12CACBFEA00441541 /* UpdateFAQViewModel.swift */,
			);
			path = Profile;
			sourceTree = "<group>";
		};
		AE41A6D52C9A60E000921BDF /* Anuncios */ = {
			isa = PBXGroup;
			children = (
				AE41A6D82C9A612F00921BDF /* AnuncioViewModel.swift */,
			);
			path = Anuncios;
			sourceTree = "<group>";
		};
		AE41A6DA2C9A629800921BDF /* Anuncios */ = {
			isa = PBXGroup;
			children = (
				AE41A6E82C9A6AA200921BDF /* AnadirAnuncioView.swift */,
				AE41A6E42C9A648B00921BDF /* consultarAnuncioView.swift */,
				AEE34B892C9FA61800C2EECE /* modificarAnuncioView.swift */,
			);
			path = Anuncios;
			sourceTree = "<group>";
		};
		AE41A6DB2C9A62DB00921BDF /* Anuncios */ = {
			isa = PBXGroup;
			children = (
				AE41A6DC2C9A62E400921BDF /* ConsultarAnuncioRequirement.swift */,
			);
			path = Anuncios;
			sourceTree = "<group>";
		};
		AE8E78892CA9E4A2007F7365 /* Managers */ = {
			isa = PBXGroup;
			children = (
				AEF446812CA9FE7B0004D5E8 /* ColorManager.swift */,
				AEF4467E2CA9F7AD0004D5E8 /* FechaManager.swift */,
				AE8E788A2CA9E4B4007F7365 /* UserSessionManager.swift */,
			);
			path = Managers;
			sourceTree = "<group>";
		};
		AE8E788E2CA9E516007F7365 /* Actividades */ = {
			isa = PBXGroup;
			children = (
				AEFD01A12CB331F6003B37C3 /* InscribirActividadRequirement.swift */,
				2510D1FA2CB04C93004C29CC /* RegistrarActividadRequirement.swift */,
				AE8E788F2CA9E520007F7365 /* ConsultarActividadesRequirement.swift */,
				25858A152CB0BEF000A7719C /* ConsultarActividadIndividualRequirement.swift */,
			);
			path = Actividades;
			sourceTree = "<group>";
		};
		AE8E78912CA9E558007F7365 /* Actividades */ = {
			isa = PBXGroup;
			children = (
				25858A0F2CB0AF4E00A7719C /* ActividadViewModel.swift */,
				AE8E78962CA9E599007F7365 /* TalleresViewModel.swift */,
				AE8E78942CA9E57A007F7365 /* RodadasViewModel.swift */,
				AE8E78922CA9E562007F7365 /* EventosViewModel.swift */,
				25858A132CB0B87600A7719C /* ActividadIndividualViewModel.swift */,
			);
			path = Actividades;
			sourceTree = "<group>";
		};
		AE8E78982CA9E5C2007F7365 /* Actividades */ = {
			isa = PBXGroup;
			children = (
				AEF4467C2CA9F5D20004D5E8 /* ActividadesView.swift */,
				2510D2022CB04E60004C29CC /* RegistrarActividadView.swift */,
				2510D2042CB04E87004C29CC /* RodadaRutaView.swift */,
				2510D2002CB04E2B004C29CC /* DescripcionActividadView.swift */,
				AE8E78AB2CA9E65C007F7365 /* talleresView.swift */,
				AE8E78A92CA9E653007F7365 /* rodadasView.swift */,
				AE8E78A72CA9E649007F7365 /* eventosView.swift */,
				25858A112CB0AFE300A7719C /* ActividadIndividualView.swift */,
			);
			path = Actividades;
			sourceTree = "<group>";
		};
/* End PBXGroup section */

/* Begin PBXNativeTarget section */
		252B639A2C99F16700A362C5 /* Saca la Bici */ = {
			isa = PBXNativeTarget;
			buildConfigurationList = 252B63BF2C99F16900A362C5 /* Build configuration list for PBXNativeTarget "Saca la Bici" */;
			buildPhases = (
				252B63972C99F16700A362C5 /* Sources */,
				25BC18602CA2296000E21088 /* ShellScript */,
				252B63982C99F16700A362C5 /* Frameworks */,
				252B63992C99F16700A362C5 /* Resources */,
			);
			buildRules = (
			);
			dependencies = (
			);
			name = "Saca la Bici";
			packageProductDependencies = (
				252B64F22C99FF1000A362C5 /* Alamofire */,
				252B64F52C99FFBD00A362C5 /* FirebaseAuth */,
				252B64F72C99FFBD00A362C5 /* FirebaseAuthCombine-Community */,
				252B64FA2C99FFE200A362C5 /* GoogleSignIn */,
				252B64FC2C99FFE200A362C5 /* GoogleSignInSwift */,
				25A7BE5F2CA775CF00FCB8B6 /* FirebaseMessaging */,
				2510D20D2CB050F6004C29CC /* DurationPicker */,
				2510D2102CB060E7004C29CC /* SDWebImageSwiftUI */,
			);
			productName = "Saca la Bici";
			productReference = 252B639B2C99F16700A362C5 /* Saca la Bici.app */;
			productType = "com.apple.product-type.application";
		};
		252B63AA2C99F16900A362C5 /* Saca la BiciTests */ = {
			isa = PBXNativeTarget;
			buildConfigurationList = 252B63C22C99F16900A362C5 /* Build configuration list for PBXNativeTarget "Saca la BiciTests" */;
			buildPhases = (
				252B63A72C99F16900A362C5 /* Sources */,
				252B63A82C99F16900A362C5 /* Frameworks */,
				252B63A92C99F16900A362C5 /* Resources */,
			);
			buildRules = (
			);
			dependencies = (
				252B63AD2C99F16900A362C5 /* PBXTargetDependency */,
			);
			name = "Saca la BiciTests";
			packageProductDependencies = (
			);
			productName = "Saca la BiciTests";
			productReference = 252B63AB2C99F16900A362C5 /* Saca la BiciTests.xctest */;
			productType = "com.apple.product-type.bundle.unit-test";
		};
		252B63B42C99F16900A362C5 /* Saca la BiciUITests */ = {
			isa = PBXNativeTarget;
			buildConfigurationList = 252B63C52C99F16900A362C5 /* Build configuration list for PBXNativeTarget "Saca la BiciUITests" */;
			buildPhases = (
				252B63B12C99F16900A362C5 /* Sources */,
				252B63B22C99F16900A362C5 /* Frameworks */,
				252B63B32C99F16900A362C5 /* Resources */,
			);
			buildRules = (
			);
			dependencies = (
				252B63B72C99F16900A362C5 /* PBXTargetDependency */,
			);
			name = "Saca la BiciUITests";
			packageProductDependencies = (
			);
			productName = "Saca la BiciUITests";
			productReference = 252B63B52C99F16900A362C5 /* Saca la BiciUITests.xctest */;
			productType = "com.apple.product-type.bundle.ui-testing";
		};
/* End PBXNativeTarget section */

/* Begin PBXProject section */
		252B63932C99F16700A362C5 /* Project object */ = {
			isa = PBXProject;
			attributes = {
				BuildIndependentTargetsInParallel = 1;
				LastSwiftUpdateCheck = 1600;
				LastUpgradeCheck = 1600;
				TargetAttributes = {
					252B639A2C99F16700A362C5 = {
						CreatedOnToolsVersion = 16.0;
					};
					252B63AA2C99F16900A362C5 = {
						CreatedOnToolsVersion = 16.0;
						TestTargetID = 252B639A2C99F16700A362C5;
					};
					252B63B42C99F16900A362C5 = {
						CreatedOnToolsVersion = 16.0;
						TestTargetID = 252B639A2C99F16700A362C5;
					};
				};
			};
			buildConfigurationList = 252B63962C99F16700A362C5 /* Build configuration list for PBXProject "Saca la Bici" */;
			developmentRegion = "es-419";
			hasScannedForEncodings = 0;
			knownRegions = (
				en,
				Base,
				"es-419",
			);
			mainGroup = 252B63922C99F16700A362C5;
			minimizedProjectReferenceProxies = 1;
			packageReferences = (
				252B64F12C99FF1000A362C5 /* XCRemoteSwiftPackageReference "Alamofire" */,
				252B64F42C99FFBD00A362C5 /* XCRemoteSwiftPackageReference "firebase-ios-sdk" */,
				252B64F92C99FFE200A362C5 /* XCRemoteSwiftPackageReference "GoogleSignIn-iOS" */,
				2510D20C2CB050F6004C29CC /* XCRemoteSwiftPackageReference "DurationPicker" */,
				2510D20F2CB060E7004C29CC /* XCRemoteSwiftPackageReference "SDWebImageSwiftUI" */,
			);
			preferredProjectObjectVersion = 77;
			productRefGroup = 252B639C2C99F16700A362C5 /* Products */;
			projectDirPath = "";
			projectRoot = "";
			targets = (
				252B639A2C99F16700A362C5 /* Saca la Bici */,
				252B63AA2C99F16900A362C5 /* Saca la BiciTests */,
				252B63B42C99F16900A362C5 /* Saca la BiciUITests */,
			);
		};
/* End PBXProject section */

/* Begin PBXResourcesBuildPhase section */
		252B63992C99F16700A362C5 /* Resources */ = {
			isa = PBXResourcesBuildPhase;
			buildActionMask = 2147483647;
			files = (
				252B64902C99FCD800A362C5 /* Preview Assets.xcassets in Resources */,
				252B64832C99FC5E00A362C5 /* Assets.xcassets in Resources */,
				25D0E5132CA326B800B431A9 /* GoogleService-Info.plist in Resources */,
			);
			runOnlyForDeploymentPostprocessing = 0;
		};
		252B63A92C99F16900A362C5 /* Resources */ = {
			isa = PBXResourcesBuildPhase;
			buildActionMask = 2147483647;
			files = (
			);
			runOnlyForDeploymentPostprocessing = 0;
		};
		252B63B32C99F16900A362C5 /* Resources */ = {
			isa = PBXResourcesBuildPhase;
			buildActionMask = 2147483647;
			files = (
			);
			runOnlyForDeploymentPostprocessing = 0;
		};
/* End PBXResourcesBuildPhase section */

/* Begin PBXShellScriptBuildPhase section */
		25BC18602CA2296000E21088 /* ShellScript */ = {
			isa = PBXShellScriptBuildPhase;
			alwaysOutOfDate = 1;
			buildActionMask = 2147483647;
			files = (
			);
			inputFileListPaths = (
			);
			inputPaths = (
			);
			outputFileListPaths = (
			);
			outputPaths = (
			);
			runOnlyForDeploymentPostprocessing = 0;
			shellPath = /bin/sh;
			shellScript = "if [[ \"$(uname -m)\" == arm64 ]]; then\n    export PATH=\"/opt/homebrew/bin:$PATH\"\nfi\n\nif which swiftlint > /dev/null; then\n  swiftlint --fix && swiftlint\nelse\n  echo \"warning: SwiftLint not installed, download from https://github.com/realm/SwiftLint\"\nfi\n";
			showEnvVarsInLog = 0;
		};
/* End PBXShellScriptBuildPhase section */

/* Begin PBXSourcesBuildPhase section */
		252B63972C99F16700A362C5 /* Sources */ = {
			isa = PBXSourcesBuildPhase;
			buildActionMask = 2147483647;
			files = (
				AEF4467D2CA9F5D70004D5E8 /* ActividadesView.swift in Sources */,
				252B64852C99FC5E00A362C5 /* Saca_la_BiciApp.swift in Sources */,
				AE8E78932CA9E567007F7365 /* EventosViewModel.swift in Sources */,
				25C302BA2C9A8C99005AD742 /* CustomButton.swift in Sources */,
				AE5BA0532CB1B27100AE8C0E /* UsuariosAPIService.swift in Sources */,
				2512D3A42CAFAB90003BCA6A /* EventView.swift in Sources */,
				252B64D12C99FE5900A362C5 /* SessionCoordinatorView.swift in Sources */,
				25A7BE4F2CA61C0600FCB8B6 /* ConfigurationView.swift in Sources */,
				2512D3A22CAFAB6B003BCA6A /* MedalsView.swift in Sources */,
				6DD117322CAE62A70084314A /* ProfileAPIService.swift in Sources */,
				AE8E78A62CA9E645007F7365 /* activityCardView.swift in Sources */,
				AE8E78862CA9E3B7007F7365 /* Actividades.swift in Sources */,
				AE8E78952CA9E57F007F7365 /* RodadasViewModel.swift in Sources */,
				6DD1172E2CAE61D40084314A /* Profile.swift in Sources */,
				2510D2052CB04E8B004C29CC /* RodadaRutaView.swift in Sources */,
				252B64D22C99FE5900A362C5 /* UIApplicationExtensions.swift in Sources */,
				252B64D32C99FE5900A362C5 /* SignUpStep1View.swift in Sources */,
				252B64D42C99FE5900A362C5 /* SignUpStep2View.swift in Sources */,
				7B9C5EE02CAA4FB400441541 /* AddFAQView.swift in Sources */,
				25C302BC2C9A8F8A005AD742 /* FechaNacimientoPicker.swift in Sources */,
				2510D2012CB04E31004C29CC /* DescripcionActividadView.swift in Sources */,
				AE5BA0472CB1B19900AE8C0E /* ConsultarUsuariosViewModel.swift in Sources */,
				25D0E5172CA3813600B431A9 /* RestablecerContraseñaViewModel.swift in Sources */,
				7B9C5EF22CACBFEA00441541 /* UpdateFAQViewModel.swift in Sources */,
				2510D1FD2CB04CE4004C29CC /* ActividadesPaths.swift in Sources */,
				25F3681D2C9B7B49003322CF /* TituloComponent.swift in Sources */,
				25C302BE2C9A905F005AD742 /* TipoSangrePicker.swift in Sources */,
				25858A122CB0AFE300A7719C /* ActividadIndividualView.swift in Sources */,
				AE8E78902CA9E527007F7365 /* ConsultarActividadesRequirement.swift in Sources */,
				252B64EB2C99FE7200A362C5 /* User.swift in Sources */,
				AE8E78AC2CA9E662007F7365 /* talleresView.swift in Sources */,
				252B64ED2C99FE7200A362C5 /* APIRoutes.swift in Sources */,
				25F3681F2C9B8032003322CF /* MainViewButton.swift in Sources */,
				AE8E78972CA9E59E007F7365 /* TalleresViewModel.swift in Sources */,
				AE5BA0512CB1B23A00AE8C0E /* ConsultarUsuarios.swift in Sources */,
				2510D20B2CB04F3E004C29CC /* HoraPicker.swift in Sources */,
				252B64EE2C99FE7200A362C5 /* SessionAPIService.swift in Sources */,
				AEFD01A22CB33200003B37C3 /* InscribirActividadRequirement.swift in Sources */,
				25C302CA2C9AAF9A005AD742 /* ExternalLoginButton.swift in Sources */,
				25D0E5152CA37BE200B431A9 /* ReestablecerContraseñaView.swift in Sources */,
				AE5BA04D2CB1B1E300AE8C0E /* ConsultarUsuariosRequirement.swift in Sources */,
				25F368212C9BAEA3003322CF /* LoadingView.swift in Sources */,
				252B64EF2C99FE7200A362C5 /* SessionRepository.swift in Sources */,
				AE9D1EE02CB73EDB00750DC4 /* LinksComponent.swift in Sources */,
				252B64D52C99FE5900A362C5 /* SignUpStep3View.swift in Sources */,
				AE8E78A82CA9E650007F7365 /* eventosView.swift in Sources */,
				256EE2EF2CADB92400425181 /* TextoLimiteMultilineField.swift in Sources */,
				2510D2032CB04E69004C29CC /* RegistrarActividadView.swift in Sources */,
				25858A182CB0DBC700A7719C /* ActividadInfoView.swift in Sources */,
				7B9C5EE42CAA571000441541 /* AddFAQViewModel.swift in Sources */,
				7B9C5ED62CA9E5C000441541 /* FAQModelo.swift in Sources */,
				252B64D62C99FE5900A362C5 /* MenuTabs.swift in Sources */,
				252B64D72C99FE5900A362C5 /* ResultView.swift in Sources */,
				25C302C22C9A9390005AD742 /* TelefonoEmergenciaField.swift in Sources */,
				2510D2092CB04F2E004C29CC /* FechaPicker.swift in Sources */,
				6DD117262CAE5C790084314A /* ConsultarPerfilPropioViewModel.swift in Sources */,
				25A7BE5C2CA7713A00FCB8B6 /* FirebaseTokenManager.swift in Sources */,
				6DD1172B2CAE61190084314A /* ConsultarPerfilPropioRequirement.swift in Sources */,
				252B64D82C99FE5900A362C5 /* MainLoginView.swift in Sources */,
				252B65092C9A3C9C00A362C5 /* CompletarDatosStep1View.swift in Sources */,
				252B64D92C99FE5900A362C5 /* SessionManager.swift in Sources */,
				25C302C62C9A9780005AD742 /* EmailField.swift in Sources */,
				2552B8F22CB799F8007FDC82 /* ProfileImageView.swift in Sources */,
				2512D3A02CAFAB20003BCA6A /* IconSelection.swift in Sources */,
				25A7BE582CA664A800FCB8B6 /* SeguridadAccesoView.swift in Sources */,
				25858A102CB0AF5400A7719C /* ActividadViewModel.swift in Sources */,
				7B9C5EDE2CAA257E00441541 /* FAQDetailView.swift in Sources */,
				7B9C5EDC2CAA219800441541 /* FAQCard.swift in Sources */,
				251C5FD42CAF360800CFAC87 /* ImagePicker.swift in Sources */,
				25858A142CB0B87600A7719C /* ActividadIndividualViewModel.swift in Sources */,
				7B9C5ED12CA9D94900441541 /* FAQView.swift in Sources */,
				2510D1FB2CB04C9C004C29CC /* RegistrarActividadRequirement.swift in Sources */,
				259CBB9A2C9E29C00067B550 /* AppleCryptoHelpers.swift in Sources */,
				AE8E78AA2CA9E659007F7365 /* rodadasView.swift in Sources */,
				25C302C42C9A9515005AD742 /* PasswordField.swift in Sources */,
				AE5BA04B2CB1B1BC00AE8C0E /* ConsultarUsuariosView.swift in Sources */,
				252B64DA2C99FE5900A362C5 /* SignUpViewModel.swift in Sources */,
				2509D74D2CB489F2008DF692 /* ModificarRolRequirement.swift in Sources */,
				252B64DB2C99FE5900A362C5 /* LoginView.swift in Sources */,
				25C302C82C9A9E7C005AD742 /* CompletarDatosStep2View.swift in Sources */,
				25A7BE512CA61C9500FCB8B6 /* ProfileView.swift in Sources */,
				AE8E788D2CA9E4D9007F7365 /* ActividadesAPIService.swift in Sources */,
				259CBBA02CA0E44A0067B550 /* SessionPaths.swift in Sources */,
				7B9C5EEC2CAB754100441541 /* FAQDetailViewModel.swift in Sources */,
				7B9C5EEE2CAC9A8100441541 /* UpdateFAQView.swift in Sources */,
				6DD117302CAE62170084314A /* ProfileRepository.swift in Sources */,
				25A7BE4C2CA4F11A00FCB8B6 /* PasswordRecoveryView.swift in Sources */,
				25A7BE622CA9B17C00FCB8B6 /* NotificationManager.swift in Sources */,
				25D0E5192CA38C6C00B431A9 /* RestablecerContraseñaRequirement.swift in Sources */,
				AE8E78882CA9E457007F7365 /* ActividadesRepository.swift in Sources */,
				252B64E02C99FE6F00A362C5 /* LoginRequirement.swift in Sources */,
				25F3681B2C9B62CD003322CF /* ImagenAmarillaFondo.swift in Sources */,
				2510D2072CB04F0B004C29CC /* DurationPicker.swift in Sources */,
				7B9C5EF82CACF66800441541 /* FAQRepository.swift in Sources */,
				259EF8B72CA23899007CE3FE /* UserProfileSessionAPIService.swift in Sources */,
				25C302C02C9A91A3005AD742 /* TextoLimiteField.swift in Sources */,
				252B64E12C99FE6F00A362C5 /* SignUpRequirement.swift in Sources */,
				252B64DC2C99FE5900A362C5 /* LoginViewModel.swift in Sources */,
				AE8E788B2CA9E4B7007F7365 /* UserSessionManager.swift in Sources */,
				AEE34B8A2C9FA61800C2EECE /* modificarAnuncioView.swift in Sources */,
				AE41A6E92C9A6AA200921BDF /* AnadirAnuncioView.swift in Sources */,
				7B9C5ED42CA9E4D600441541 /* FAQViewModel.swift in Sources */,
				AE41A6E52C9A648B00921BDF /* consultarAnuncioView.swift in Sources */,
				AEF446822CA9FE7E0004D5E8 /* ColorManager.swift in Sources */,
				AE5BA04F2CB1B1FD00AE8C0E /* UsuariosRepository.swift in Sources */,
				AE41A6D92C9A613800921BDF /* AnuncioViewModel.swift in Sources */,
				25A7BE542CA649F600FCB8B6 /* BotonSection.swift in Sources */,
				25A7BE562CA64AEA00FCB8B6 /* ConfigurationPaths.swift in Sources */,
				AE41A6DD2C9A62F400921BDF /* ConsultarAnuncioRequirement.swift in Sources */,
				AE41A6E72C9A679700921BDF /* Anuncio.swift in Sources */,
				AE41A6E12C9A633100921BDF /* AnuncioRepository.swift in Sources */,
				7B9C5EDA2CA9F08900441541 /* FAQAPIService.swift in Sources */,
				AE41A6E32C9A637200921BDF /* AnuncioAPIService.swift in Sources */,
				25858A162CB0BEF000A7719C /* ConsultarActividadIndividualRequirement.swift in Sources */,
				AEF4467F2CA9F7B20004D5E8 /* FechaManager.swift in Sources */,
			);
			runOnlyForDeploymentPostprocessing = 0;
		};
		252B63A72C99F16900A362C5 /* Sources */ = {
			isa = PBXSourcesBuildPhase;
			buildActionMask = 2147483647;
			files = (
				252B64872C99FC5E00A362C5 /* Saca_la_BiciTests.swift in Sources */,
			);
			runOnlyForDeploymentPostprocessing = 0;
		};
		252B63B12C99F16900A362C5 /* Sources */ = {
			isa = PBXSourcesBuildPhase;
			buildActionMask = 2147483647;
			files = (
				252B648A2C99FC5E00A362C5 /* Saca_la_BiciUITests.swift in Sources */,
				252B648B2C99FC5E00A362C5 /* Saca_la_BiciUITestsLaunchTests.swift in Sources */,
			);
			runOnlyForDeploymentPostprocessing = 0;
		};
/* End PBXSourcesBuildPhase section */

/* Begin PBXTargetDependency section */
		252B63AD2C99F16900A362C5 /* PBXTargetDependency */ = {
			isa = PBXTargetDependency;
			target = 252B639A2C99F16700A362C5 /* Saca la Bici */;
			targetProxy = 252B63AC2C99F16900A362C5 /* PBXContainerItemProxy */;
		};
		252B63B72C99F16900A362C5 /* PBXTargetDependency */ = {
			isa = PBXTargetDependency;
			target = 252B639A2C99F16700A362C5 /* Saca la Bici */;
			targetProxy = 252B63B62C99F16900A362C5 /* PBXContainerItemProxy */;
		};
/* End PBXTargetDependency section */

/* Begin XCBuildConfiguration section */
		252B63BD2C99F16900A362C5 /* Debug */ = {
			isa = XCBuildConfiguration;
			buildSettings = {
				ALWAYS_SEARCH_USER_PATHS = NO;
				ASSETCATALOG_COMPILER_GENERATE_SWIFT_ASSET_SYMBOL_EXTENSIONS = YES;
				CLANG_ANALYZER_NONNULL = YES;
				CLANG_ANALYZER_NUMBER_OBJECT_CONVERSION = YES_AGGRESSIVE;
				CLANG_CXX_LANGUAGE_STANDARD = "gnu++20";
				CLANG_ENABLE_MODULES = YES;
				CLANG_ENABLE_OBJC_ARC = YES;
				CLANG_ENABLE_OBJC_WEAK = YES;
				CLANG_WARN_BLOCK_CAPTURE_AUTORELEASING = YES;
				CLANG_WARN_BOOL_CONVERSION = YES;
				CLANG_WARN_COMMA = YES;
				CLANG_WARN_CONSTANT_CONVERSION = YES;
				CLANG_WARN_DEPRECATED_OBJC_IMPLEMENTATIONS = YES;
				CLANG_WARN_DIRECT_OBJC_ISA_USAGE = YES_ERROR;
				CLANG_WARN_DOCUMENTATION_COMMENTS = YES;
				CLANG_WARN_EMPTY_BODY = YES;
				CLANG_WARN_ENUM_CONVERSION = YES;
				CLANG_WARN_INFINITE_RECURSION = YES;
				CLANG_WARN_INT_CONVERSION = YES;
				CLANG_WARN_NON_LITERAL_NULL_CONVERSION = YES;
				CLANG_WARN_OBJC_IMPLICIT_RETAIN_SELF = YES;
				CLANG_WARN_OBJC_LITERAL_CONVERSION = YES;
				CLANG_WARN_OBJC_ROOT_CLASS = YES_ERROR;
				CLANG_WARN_QUOTED_INCLUDE_IN_FRAMEWORK_HEADER = YES;
				CLANG_WARN_RANGE_LOOP_ANALYSIS = YES;
				CLANG_WARN_STRICT_PROTOTYPES = YES;
				CLANG_WARN_SUSPICIOUS_MOVE = YES;
				CLANG_WARN_UNGUARDED_AVAILABILITY = YES_AGGRESSIVE;
				CLANG_WARN_UNREACHABLE_CODE = YES;
				CLANG_WARN__DUPLICATE_METHOD_MATCH = YES;
				COPY_PHASE_STRIP = NO;
				DEBUG_INFORMATION_FORMAT = dwarf;
				ENABLE_STRICT_OBJC_MSGSEND = YES;
				ENABLE_TESTABILITY = YES;
				ENABLE_USER_SCRIPT_SANDBOXING = YES;
				GCC_C_LANGUAGE_STANDARD = gnu17;
				GCC_DYNAMIC_NO_PIC = NO;
				GCC_NO_COMMON_BLOCKS = YES;
				GCC_OPTIMIZATION_LEVEL = 0;
				GCC_PREPROCESSOR_DEFINITIONS = (
					"DEBUG=1",
					"$(inherited)",
				);
				GCC_WARN_64_TO_32_BIT_CONVERSION = YES;
				GCC_WARN_ABOUT_RETURN_TYPE = YES_ERROR;
				GCC_WARN_UNDECLARED_SELECTOR = YES;
				GCC_WARN_UNINITIALIZED_AUTOS = YES_AGGRESSIVE;
				GCC_WARN_UNUSED_FUNCTION = YES;
				GCC_WARN_UNUSED_VARIABLE = YES;
				IPHONEOS_DEPLOYMENT_TARGET = 18.0;
				LOCALIZATION_PREFERS_STRING_CATALOGS = YES;
				MTL_ENABLE_DEBUG_INFO = INCLUDE_SOURCE;
				MTL_FAST_MATH = YES;
				ONLY_ACTIVE_ARCH = YES;
				SDKROOT = iphoneos;
				SWIFT_ACTIVE_COMPILATION_CONDITIONS = "DEBUG $(inherited)";
				SWIFT_OPTIMIZATION_LEVEL = "-Onone";
			};
			name = Debug;
		};
		252B63BE2C99F16900A362C5 /* Release */ = {
			isa = XCBuildConfiguration;
			buildSettings = {
				ALWAYS_SEARCH_USER_PATHS = NO;
				ASSETCATALOG_COMPILER_GENERATE_SWIFT_ASSET_SYMBOL_EXTENSIONS = YES;
				CLANG_ANALYZER_NONNULL = YES;
				CLANG_ANALYZER_NUMBER_OBJECT_CONVERSION = YES_AGGRESSIVE;
				CLANG_CXX_LANGUAGE_STANDARD = "gnu++20";
				CLANG_ENABLE_MODULES = YES;
				CLANG_ENABLE_OBJC_ARC = YES;
				CLANG_ENABLE_OBJC_WEAK = YES;
				CLANG_WARN_BLOCK_CAPTURE_AUTORELEASING = YES;
				CLANG_WARN_BOOL_CONVERSION = YES;
				CLANG_WARN_COMMA = YES;
				CLANG_WARN_CONSTANT_CONVERSION = YES;
				CLANG_WARN_DEPRECATED_OBJC_IMPLEMENTATIONS = YES;
				CLANG_WARN_DIRECT_OBJC_ISA_USAGE = YES_ERROR;
				CLANG_WARN_DOCUMENTATION_COMMENTS = YES;
				CLANG_WARN_EMPTY_BODY = YES;
				CLANG_WARN_ENUM_CONVERSION = YES;
				CLANG_WARN_INFINITE_RECURSION = YES;
				CLANG_WARN_INT_CONVERSION = YES;
				CLANG_WARN_NON_LITERAL_NULL_CONVERSION = YES;
				CLANG_WARN_OBJC_IMPLICIT_RETAIN_SELF = YES;
				CLANG_WARN_OBJC_LITERAL_CONVERSION = YES;
				CLANG_WARN_OBJC_ROOT_CLASS = YES_ERROR;
				CLANG_WARN_QUOTED_INCLUDE_IN_FRAMEWORK_HEADER = YES;
				CLANG_WARN_RANGE_LOOP_ANALYSIS = YES;
				CLANG_WARN_STRICT_PROTOTYPES = YES;
				CLANG_WARN_SUSPICIOUS_MOVE = YES;
				CLANG_WARN_UNGUARDED_AVAILABILITY = YES_AGGRESSIVE;
				CLANG_WARN_UNREACHABLE_CODE = YES;
				CLANG_WARN__DUPLICATE_METHOD_MATCH = YES;
				COPY_PHASE_STRIP = NO;
				DEBUG_INFORMATION_FORMAT = "dwarf-with-dsym";
				ENABLE_NS_ASSERTIONS = NO;
				ENABLE_STRICT_OBJC_MSGSEND = YES;
				ENABLE_USER_SCRIPT_SANDBOXING = YES;
				GCC_C_LANGUAGE_STANDARD = gnu17;
				GCC_NO_COMMON_BLOCKS = YES;
				GCC_WARN_64_TO_32_BIT_CONVERSION = YES;
				GCC_WARN_ABOUT_RETURN_TYPE = YES_ERROR;
				GCC_WARN_UNDECLARED_SELECTOR = YES;
				GCC_WARN_UNINITIALIZED_AUTOS = YES_AGGRESSIVE;
				GCC_WARN_UNUSED_FUNCTION = YES;
				GCC_WARN_UNUSED_VARIABLE = YES;
				IPHONEOS_DEPLOYMENT_TARGET = 18.0;
				LOCALIZATION_PREFERS_STRING_CATALOGS = YES;
				MTL_ENABLE_DEBUG_INFO = NO;
				MTL_FAST_MATH = YES;
				SDKROOT = iphoneos;
				SWIFT_COMPILATION_MODE = wholemodule;
				VALIDATE_PRODUCT = YES;
			};
			name = Release;
		};
		252B63C02C99F16900A362C5 /* Debug */ = {
			isa = XCBuildConfiguration;
			buildSettings = {
				ASSETCATALOG_COMPILER_APPICON_NAME = AppIcon;
				ASSETCATALOG_COMPILER_GLOBAL_ACCENT_COLOR_NAME = AccentColor;
				CODE_SIGN_ENTITLEMENTS = "Saca la Bici/Saca la Bici.entitlements";
				"CODE_SIGN_IDENTITY[sdk=iphoneos*]" = "iPhone Developer";
				CODE_SIGN_STYLE = Manual;
				CURRENT_PROJECT_VERSION = 2;
				DEVELOPMENT_ASSET_PATHS = "\"Saca la Bici/Preview Content\"";
				DEVELOPMENT_TEAM = "";
				"DEVELOPMENT_TEAM[sdk=iphoneos*]" = G236Y8PA2F;
				ENABLE_PREVIEWS = YES;
				ENABLE_USER_SCRIPT_SANDBOXING = NO;
				GENERATE_INFOPLIST_FILE = YES;
				INFOPLIST_FILE = "Saca-la-Bici-Info.plist";
				INFOPLIST_KEY_NSCameraUsageDescription = "";
				INFOPLIST_KEY_UIApplicationSceneManifest_Generation = YES;
				INFOPLIST_KEY_UIApplicationSupportsIndirectInputEvents = YES;
				INFOPLIST_KEY_UILaunchScreen_Generation = YES;
				INFOPLIST_KEY_UIRequiresFullScreen = YES;
				INFOPLIST_KEY_UISupportedInterfaceOrientations = "UIInterfaceOrientationPortrait UIInterfaceOrientationPortraitUpsideDown";
				IPHONEOS_DEPLOYMENT_TARGET = 17.0;
				LD_RUNPATH_SEARCH_PATHS = (
					"$(inherited)",
					"@executable_path/Frameworks",
				);
				MARKETING_VERSION = 0.3;
				PRODUCT_BUNDLE_IDENTIFIER = com.sacalabici.sacalabici;
				PRODUCT_NAME = "$(TARGET_NAME)";
				PROVISIONING_PROFILE_SPECIFIER = "";
				"PROVISIONING_PROFILE_SPECIFIER[sdk=iphoneos*]" = "SacaLaBici-Desarrollo";
				SWIFT_EMIT_LOC_STRINGS = YES;
				SWIFT_VERSION = 5.0;
				TARGETED_DEVICE_FAMILY = "1,2";
			};
			name = Debug;
		};
		252B63C12C99F16900A362C5 /* Release */ = {
			isa = XCBuildConfiguration;
			buildSettings = {
				ASSETCATALOG_COMPILER_APPICON_NAME = AppIcon;
				ASSETCATALOG_COMPILER_GLOBAL_ACCENT_COLOR_NAME = AccentColor;
				CODE_SIGN_ENTITLEMENTS = "Saca la Bici/Saca la Bici.entitlements";
				"CODE_SIGN_IDENTITY[sdk=iphoneos*]" = "iPhone Developer";
				CODE_SIGN_STYLE = Manual;
				CURRENT_PROJECT_VERSION = 2;
				DEVELOPMENT_ASSET_PATHS = "\"Saca la Bici/Preview Content\"";
				DEVELOPMENT_TEAM = "";
				"DEVELOPMENT_TEAM[sdk=iphoneos*]" = G236Y8PA2F;
				ENABLE_PREVIEWS = YES;
				ENABLE_USER_SCRIPT_SANDBOXING = NO;
				GENERATE_INFOPLIST_FILE = YES;
				INFOPLIST_FILE = "Saca-la-Bici-Info.plist";
				INFOPLIST_KEY_NSCameraUsageDescription = "";
				INFOPLIST_KEY_UIApplicationSceneManifest_Generation = YES;
				INFOPLIST_KEY_UIApplicationSupportsIndirectInputEvents = YES;
				INFOPLIST_KEY_UILaunchScreen_Generation = YES;
				INFOPLIST_KEY_UIRequiresFullScreen = YES;
				INFOPLIST_KEY_UISupportedInterfaceOrientations = "UIInterfaceOrientationPortrait UIInterfaceOrientationPortraitUpsideDown";
				IPHONEOS_DEPLOYMENT_TARGET = 17.0;
				LD_RUNPATH_SEARCH_PATHS = (
					"$(inherited)",
					"@executable_path/Frameworks",
				);
				MARKETING_VERSION = 0.3;
				PRODUCT_BUNDLE_IDENTIFIER = com.sacalabici.sacalabici;
				PRODUCT_NAME = "$(TARGET_NAME)";
				PROVISIONING_PROFILE_SPECIFIER = "";
				"PROVISIONING_PROFILE_SPECIFIER[sdk=iphoneos*]" = "SacaLaBici-Desarrollo";
				SWIFT_EMIT_LOC_STRINGS = YES;
				SWIFT_VERSION = 5.0;
				TARGETED_DEVICE_FAMILY = "1,2";
			};
			name = Release;
		};
		252B63C32C99F16900A362C5 /* Debug */ = {
			isa = XCBuildConfiguration;
			buildSettings = {
				BUNDLE_LOADER = "$(TEST_HOST)";
				"CODE_SIGN_IDENTITY[sdk=iphoneos*]" = "iPhone Developer";
				CODE_SIGN_STYLE = Manual;
				CURRENT_PROJECT_VERSION = 1;
				DEVELOPMENT_TEAM = "";
				"DEVELOPMENT_TEAM[sdk=iphoneos*]" = G236Y8PA2F;
				GENERATE_INFOPLIST_FILE = YES;
				IPHONEOS_DEPLOYMENT_TARGET = 18.0;
				MARKETING_VERSION = 1.0;
				PRODUCT_BUNDLE_IDENTIFIER = com.sacalabici.sacalabici;
				PRODUCT_NAME = "$(TARGET_NAME)";
				PROVISIONING_PROFILE_SPECIFIER = "";
				"PROVISIONING_PROFILE_SPECIFIER[sdk=iphoneos*]" = "SacaLaBici-Desarrollo";
				SWIFT_EMIT_LOC_STRINGS = NO;
				SWIFT_VERSION = 5.0;
				TARGETED_DEVICE_FAMILY = "1,2";
				TEST_HOST = "$(BUILT_PRODUCTS_DIR)/Saca la Bici.app/$(BUNDLE_EXECUTABLE_FOLDER_PATH)/Saca la Bici";
			};
			name = Debug;
		};
		252B63C42C99F16900A362C5 /* Release */ = {
			isa = XCBuildConfiguration;
			buildSettings = {
				BUNDLE_LOADER = "$(TEST_HOST)";
				"CODE_SIGN_IDENTITY[sdk=iphoneos*]" = "iPhone Developer";
				CODE_SIGN_STYLE = Manual;
				CURRENT_PROJECT_VERSION = 1;
				DEVELOPMENT_TEAM = "";
				"DEVELOPMENT_TEAM[sdk=iphoneos*]" = G236Y8PA2F;
				GENERATE_INFOPLIST_FILE = YES;
				IPHONEOS_DEPLOYMENT_TARGET = 18.0;
				MARKETING_VERSION = 1.0;
				PRODUCT_BUNDLE_IDENTIFIER = com.sacalabici.sacalabici;
				PRODUCT_NAME = "$(TARGET_NAME)";
				PROVISIONING_PROFILE_SPECIFIER = "";
				"PROVISIONING_PROFILE_SPECIFIER[sdk=iphoneos*]" = "SacaLaBici-Desarrollo";
				SWIFT_EMIT_LOC_STRINGS = NO;
				SWIFT_VERSION = 5.0;
				TARGETED_DEVICE_FAMILY = "1,2";
				TEST_HOST = "$(BUILT_PRODUCTS_DIR)/Saca la Bici.app/$(BUNDLE_EXECUTABLE_FOLDER_PATH)/Saca la Bici";
			};
			name = Release;
		};
		252B63C62C99F16900A362C5 /* Debug */ = {
			isa = XCBuildConfiguration;
			buildSettings = {
				"CODE_SIGN_IDENTITY[sdk=iphoneos*]" = "iPhone Developer";
				CODE_SIGN_STYLE = Manual;
				CURRENT_PROJECT_VERSION = 1;
				DEVELOPMENT_TEAM = "";
				"DEVELOPMENT_TEAM[sdk=iphoneos*]" = G236Y8PA2F;
				GENERATE_INFOPLIST_FILE = YES;
				MARKETING_VERSION = 1.0;
				PRODUCT_BUNDLE_IDENTIFIER = com.sacalabici.sacalabici;
				PRODUCT_NAME = "$(TARGET_NAME)";
				PROVISIONING_PROFILE_SPECIFIER = "";
				"PROVISIONING_PROFILE_SPECIFIER[sdk=iphoneos*]" = "SacaLaBici-Desarrollo";
				SWIFT_EMIT_LOC_STRINGS = NO;
				SWIFT_VERSION = 5.0;
				TARGETED_DEVICE_FAMILY = "1,2";
				TEST_TARGET_NAME = "Saca la Bici";
			};
			name = Debug;
		};
		252B63C72C99F16900A362C5 /* Release */ = {
			isa = XCBuildConfiguration;
			buildSettings = {
				"CODE_SIGN_IDENTITY[sdk=iphoneos*]" = "iPhone Developer";
				CODE_SIGN_STYLE = Manual;
				CURRENT_PROJECT_VERSION = 1;
				DEVELOPMENT_TEAM = "";
				"DEVELOPMENT_TEAM[sdk=iphoneos*]" = G236Y8PA2F;
				GENERATE_INFOPLIST_FILE = YES;
				MARKETING_VERSION = 1.0;
				PRODUCT_BUNDLE_IDENTIFIER = com.sacalabici.sacalabici;
				PRODUCT_NAME = "$(TARGET_NAME)";
				PROVISIONING_PROFILE_SPECIFIER = "";
				"PROVISIONING_PROFILE_SPECIFIER[sdk=iphoneos*]" = "SacaLaBici-Desarrollo";
				SWIFT_EMIT_LOC_STRINGS = NO;
				SWIFT_VERSION = 5.0;
				TARGETED_DEVICE_FAMILY = "1,2";
				TEST_TARGET_NAME = "Saca la Bici";
			};
			name = Release;
		};
/* End XCBuildConfiguration section */

/* Begin XCConfigurationList section */
		252B63962C99F16700A362C5 /* Build configuration list for PBXProject "Saca la Bici" */ = {
			isa = XCConfigurationList;
			buildConfigurations = (
				252B63BD2C99F16900A362C5 /* Debug */,
				252B63BE2C99F16900A362C5 /* Release */,
			);
			defaultConfigurationIsVisible = 0;
			defaultConfigurationName = Release;
		};
		252B63BF2C99F16900A362C5 /* Build configuration list for PBXNativeTarget "Saca la Bici" */ = {
			isa = XCConfigurationList;
			buildConfigurations = (
				252B63C02C99F16900A362C5 /* Debug */,
				252B63C12C99F16900A362C5 /* Release */,
			);
			defaultConfigurationIsVisible = 0;
			defaultConfigurationName = Release;
		};
		252B63C22C99F16900A362C5 /* Build configuration list for PBXNativeTarget "Saca la BiciTests" */ = {
			isa = XCConfigurationList;
			buildConfigurations = (
				252B63C32C99F16900A362C5 /* Debug */,
				252B63C42C99F16900A362C5 /* Release */,
			);
			defaultConfigurationIsVisible = 0;
			defaultConfigurationName = Release;
		};
		252B63C52C99F16900A362C5 /* Build configuration list for PBXNativeTarget "Saca la BiciUITests" */ = {
			isa = XCConfigurationList;
			buildConfigurations = (
				252B63C62C99F16900A362C5 /* Debug */,
				252B63C72C99F16900A362C5 /* Release */,
			);
			defaultConfigurationIsVisible = 0;
			defaultConfigurationName = Release;
		};
/* End XCConfigurationList section */

/* Begin XCRemoteSwiftPackageReference section */
		2510D20C2CB050F6004C29CC /* XCRemoteSwiftPackageReference "DurationPicker" */ = {
			isa = XCRemoteSwiftPackageReference;
			repositoryURL = "https://github.com/mac-gallagher/DurationPicker.git";
			requirement = {
				kind = upToNextMajorVersion;
				minimumVersion = 1.0.2;
			};
		};
		2510D20F2CB060E7004C29CC /* XCRemoteSwiftPackageReference "SDWebImageSwiftUI" */ = {
			isa = XCRemoteSwiftPackageReference;
			repositoryURL = "https://github.com/SDWebImage/SDWebImageSwiftUI";
			requirement = {
				kind = upToNextMajorVersion;
				minimumVersion = 3.1.2;
			};
		};
		252B64F12C99FF1000A362C5 /* XCRemoteSwiftPackageReference "Alamofire" */ = {
			isa = XCRemoteSwiftPackageReference;
			repositoryURL = "https://github.com/Alamofire/Alamofire.git";
			requirement = {
				kind = upToNextMajorVersion;
				minimumVersion = 5.9.1;
			};
		};
		252B64F42C99FFBD00A362C5 /* XCRemoteSwiftPackageReference "firebase-ios-sdk" */ = {
			isa = XCRemoteSwiftPackageReference;
			repositoryURL = "https://github.com/firebase/firebase-ios-sdk";
			requirement = {
				kind = upToNextMajorVersion;
				minimumVersion = 11.2.0;
			};
		};
		252B64F92C99FFE200A362C5 /* XCRemoteSwiftPackageReference "GoogleSignIn-iOS" */ = {
			isa = XCRemoteSwiftPackageReference;
			repositoryURL = "https://github.com/google/GoogleSignIn-iOS";
			requirement = {
				kind = upToNextMajorVersion;
				minimumVersion = 8.0.0;
			};
		};
/* End XCRemoteSwiftPackageReference section */

/* Begin XCSwiftPackageProductDependency section */
		2510D20D2CB050F6004C29CC /* DurationPicker */ = {
			isa = XCSwiftPackageProductDependency;
			package = 2510D20C2CB050F6004C29CC /* XCRemoteSwiftPackageReference "DurationPicker" */;
			productName = DurationPicker;
		};
		2510D2102CB060E7004C29CC /* SDWebImageSwiftUI */ = {
			isa = XCSwiftPackageProductDependency;
			package = 2510D20F2CB060E7004C29CC /* XCRemoteSwiftPackageReference "SDWebImageSwiftUI" */;
			productName = SDWebImageSwiftUI;
		};
		252B64F22C99FF1000A362C5 /* Alamofire */ = {
			isa = XCSwiftPackageProductDependency;
			package = 252B64F12C99FF1000A362C5 /* XCRemoteSwiftPackageReference "Alamofire" */;
			productName = Alamofire;
		};
		252B64F52C99FFBD00A362C5 /* FirebaseAuth */ = {
			isa = XCSwiftPackageProductDependency;
			package = 252B64F42C99FFBD00A362C5 /* XCRemoteSwiftPackageReference "firebase-ios-sdk" */;
			productName = FirebaseAuth;
		};
		252B64F72C99FFBD00A362C5 /* FirebaseAuthCombine-Community */ = {
			isa = XCSwiftPackageProductDependency;
			package = 252B64F42C99FFBD00A362C5 /* XCRemoteSwiftPackageReference "firebase-ios-sdk" */;
			productName = "FirebaseAuthCombine-Community";
		};
		252B64FA2C99FFE200A362C5 /* GoogleSignIn */ = {
			isa = XCSwiftPackageProductDependency;
			package = 252B64F92C99FFE200A362C5 /* XCRemoteSwiftPackageReference "GoogleSignIn-iOS" */;
			productName = GoogleSignIn;
		};
		252B64FC2C99FFE200A362C5 /* GoogleSignInSwift */ = {
			isa = XCSwiftPackageProductDependency;
			package = 252B64F92C99FFE200A362C5 /* XCRemoteSwiftPackageReference "GoogleSignIn-iOS" */;
			productName = GoogleSignInSwift;
		};
		25A7BE5F2CA775CF00FCB8B6 /* FirebaseMessaging */ = {
			isa = XCSwiftPackageProductDependency;
			package = 252B64F42C99FFBD00A362C5 /* XCRemoteSwiftPackageReference "firebase-ios-sdk" */;
			productName = FirebaseMessaging;
		};
/* End XCSwiftPackageProductDependency section */
	};
	rootObject = 252B63932C99F16700A362C5 /* Project object */;
}
